// !$*UTF8*$!
{
	archiveVersion = 1;
	classes = {
	};
	objectVersion = 39;
	objects = {
		052C40FD060FEB4600645BB0 = {
			buildPhases = (
				052C40FE060FEB4600645BB0,
				052C4106060FEB4600645BB0,
				052C411A060FEB4600645BB0,
				052C4122060FEB4600645BB0,
			);
			buildRules = (
			);
			buildSettings = {
				CURRENT_PROJECT_VERSION = 5;
				FRAMEWORK_SEARCH_PATHS = "";
				GCC_OPTIMIZATION_LEVEL = 0;
				GCC_PRECOMPILE_PREFIX_HEADER = YES;
				GCC_PREFIX_HEADER = Source/Precomp.h;
				GCC_USE_GCC3_PFE_SUPPORT = YES;
				HEADER_SEARCH_PATHS = "";
				INFOPLIST_FILE = "Info-SlimServer_Remote__Upgraded_.plist";
				INSTALL_PATH = "$(HOME)/Applications";
				LIBRARY_SEARCH_PATHS = "";
				OTHER_CFLAGS = "";
				OTHER_LDFLAGS = "";
				PRODUCT_NAME = "SlimServer Remote";
				SECTORDER_FLAGS = "";
				VERSIONING_SYSTEM = "apple-generic";
				WARNING_CFLAGS = "-Wmost -Wno-four-char-constants -Wno-unknown-pragmas";
				WRAPPER_EXTENSION = app;
			};
			dependencies = (
			);
			isa = PBXNativeTarget;
			name = "SlimServer Remote";
			productInstallPath = "$(HOME)/Applications";
			productName = SlimServerRemote;
			productReference = 054597D4060FF482002A525E;
			productType = "com.apple.product-type.application";
		};
		052C40FE060FEB4600645BB0 = {
			buildActionMask = 2147483647;
			files = (
				052C40FF060FEB4600645BB0,
				052C4100060FEB4600645BB0,
				052C4101060FEB4600645BB0,
				052C4102060FEB4600645BB0,
				052C4103060FEB4600645BB0,
				052C4104060FEB4600645BB0,
				052C4105060FEB4600645BB0,
			);
			isa = PBXHeadersBuildPhase;
			runOnlyForDeploymentPostprocessing = 0;
		};
		052C40FF060FEB4600645BB0 = {
			fileRef = F5A21D2203A29B0D01FCA1B2;
			isa = PBXBuildFile;
			settings = {
			};
		};
		052C4100060FEB4600645BB0 = {
			fileRef = F5A21D2503A29CF701FCA1B2;
			isa = PBXBuildFile;
			settings = {
			};
		};
		052C4101060FEB4600645BB0 = {
			fileRef = F5E8E16F03AEB35B01A80166;
			isa = PBXBuildFile;
			settings = {
			};
		};
		052C4102060FEB4600645BB0 = {
			fileRef = 55CFC75A03BE358000A80165;
			isa = PBXBuildFile;
			settings = {
			};
		};
		052C4103060FEB4600645BB0 = {
			fileRef = 55C86B4B03D71CB100A80004;
			isa = PBXBuildFile;
			settings = {
			};
		};
		052C4104060FEB4600645BB0 = {
			fileRef = 5586AB6403D8BEE700A80004;
			isa = PBXBuildFile;
			settings = {
			};
		};
		052C4105060FEB4600645BB0 = {
			fileRef = 4ADC896E05DEA1B0001882E9;
			isa = PBXBuildFile;
			settings = {
			};
		};
		052C4106060FEB4600645BB0 = {
			buildActionMask = 2147483647;
			files = (
				052C4107060FEB4600645BB0,
				052C4108060FEB4600645BB0,
				052C4109060FEB4600645BB0,
				052C410A060FEB4600645BB0,
				052C410B060FEB4600645BB0,
				052C410C060FEB4600645BB0,
				052C410D060FEB4600645BB0,
				052C410E060FEB4600645BB0,
				052C410F060FEB4600645BB0,
				052C4110060FEB4600645BB0,
				052C4111060FEB4600645BB0,
				052C4112060FEB4600645BB0,
				052C4113060FEB4600645BB0,
				052C4114060FEB4600645BB0,
				052C4115060FEB4600645BB0,
				052C4116060FEB4600645BB0,
				052C4117060FEB4600645BB0,
				052C4118060FEB4600645BB0,
				056DA537060FF9E8009C02A4,
			);
			isa = PBXResourcesBuildPhase;
			runOnlyForDeploymentPostprocessing = 0;
		};
		052C4107060FEB4600645BB0 = {
			fileRef = 29B97318FDCFA39411CA2CEA;
			isa = PBXBuildFile;
			settings = {
			};
		};
		052C4108060FEB4600645BB0 = {
			fileRef = 089C165CFE840E0CC02AAC07;
			isa = PBXBuildFile;
			settings = {
			};
		};
		052C4109060FEB4600645BB0 = {
			fileRef = F5516DEF03AD420201A80166;
			isa = PBXBuildFile;
			settings = {
			};
		};
		052C410A060FEB4600645BB0 = {
			fileRef = F5516DF103AD4C9A01A80166;
			isa = PBXBuildFile;
			settings = {
			};
		};
		052C410B060FEB4600645BB0 = {
			fileRef = F5516DF303AD522801A80166;
			isa = PBXBuildFile;
			settings = {
			};
		};
		052C410C060FEB4600645BB0 = {
			fileRef = F5516DF503AD52FF01A80166;
			isa = PBXBuildFile;
			settings = {
			};
		};
		052C410D060FEB4600645BB0 = {
			fileRef = F5516DF703AD562A01A80166;
			isa = PBXBuildFile;
			settings = {
			};
		};
		052C410E060FEB4600645BB0 = {
			fileRef = F5E8E16C03AEB1DA01A80166;
			isa = PBXBuildFile;
			settings = {
			};
		};
		052C410F060FEB4600645BB0 = {
			fileRef = 55E20B3603C23AB100A80165;
			isa = PBXBuildFile;
			settings = {
			};
		};
		052C4110060FEB4600645BB0 = {
			fileRef = 553DCBE603CCD97400A80165;
			isa = PBXBuildFile;
			settings = {
			};
		};
		052C4111060FEB4600645BB0 = {
			fileRef = 55C86A9A03D6053700A80004;
			isa = PBXBuildFile;
			settings = {
			};
		};
		052C4112060FEB4600645BB0 = {
			fileRef = 55C86A9B03D6053700A80004;
			isa = PBXBuildFile;
			settings = {
			};
		};
		052C4113060FEB4600645BB0 = {
			fileRef = 55C86A9C03D6053700A80004;
			isa = PBXBuildFile;
			settings = {
			};
		};
		052C4114060FEB4600645BB0 = {
			fileRef = 55C86A9D03D6053700A80004;
			isa = PBXBuildFile;
			settings = {
			};
		};
		052C4115060FEB4600645BB0 = {
			fileRef = 55C86A9E03D6053700A80004;
			isa = PBXBuildFile;
			settings = {
			};
		};
		052C4116060FEB4600645BB0 = {
			fileRef = 55C86AA403D60A4100A80004;
			isa = PBXBuildFile;
			settings = {
			};
		};
		052C4117060FEB4600645BB0 = {
			fileRef = 5586AB6003D8BD1100A80004;
			isa = PBXBuildFile;
			settings = {
			};
		};
		052C4118060FEB4600645BB0 = {
			fileRef = 55AF35EB03EDD79B0095DD97;
			isa = PBXBuildFile;
			settings = {
			};
		};
		052C411A060FEB4600645BB0 = {
			buildActionMask = 2147483647;
			files = (
				052C411B060FEB4600645BB0,
				052C411C060FEB4600645BB0,
				052C411D060FEB4600645BB0,
				052C411E060FEB4600645BB0,
				052C411F060FEB4600645BB0,
				052C4120060FEB4600645BB0,
				052C4121060FEB4600645BB0,
			);
			isa = PBXSourcesBuildPhase;
			runOnlyForDeploymentPostprocessing = 0;
		};
		052C411B060FEB4600645BB0 = {
			fileRef = 29B97316FDCFA39411CA2CEA;
			isa = PBXBuildFile;
			settings = {
				ATTRIBUTES = (
				);
			};
		};
		052C411C060FEB4600645BB0 = {
			fileRef = F5A21D2103A29B0D01FCA1B2;
			isa = PBXBuildFile;
			settings = {
			};
		};
		052C411D060FEB4600645BB0 = {
			fileRef = F5E8E17003AEB35B01A80166;
			isa = PBXBuildFile;
			settings = {
			};
		};
		052C411E060FEB4600645BB0 = {
			fileRef = 55CFC75B03BE358000A80165;
			isa = PBXBuildFile;
			settings = {
			};
		};
		052C411F060FEB4600645BB0 = {
			fileRef = 55C86B4C03D71CB100A80004;
			isa = PBXBuildFile;
			settings = {
			};
		};
		052C4120060FEB4600645BB0 = {
			fileRef = 5586AB6303D8BEE700A80004;
			isa = PBXBuildFile;
			settings = {
			};
		};
		052C4121060FEB4600645BB0 = {
			fileRef = 4ADC896F05DEA1B0001882E9;
			isa = PBXBuildFile;
			settings = {
			};
		};
		052C4122060FEB4600645BB0 = {
			buildActionMask = 2147483647;
			files = (
				052C4123060FEB4600645BB0,
				052C4124060FEB4600645BB0,
			);
			isa = PBXFrameworksBuildPhase;
			runOnlyForDeploymentPostprocessing = 0;
		};
		052C4123060FEB4600645BB0 = {
			fileRef = 1058C7A1FEA54F0111CA2CBB;
			isa = PBXBuildFile;
			settings = {
			};
		};
		052C4124060FEB4600645BB0 = {
			fileRef = F5516CA703AD1CA801A80166;
			isa = PBXBuildFile;
			settings = {
			};
		};
		052C4126060FEB4600645BB0 = {
			isa = PBXFileReference;
			lastKnownFileType = text.plist.xml;
			path = "Info-SlimServer_Remote__Upgraded_.plist";
			refType = 4;
			sourceTree = "<group>";
		};
		054597D4060FF482002A525E = {
			explicitFileType = wrapper.application;
			includeInIndex = 0;
			isa = PBXFileReference;
			path = "SlimServer Remote.app";
			refType = 3;
			sourceTree = BUILT_PRODUCTS_DIR;
		};
		056DA536060FF9E8009C02A4 = {
			isa = PBXFileReference;
			lastKnownFileType = image.icns;
			path = SlimRemote.icns;
			refType = 4;
			sourceTree = "<group>";
		};
		056DA537060FF9E8009C02A4 = {
			fileRef = 056DA536060FF9E8009C02A4;
			isa = PBXBuildFile;
			settings = {
			};
		};
//050
//051
//052
//053
//054
//080
//081
//082
//083
//084
		080E96DDFE201D6D7F000001 = {
			children = (
				F5A21D2503A29CF701FCA1B2,
				29B97316FDCFA39411CA2CEA,
				55C86B4B03D71CB100A80004,
				55C86B4C03D71CB100A80004,
				F5A21D2203A29B0D01FCA1B2,
				F5A21D2103A29B0D01FCA1B2,
				F5E8E16F03AEB35B01A80166,
				F5E8E17003AEB35B01A80166,
				4ADC896E05DEA1B0001882E9,
				4ADC896F05DEA1B0001882E9,
				55CFC75A03BE358000A80165,
				55CFC75B03BE358000A80165,
				5586AB6403D8BEE700A80004,
				5586AB6303D8BEE700A80004,
			);
			isa = PBXGroup;
			path = Source;
			refType = 4;
			sourceTree = "<group>";
		};
		089C165CFE840E0CC02AAC07 = {
			children = (
				089C165DFE840E0CC02AAC07,
			);
			isa = PBXVariantGroup;
			name = InfoPlist.strings;
			refType = 4;
			sourceTree = "<group>";
		};
		089C165DFE840E0CC02AAC07 = {
			fileEncoding = 10;
			isa = PBXFileReference;
			lastKnownFileType = text.plist.strings;
			name = English;
			path = English.lproj/InfoPlist.strings;
			refType = 4;
			sourceTree = "<group>";
		};
//080
//081
//082
//083
//084
//100
//101
//102
//103
//104
		1058C7A1FEA54F0111CA2CBB = {
			fallbackIsa = PBXFileReference;
			isa = PBXFrameworkReference;
			lastKnownFileType = wrapper.framework;
			name = Cocoa.framework;
			path = /System/Library/Frameworks/Cocoa.framework;
			refType = 0;
			sourceTree = "<absolute>";
		};
//100
//101
//102
//103
//104
//190
//191
//192
//193
//194
		19C28FACFE9D520D11CA2CBB = {
			children = (
				054597D4060FF482002A525E,
			);
			isa = PBXGroup;
			name = Products;
			refType = 4;
			sourceTree = "<group>";
		};
//190
//191
//192
//193
//194
//290
//291
//292
//293
//294
		29B97313FDCFA39411CA2CEA = {
			buildSettings = {
			};
			buildStyles = (
				4A9504CCFFE6A4B311CA0CBA,
				4A9504CDFFE6A4B311CA0CBA,
			);
			hasScannedForEncodings = 1;
			isa = PBXProject;
			mainGroup = 29B97314FDCFA39411CA2CEA;
			projectDirPath = "";
			targets = (
				052C40FD060FEB4600645BB0,
			);
		};
		29B97314FDCFA39411CA2CEA = {
			children = (
				080E96DDFE201D6D7F000001,
				29B97317FDCFA39411CA2CEA,
				29B97323FDCFA39411CA2CEA,
				19C28FACFE9D520D11CA2CBB,
				052C4126060FEB4600645BB0,
			);
			isa = PBXGroup;
			name = SlimServerRemote;
			path = "";
			refType = 4;
			sourceTree = "<group>";
		};
		29B97316FDCFA39411CA2CEA = {
			fileEncoding = 30;
			isa = PBXFileReference;
			lastKnownFileType = sourcecode.c.objc;
			path = main.m;
			refType = 4;
			sourceTree = "<group>";
		};
		29B97317FDCFA39411CA2CEA = {
			children = (
				29B97318FDCFA39411CA2CEA,
				55C86AA403D60A4100A80004,
				553DCBE603CCD97400A80165,
				F5E8E16C03AEB1DA01A80166,
				089C165CFE840E0CC02AAC07,
				F5516DEF03AD420201A80166,
				056DA536060FF9E8009C02A4,
				F5516DF103AD4C9A01A80166,
				F5516DF303AD522801A80166,
				F5516DF503AD52FF01A80166,
				F5516DF703AD562A01A80166,
				55C86A9A03D6053700A80004,
				55C86A9B03D6053700A80004,
				55C86A9C03D6053700A80004,
				55C86A9D03D6053700A80004,
				55C86A9E03D6053700A80004,
				55AF35EB03EDD79B0095DD97,
				55E20B3603C23AB100A80165,
				5586AB6003D8BD1100A80004,
			);
			isa = PBXGroup;
			path = Resources;
			refType = 2;
			sourceTree = SOURCE_ROOT;
		};
		29B97318FDCFA39411CA2CEA = {
			children = (
				29B97319FDCFA39411CA2CEA,
			);
			isa = PBXVariantGroup;
			name = MainMenu.nib;
			path = "";
			refType = 4;
			sourceTree = "<group>";
		};
		29B97319FDCFA39411CA2CEA = {
			isa = PBXFileReference;
			lastKnownFileType = wrapper.nib;
			name = English;
			path = English.lproj/MainMenu.nib;
			refType = 4;
			sourceTree = "<group>";
		};
		29B97323FDCFA39411CA2CEA = {
			children = (
				1058C7A1FEA54F0111CA2CBB,
				F5516CA703AD1CA801A80166,
			);
			isa = PBXGroup;
			name = Frameworks;
			path = "";
			refType = 4;
			sourceTree = "<group>";
		};
//290
//291
//292
//293
//294
//4A0
//4A1
//4A2
//4A3
//4A4
		4A9504CCFFE6A4B311CA0CBA = {
			buildRules = (
			);
			buildSettings = {
				COPY_PHASE_STRIP = NO;
				GCC_DYNAMIC_NO_PIC = NO;
				GCC_ENABLE_FIX_AND_CONTINUE = YES;
				GCC_GENERATE_DEBUGGING_SYMBOLS = YES;
				GCC_OPTIMIZATION_LEVEL = 0;
				OPTIMIZATION_CFLAGS = "-O0";
				OTHER_CFLAGS = "\U0001-DDEBUG=1";
				ZERO_LINK = YES;
			};
			isa = PBXBuildStyle;
			name = Development;
		};
		4A9504CDFFE6A4B311CA0CBA = {
			buildRules = (
			);
			buildSettings = {
				COPY_PHASE_STRIP = YES;
				DEBUGGING_SYMBOLS = NO;
				DEPLOYMENT_POSTPROCESSING = YES;
				GCC_ENABLE_FIX_AND_CONTINUE = NO;
				OPTIMIZATION_CFLAGS = "-Os";
				ZERO_LINK = NO;
			};
			isa = PBXBuildStyle;
			name = Deployment;
		};
		4ADC896E05DEA1B0001882E9 = {
			fileEncoding = 30;
			isa = PBXFileReference;
			lastKnownFileType = sourcecode.c.h;
			path = SlimConnection.h;
			refType = 4;
			sourceTree = "<group>";
		};
		4ADC896F05DEA1B0001882E9 = {
			fileEncoding = 30;
			isa = PBXFileReference;
			lastKnownFileType = sourcecode.cpp.objcpp;
			path = SlimConnection.mm;
			refType = 4;
			sourceTree = "<group>";
		};
//4A0
//4A1
//4A2
//4A3
//4A4
//550
//551
//552
//553
//554
		553DCBE603CCD97400A80165 = {
			children = (
				553DCBE703CCD97400A80165,
			);
			isa = PBXVariantGroup;
			name = SmallWindow.nib;
			path = "";
			refType = 4;
			sourceTree = "<group>";
		};
		553DCBE703CCD97400A80165 = {
			isa = PBXFileReference;
			lastKnownFileType = wrapper.nib;
			name = English;
			path = English.lproj/SmallWindow.nib;
			refType = 4;
			sourceTree = "<group>";
		};
		5586AB6003D8BD1100A80004 = {
			children = (
				5586AB6103D8BD1100A80004,
			);
			isa = PBXVariantGroup;
			name = DisplayTextPanel.nib;
			path = "";
			refType = 4;
			sourceTree = "<group>";
		};
		5586AB6103D8BD1100A80004 = {
			isa = PBXFileReference;
			lastKnownFileType = wrapper.nib;
			name = English;
			path = English.lproj/DisplayTextPanel.nib;
			refType = 4;
			sourceTree = "<group>";
		};
		5586AB6303D8BEE700A80004 = {
			fileEncoding = 30;
			isa = PBXFileReference;
			lastKnownFileType = sourcecode.c.objc;
			path = DisplayTextController.m;
			refType = 4;
			sourceTree = "<group>";
		};
		5586AB6403D8BEE700A80004 = {
			fileEncoding = 30;
			isa = PBXFileReference;
			lastKnownFileType = sourcecode.c.h;
			path = DisplayTextController.h;
			refType = 4;
			sourceTree = "<group>";
		};
		55AF35EB03EDD79B0095DD97 = {
			isa = PBXFileReference;
			lastKnownFileType = image.tiff;
			path = speaker.tiff;
			refType = 4;
			sourceTree = "<group>";
		};
		55C86A9A03D6053700A80004 = {
			isa = PBXFileReference;
			lastKnownFileType = image.icns;
			path = "Next small.icns";
			refType = 4;
			sourceTree = "<group>";
		};
		55C86A9B03D6053700A80004 = {
			isa = PBXFileReference;
			lastKnownFileType = image.icns;
			path = "Pause small.icns";
			refType = 4;
			sourceTree = "<group>";
		};
		55C86A9C03D6053700A80004 = {
			isa = PBXFileReference;
			lastKnownFileType = image.icns;
			path = "Play small.icns";
			refType = 4;
			sourceTree = "<group>";
		};
		55C86A9D03D6053700A80004 = {
			isa = PBXFileReference;
			lastKnownFileType = image.icns;
			path = "Power small.icns";
			refType = 4;
			sourceTree = "<group>";
		};
		55C86A9E03D6053700A80004 = {
			isa = PBXFileReference;
			lastKnownFileType = image.icns;
			path = "Prev small.icns";
			refType = 4;
			sourceTree = "<group>";
		};
		55C86AA403D60A4100A80004 = {
			children = (
				55C86AA503D60A4100A80004,
			);
			isa = PBXVariantGroup;
			name = LargeWindow.nib;
			path = "";
			refType = 4;
			sourceTree = "<group>";
		};
		55C86AA503D60A4100A80004 = {
			isa = PBXFileReference;
			lastKnownFileType = wrapper.nib;
			name = English;
			path = English.lproj/LargeWindow.nib;
			refType = 4;
			sourceTree = "<group>";
		};
		55C86B4B03D71CB100A80004 = {
			fileEncoding = 4;
			isa = PBXFileReference;
			lastKnownFileType = sourcecode.c.h;
			name = SessionController.h;
			path = Source/SessionController.h;
			refType = 2;
			sourceTree = SOURCE_ROOT;
		};
		55C86B4C03D71CB100A80004 = {
			fileEncoding = 4;
			isa = PBXFileReference;
			lastKnownFileType = sourcecode.c.objc;
			name = SessionController.m;
			path = Source/SessionController.m;
			refType = 2;
			sourceTree = SOURCE_ROOT;
		};
		55CFC75A03BE358000A80165 = {
			fileEncoding = 30;
			isa = PBXFileReference;
			lastKnownFileType = sourcecode.c.h;
			path = ThreadNotificationCenter.h;
			refType = 4;
			sourceTree = "<group>";
		};
		55CFC75B03BE358000A80165 = {
			fileEncoding = 30;
			isa = PBXFileReference;
			lastKnownFileType = sourcecode.cpp.objcpp;
			path = ThreadNotificationCenter.mm;
			refType = 4;
			sourceTree = "<group>";
		};
		55E20B3603C23AB100A80165 = {
			children = (
				55E20B3703C23AB100A80165,
			);
			isa = PBXVariantGroup;
			name = Credits.rtf;
			path = "";
			refType = 4;
			sourceTree = "<group>";
		};
		55E20B3703C23AB100A80165 = {
			isa = PBXFileReference;
			lastKnownFileType = text.rtf;
			name = English;
			path = English.lproj/Credits.rtf;
			refType = 4;
			sourceTree = "<group>";
		};
//550
//551
//552
//553
//554
//F50
//F51
//F52
//F53
//F54
		F5516CA703AD1CA801A80166 = {
			fallbackIsa = PBXFileReference;
			isa = PBXFrameworkReference;
			lastKnownFileType = wrapper.framework;
			name = Carbon.framework;
			path = /System/Library/Frameworks/Carbon.framework;
			refType = 0;
			sourceTree = "<absolute>";
		};
		F5516DEF03AD420201A80166 = {
			isa = PBXFileReference;
			lastKnownFileType = image.icns;
			path = Power.icns;
			refType = 4;
			sourceTree = "<group>";
		};
		F5516DF103AD4C9A01A80166 = {
			isa = PBXFileReference;
			lastKnownFileType = image.icns;
			path = Play.icns;
			refType = 4;
			sourceTree = "<group>";
		};
		F5516DF303AD522801A80166 = {
			isa = PBXFileReference;
			lastKnownFileType = image.icns;
			path = Next.icns;
			refType = 4;
			sourceTree = "<group>";
		};
		F5516DF503AD52FF01A80166 = {
			isa = PBXFileReference;
			lastKnownFileType = image.icns;
			path = Prev.icns;
			refType = 4;
			sourceTree = "<group>";
		};
		F5516DF703AD562A01A80166 = {
			isa = PBXFileReference;
			lastKnownFileType = image.icns;
			path = Pause.icns;
			refType = 4;
			sourceTree = "<group>";
		};
		F5A21D2103A29B0D01FCA1B2 = {
			fileEncoding = 30;
			isa = PBXFileReference;
			lastKnownFileType = sourcecode.cpp.objcpp;
			path = MainWindowController.mm;
			refType = 4;
			sourceTree = "<group>";
		};
		F5A21D2203A29B0D01FCA1B2 = {
			fileEncoding = 30;
			isa = PBXFileReference;
			lastKnownFileType = sourcecode.c.h;
			path = MainWindowController.h;
			refType = 4;
			sourceTree = "<group>";
		};
		F5A21D2503A29CF701FCA1B2 = {
			fileEncoding = 30;
			isa = PBXFileReference;
			lastKnownFileType = sourcecode.c.h;
			path = Precomp.h;
			refType = 4;
			sourceTree = "<group>";
		};
		F5E8E16C03AEB1DA01A80166 = {
			children = (
				F5E8E16D03AEB1DA01A80166,
			);
			isa = PBXVariantGroup;
			name = ConnectPanel.nib;
			path = "";
			refType = 4;
			sourceTree = "<group>";
		};
		F5E8E16D03AEB1DA01A80166 = {
			isa = PBXFileReference;
			lastKnownFileType = wrapper.nib;
			name = English;
			path = English.lproj/ConnectPanel.nib;
			refType = 4;
			sourceTree = "<group>";
		};
		F5E8E16F03AEB35B01A80166 = {
			fileEncoding = 30;
			isa = PBXFileReference;
			lastKnownFileType = sourcecode.c.h;
			path = ConnectPanelController.h;
			refType = 4;
			sourceTree = "<group>";
		};
		F5E8E17003AEB35B01A80166 = {
			fileEncoding = 30;
			isa = PBXFileReference;
			lastKnownFileType = sourcecode.cpp.objcpp;
			path = ConnectPanelController.mm;
			refType = 4;
			sourceTree = "<group>";
		};
	};
	rootObject = 29B97313FDCFA39411CA2CEA;
}
