// !$*UTF8*$!
{
	archiveVersion = 1;
	classes = {
	};
	objectVersion = 39;
	objects = {
		052088B506377B540020810E = {
			isa = PBXFileReference;
			lastKnownFileType = wrapper.nib;
			name = German;
			path = Installer/German.lproj/MainMenu.nib;
			refType = 4;
			sourceTree = "<group>";
		};
		05286B0705D4480F00E88B81 = {
			fileEncoding = 4;
			isa = PBXFileReference;
			lastKnownFileType = text.plist.strings;
			lineEnding = 0;
			name = French;
			path = French.lproj/InfoPlist.strings;
			refType = 4;
			sourceTree = "<group>";
		};
		05286B0C05D4482600E88B81 = {
			isa = PBXFileReference;
			lastKnownFileType = wrapper.nib;
			name = French;
			path = French.lproj/Slim_ServerPref.nib;
			refType = 4;
			sourceTree = "<group>";
		};
		05286B1505D4483900E88B81 = {
			fileEncoding = 4;
			isa = PBXFileReference;
			lastKnownFileType = text.plist.strings;
			name = French;
			path = French.lproj/Localizable.strings;
			refType = 4;
			sourceTree = "<group>";
		};
		05286B2005D4485900E88B81 = {
			fileEncoding = 4;
			isa = PBXFileReference;
			lastKnownFileType = text.plist.strings;
			name = French;
			path = Installer/French.lproj/InfoPlist.strings;
			refType = 4;
			sourceTree = "<group>";
		};
		05286B2405D4486A00E88B81 = {
			isa = PBXFileReference;
			lastKnownFileType = wrapper.nib;
			name = French;
			path = Installer/French.lproj/MainMenu.nib;
			refType = 4;
			sourceTree = "<group>";
		};
		054032D203F42BC800000167 = {
			isa = PBXFileReference;
			lastKnownFileType = image.icns;
			name = sliminstaller.icns;
			path = Installer/sliminstaller.icns;
			refType = 4;
			sourceTree = "<group>";
		};
		054032D303F42BC800000167 = {
			fileRef = 054032D203F42BC800000167;
			isa = PBXBuildFile;
			settings = {
			};
		};
		054413570544B1480086FD13 = {
			containerPortal = 089C1669FE841209C02AAC07;
			isa = PBXContainerItemProxy;
			proxyType = 1;
			remoteGlobalIDString = F52F881F035DCC9901A80172;
			remoteInfo = "Slim Launcher";
		};
		054413580544B1480086FD13 = {
			containerPortal = 089C1669FE841209C02AAC07;
			isa = PBXContainerItemProxy;
			proxyType = 1;
			remoteGlobalIDString = E7C5E13503C615BB00A80172;
			remoteInfo = "Slim Server Installer";
		};
		0544135A0544B1480086FD13 = {
			containerPortal = 089C1669FE841209C02AAC07;
			isa = PBXContainerItemProxy;
			proxyType = 1;
			remoteGlobalIDString = 089C1673FE841209C02AAC07;
			remoteInfo = "Slim Server";
		};
		0545F86006377BD800BA96E1 = {
			isa = PBXFileReference;
			lastKnownFileType = wrapper.nib;
			name = German;
			path = German.lproj/Slim_ServerPref.nib;
			refType = 4;
			sourceTree = "<group>";
		};
		0545F86706377BEA00BA96E1 = {
			isa = PBXFileReference;
			lastKnownFileType = text.plist.strings;
			name = German;
			path = German.lproj/InfoPlist.strings;
			refType = 4;
			sourceTree = "<group>";
		};
		0545F87306377BFA00BA96E1 = {
			isa = PBXFileReference;
			lastKnownFileType = text.plist.strings;
			name = German;
			path = German.lproj/Localizable.strings;
			refType = 4;
			sourceTree = "<group>";
		};
		0545F89406377C2A00BA96E1 = {
			isa = PBXFileReference;
			lastKnownFileType = text.plist.strings;
			name = German;
			path = Installer/German.lproj/InfoPlist.strings;
			refType = 4;
			sourceTree = "<group>";
		};
		0545F89C06377C3A00BA96E1 = {
			isa = PBXFileReference;
			lastKnownFileType = text.plist.strings;
			name = German;
			path = Installer/German.lproj/Localizable.strings;
			refType = 4;
			sourceTree = "<group>";
		};
		055FF5EB063816DB002577A0 = {
			isa = PBXFileReference;
			lastKnownFileType = wrapper.nib;
			name = German;
			path = "SLIMP3 Firmware Updater/German.lproj/MainMenu.nib";
			refType = 2;
			sourceTree = SOURCE_ROOT;
		};
		055FF5F5063816FC002577A0 = {
			isa = PBXFileReference;
			lastKnownFileType = text.plist.strings;
			name = German;
			path = "SLIMP3 Firmware Updater/German.lproj/InfoPlist.strings";
			refType = 2;
			sourceTree = SOURCE_ROOT;
		};
		055FF5F806381716002577A0 = {
			isa = PBXFileReference;
			lastKnownFileType = text.plist.strings;
			name = Dutch;
			path = "SLIMP3 Firmware Updater/Dutch.lproj/InfoPlist.strings";
			refType = 2;
			sourceTree = SOURCE_ROOT;
		};
		055FF6CE06382203002577A0 = {
			isa = PBXFileReference;
			lastKnownFileType = text.plist.strings;
			name = German;
			path = "SLIMP3 Firmware Updater/German.lproj/Localizable.strings";
			refType = 4;
			sourceTree = "<group>";
		};
		0591BECD05FCCEBA00F5DCAE = {
			fileEncoding = 4;
			isa = PBXFileReference;
			lastKnownFileType = text.plist.strings;
			lineEnding = 0;
			name = Dutch;
			path = Installer/Dutch.lproj/InfoPlist.strings;
			refType = 4;
			sourceTree = "<group>";
		};
		0591BED005FCCED400F5DCAE = {
			isa = PBXFileReference;
			lastKnownFileType = text.plist.strings;
			name = Dutch;
			path = Installer/Dutch.lproj/Localizable.strings;
			refType = 4;
			sourceTree = "<group>";
		};
		0591BEEE05FCCF4300F5DCAE = {
			isa = PBXFileReference;
			lastKnownFileType = wrapper.nib;
			name = Dutch;
			path = Installer/Dutch.lproj/MainMenu.nib;
			refType = 4;
			sourceTree = "<group>";
		};
		0591BEFB05FCCF7E00F5DCAE = {
			isa = PBXFileReference;
			lastKnownFileType = text.plist.strings;
			name = Dutch;
			path = Dutch.lproj/Localizable.strings;
			refType = 4;
			sourceTree = "<group>";
		};
		0591BEFE05FCCF8900F5DCAE = {
			isa = PBXFileReference;
			lastKnownFileType = wrapper.nib;
			name = Dutch;
			path = Dutch.lproj/Slim_ServerPref.nib;
			refType = 4;
			sourceTree = "<group>";
		};
		0591BF0105FCCF9200F5DCAE = {
			fileEncoding = 4;
			isa = PBXFileReference;
			lastKnownFileType = text.plist.strings;
			lineEnding = 0;
			name = Dutch;
			path = Dutch.lproj/InfoPlist.strings;
			refType = 4;
			sourceTree = "<group>";
		};
		0591BF0E05FCCFBB00F5DCAE = {
			isa = PBXFileReference;
			lastKnownFileType = text.plist.strings;
			name = Dutch;
			path = "SLIMP3 Firmware Updater/Dutch.lproj/Localizable.strings";
			refType = 4;
			sourceTree = "<group>";
		};
		0591BF1105FCCFCB00F5DCAE = {
			isa = PBXFileReference;
			lastKnownFileType = wrapper.nib;
			name = Dutch;
			path = "SLIMP3 Firmware Updater/Dutch.lproj/MainMenu.nib";
			refType = 2;
			sourceTree = SOURCE_ROOT;
		};
		059A4DFE03C624BB000001CC = {
			isa = PBXFileReference;
			lastKnownFileType = image.tiff;
			path = slimlogotype.tiff;
			refType = 4;
			sourceTree = "<group>";
		};
		059A4DFF03C624BB000001CC = {
			fileRef = 059A4DFE03C624BB000001CC;
			isa = PBXBuildFile;
			settings = {
			};
		};
		05F768EF0560419D00A991D3 = {
			isa = PBXFileReference;
			lastKnownFileType = image.tiff;
			path = slimlogotype.tiff;
			refType = 4;
			sourceTree = "<group>";
		};
		05F768F00560419D00A991D3 = {
			fileRef = 05F768EF0560419D00A991D3;
			isa = PBXBuildFile;
			settings = {
			};
		};
		05F768F10560419D00A991D3 = {
			fileRef = 05F768EF0560419D00A991D3;
			isa = PBXBuildFile;
			settings = {
			};
		};
//050
//051
//052
//053
//054
//060
//061
//062
//063
//064
		06F27B2EFFEEEFEF11CA0E56 = {
			explicitFileType = wrapper.cfbundle;
			fallbackIsa = PBXFileReference;
			isa = PBXBundleReference;
			path = SlimServer.prefPane;
			refType = 3;
			sourceTree = BUILT_PRODUCTS_DIR;
		};
		06F27B30FFEEEFEF11CA0E56 = {
			buildRules = (
			);
			buildSettings = {
				COPY_PHASE_STRIP = NO;
				GCC_DYNAMIC_NO_PIC = NO;
				GCC_ENABLE_FIX_AND_CONTINUE = YES;
				GCC_GENERATE_DEBUGGING_SYMBOLS = YES;
				GCC_OPTIMIZATION_LEVEL = 0;
				OPTIMIZATION_CFLAGS = "-O0";
				ZERO_LINK = YES;
			};
			isa = PBXBuildStyle;
			name = Development;
		};
		06F27B31FFEEEFEF11CA0E56 = {
			buildRules = (
			);
			buildSettings = {
				COPY_PHASE_STRIP = YES;
				GCC_ENABLE_FIX_AND_CONTINUE = NO;
				ZERO_LINK = NO;
			};
			isa = PBXBuildStyle;
			name = Deployment;
		};
//060
//061
//062
//063
//064
//080
//081
//082
//083
//084
		089C1669FE841209C02AAC07 = {
			buildSettings = {
			};
			buildStyles = (
				06F27B30FFEEEFEF11CA0E56,
				06F27B31FFEEEFEF11CA0E56,
			);
			hasScannedForEncodings = 1;
			isa = PBXProject;
			knownRegions = (
				English,
				Japanese,
				French,
				German,
				Dutch,
			);
			mainGroup = 089C166AFE841209C02AAC07;
			productRefGroup = F58B0871035DF7DA01A80172;
			projectDirPath = "";
			targets = (
				089C1673FE841209C02AAC07,
				F52F881F035DCC9901A80172,
				F58B086F035DF7DA01A80172,
				E7C5E13503C615BB00A80172,
				E7447F9103D905BA00A80172,
				E7A8BC7F054C439400876841,
			);
		};
		089C166AFE841209C02AAC07 = {
			children = (
				F52F8822035DCCA301A80172,
				F52F8854035DF5F401A80172,
				F52F8823035DCCCC01A80172,
				E7447F8C03D904ED00A80172,
				E7C5E12903C6149C00A80172,
				E7A8BC84054C43B800876841,
				F58B0871035DF7DA01A80172,
			);
			isa = PBXGroup;
			name = SlimServer;
			refType = 4;
			sourceTree = "<group>";
		};
		089C1671FE841209C02AAC07 = {
			children = (
				1058C7ACFEA557BF11CA2CBB,
				1058C7AEFEA557BF11CA2CBB,
			);
			isa = PBXGroup;
			name = "Frameworks and Libraries";
			path = "";
			refType = 4;
			sourceTree = "<group>";
		};
		089C1672FE841209C02AAC07 = {
			fallbackIsa = PBXFileReference;
			isa = PBXFrameworkReference;
			lastKnownFileType = wrapper.framework;
			name = Foundation.framework;
			path = /System/Library/Frameworks/Foundation.framework;
			refType = 0;
			sourceTree = "<absolute>";
		};
		089C1673FE841209C02AAC07 = {
			buildPhases = (
				089C1674FE841209C02AAC07,
				089C1675FE841209C02AAC07,
				089C1676FE841209C02AAC07,
				089C1677FE841209C02AAC07,
				089C1679FE841209C02AAC07,
				F5206109038E987301A80172,
			);
			buildSettings = {
				FRAMEWORK_SEARCH_PATHS = "";
				GCC_TREAT_WARNINGS_AS_ERRORS = YES;
				GENERATE_PKGINFO_FILE = YES;
				HEADER_SEARCH_PATHS = "";
				INSTALL_PATH = "$(HOME)/Library/PreferencePanes";
				LIBRARY_SEARCH_PATHS = "";
				OTHER_CFLAGS = "";
				OTHER_LDFLAGS = "-bundle -twolevel_namespace";
				OTHER_REZFLAGS = "";
				PRODUCT_NAME = SlimServer;
				SECTORDER_FLAGS = "";
				WARNING_CFLAGS = "-Wmost -Wno-four-char-constants -Wno-unknown-pragmas";
				WRAPPER_EXTENSION = prefPane;
			};
			dependencies = (
				E736AD1E03C74D2700A80172,
				E7447F9E03D9079A00A80172,
				E74E8746054D735100BE2913,
			);
			isa = PBXBundleTarget;
			name = SlimServer;
			productInstallPath = "$(HOME)/Library/PreferencePanes";
			productName = "Slim Server";
			productReference = 06F27B2EFFEEEFEF11CA0E56;
			productSettingsXML = "<?xml version=\"1.0\" encoding=\"UTF-8\"?>
<!DOCTYPE plist PUBLIC \"-//Apple Computer//DTD PLIST 1.0//EN\" \"http://www.apple.com/DTDs/PropertyList-1.0.dtd\">
<plist version=\"1.0\">
<dict>
	<key>CFBundleDevelopmentRegion</key>
	<string>English</string>
	<key>CFBundleExecutable</key>
	<string>SlimServer</string>
	<key>CFBundleGetInfoString</key>
	<string>SlimServer 5.1.3, Copyright © 2002-2004 Slim Devices, Inc.</string>
	<key>CFBundleIconFile</key>
	<string>slimicon.icns</string>
	<key>CFBundleIdentifier</key>
	<string>com.slimdevices.slim</string>
	<key>CFBundleInfoDictionaryVersion</key>
	<string>6.0</string>
	<key>CFBundleName</key>
	<string>SlimServer</string>
	<key>CFBundlePackageType</key>
	<string>BNDL</string>
	<key>CFBundleShortVersionString</key>
	<string>5.1.3</string>
	<key>CFBundleSignature</key>
	<string>????</string>
	<key>CFBundleVersion</key>
	<string>5.1.3</string>
	<key>NSMainNibFile</key>
	<string>Slim_ServerPref</string>
	<key>NSPrefPaneIconFile</key>
	<string>slimicon.icns</string>
	<key>NSPrincipalClass</key>
	<string>Slim_ServerPref</string>
</dict>
</plist>
";
		};
		089C1674FE841209C02AAC07 = {
			buildActionMask = 2147483647;
			files = (
				F506C03E013D9D7901CA16C8,
			);
			isa = PBXHeadersBuildPhase;
			runOnlyForDeploymentPostprocessing = 0;
		};
		089C1675FE841209C02AAC07 = {
			buildActionMask = 2147483647;
			files = (
				089C1680FE841241C02AAC07,
				F506C041013D9D8001CA16C8,
				F506C044013D9D8C01CA16C8,
				F56E7162035DB29001A80172,
				F52F8841035DE5A801A80172,
				F52F884E035DF02B01A80172,
				F5E9C0C503A51768010001CC,
				E7EDF7BF03C5D22300A80172,
				E7EDF7C003C5D22300A80172,
				E7EDF7C203C5D22300A80172,
				E7EDF7C403C5D25800A80172,
				E7EDF7C603C5D26A00A80172,
				059A4DFF03C624BB000001CC,
				05F768F00560419D00A991D3,
			);
			isa = PBXResourcesBuildPhase;
			runOnlyForDeploymentPostprocessing = 0;
		};
		089C1676FE841209C02AAC07 = {
			buildActionMask = 2147483647;
			files = (
				F506C03F013D9D7901CA16C8,
			);
			isa = PBXSourcesBuildPhase;
			runOnlyForDeploymentPostprocessing = 0;
		};
		089C1677FE841209C02AAC07 = {
			buildActionMask = 2147483647;
			files = (
				1058C7AFFEA557BF11CA2CBB,
				F506C036013D953901CA16C8,
				F5EC8DB0035F597B01A80172,
			);
			isa = PBXFrameworksBuildPhase;
			runOnlyForDeploymentPostprocessing = 0;
		};
		089C1679FE841209C02AAC07 = {
			buildActionMask = 2147483647;
			files = (
			);
			isa = PBXRezBuildPhase;
			runOnlyForDeploymentPostprocessing = 0;
		};
		089C167CFE841241C02AAC07 = {
			children = (
				F506C040013D9D8001CA16C8,
				089C167DFE841241C02AAC07,
				F506C042013D9D8C01CA16C8,
				F56E7160035DB29001A80172,
				F52F884D035DF02B01A80172,
				F5E9C0C403A51768010001CC,
				059A4DFE03C624BB000001CC,
				05F768EF0560419D00A991D3,
			);
			isa = PBXGroup;
			name = Resources;
			path = "";
			refType = 4;
			sourceTree = "<group>";
		};
		089C167DFE841241C02AAC07 = {
			children = (
				089C167EFE841241C02AAC07,
				05286B0705D4480F00E88B81,
				0591BF0105FCCF9200F5DCAE,
				0545F86706377BEA00BA96E1,
			);
			isa = PBXVariantGroup;
			name = InfoPlist.strings;
			refType = 4;
			sourceTree = "<group>";
		};
		089C167EFE841241C02AAC07 = {
			fileEncoding = 4;
			isa = PBXFileReference;
			lastKnownFileType = text.plist.strings;
			lineEnding = 0;
			name = English;
			path = English.lproj/InfoPlist.strings;
			refType = 4;
			sourceTree = "<group>";
		};
		089C167FFE841241C02AAC07 = {
			fallbackIsa = PBXFileReference;
			isa = PBXFrameworkReference;
			lastKnownFileType = wrapper.framework;
			name = AppKit.framework;
			path = /System/Library/Frameworks/AppKit.framework;
			refType = 0;
			sourceTree = "<absolute>";
		};
		089C1680FE841241C02AAC07 = {
			fileRef = 089C167DFE841241C02AAC07;
			isa = PBXBuildFile;
			settings = {
			};
		};
		08FB77AFFE84173DC02AAC07 = {
			children = (
				F506C03C013D9D7901CA16C8,
				F506C03D013D9D7901CA16C8,
			);
			isa = PBXGroup;
			name = Classes;
			path = "";
			refType = 4;
			sourceTree = "<group>";
		};
//080
//081
//082
//083
//084
//100
//101
//102
//103
//104
		1058C7ACFEA557BF11CA2CBB = {
			children = (
				1058C7ADFEA557BF11CA2CBB,
				F506C035013D953901CA16C8,
				F5EC8D80035F597B01A80172,
			);
			isa = PBXGroup;
			name = "Linked Frameworks";
			refType = 4;
			sourceTree = "<group>";
		};
		1058C7ADFEA557BF11CA2CBB = {
			fallbackIsa = PBXFileReference;
			isa = PBXFrameworkReference;
			lastKnownFileType = wrapper.framework;
			name = Cocoa.framework;
			path = /System/Library/Frameworks/Cocoa.framework;
			refType = 0;
			sourceTree = "<absolute>";
		};
		1058C7AEFEA557BF11CA2CBB = {
			children = (
				089C1672FE841209C02AAC07,
				089C167FFE841241C02AAC07,
			);
			isa = PBXGroup;
			name = "Other Frameworks";
			refType = 4;
			sourceTree = "<group>";
		};
		1058C7AFFEA557BF11CA2CBB = {
			fileRef = 1058C7ADFEA557BF11CA2CBB;
			isa = PBXBuildFile;
			settings = {
			};
		};
//100
//101
//102
//103
//104
//C60
//C61
//C62
//C63
//C64
		C6A9CF550601257A00C3E0BF = {
			fileEncoding = 4;
			isa = PBXFileReference;
			lastKnownFileType = text.plist.strings;
			lineEnding = 0;
			name = French;
			path = Installer/French.lproj/Localizable.strings;
			refType = 4;
			sourceTree = "<group>";
		};
//C60
//C61
//C62
//C63
//C64
//E70
//E71
//E72
//E73
//E74
		E736AD1A03C74D0000A80172 = {
			fileEncoding = 30;
			isa = PBXFileReference;
			lastKnownFileType = sourcecode.c.h;
			name = "Slim Server Installer.h";
			path = "Installer/Slim Server Installer.h";
			refType = 4;
			sourceTree = "<group>";
		};
		E736AD1B03C74D0000A80172 = {
			fileEncoding = 30;
			isa = PBXFileReference;
			lastKnownFileType = sourcecode.c.objc;
			name = "Slim Server Installer.m";
			path = "Installer/Slim Server Installer.m";
			refType = 4;
			sourceTree = "<group>";
		};
		E736AD1C03C74D0000A80172 = {
			fileRef = E736AD1A03C74D0000A80172;
			isa = PBXBuildFile;
			settings = {
			};
		};
		E736AD1D03C74D0000A80172 = {
			fileRef = E736AD1B03C74D0000A80172;
			isa = PBXBuildFile;
			settings = {
			};
		};
		E736AD1E03C74D2700A80172 = {
			isa = PBXTargetDependency;
			target = E7C5E13503C615BB00A80172;
			targetProxy = 054413580544B1480086FD13;
		};
		E74160210428EB9300A80172 = {
			fallbackIsa = PBXFileReference;
			fileEncoding = 30;
			isa = PBXExecutableFileReference;
			lastKnownFileType = text.script.sh;
			name = Preflight.sh;
			path = Installer/Preflight.sh;
			refType = 4;
			sourceTree = "<group>";
		};
		E74160220428EB9300A80172 = {
			fileRef = E74160210428EB9300A80172;
			isa = PBXBuildFile;
			settings = {
			};
		};
		E7447F8C03D904ED00A80172 = {
			children = (
				E7447F9403D905E900A80172,
				E7447F9503D905E900A80172,
			);
			isa = PBXGroup;
			name = "Slim Launcher Tool";
			refType = 4;
			sourceTree = "<group>";
		};
		E7447F8D03D905BA00A80172 = {
			buildActionMask = 2147483647;
			files = (
				E7447F9603D905E900A80172,
				E744CAA103D9BCC700A80172,
			);
			isa = PBXHeadersBuildPhase;
			runOnlyForDeploymentPostprocessing = 0;
		};
		E7447F8E03D905BA00A80172 = {
			buildActionMask = 2147483647;
			files = (
				E7447F9703D905E900A80172,
				E744CAA203D9BCC700A80172,
			);
			isa = PBXSourcesBuildPhase;
			runOnlyForDeploymentPostprocessing = 0;
		};
		E7447F8F03D905BA00A80172 = {
			buildActionMask = 2147483647;
			files = (
				E7447F9803D905FF00A80172,
			);
			isa = PBXFrameworksBuildPhase;
			runOnlyForDeploymentPostprocessing = 0;
		};
		E7447F9003D905BA00A80172 = {
			buildActionMask = 2147483647;
			files = (
			);
			isa = PBXRezBuildPhase;
			runOnlyForDeploymentPostprocessing = 0;
		};
		E7447F9103D905BA00A80172 = {
			buildPhases = (
				E7447F8D03D905BA00A80172,
				E7447F8E03D905BA00A80172,
				E7447F8F03D905BA00A80172,
				E7447F9003D905BA00A80172,
			);
			buildSettings = {
				GCC_TREAT_WARNINGS_AS_ERRORS = YES;
				OTHER_CFLAGS = "";
				OTHER_LDFLAGS = "";
				OTHER_REZFLAGS = "";
				PRECOMPILE_PREFIX_HEADER = YES;
				PREFIX_HEADER = SlimLauncher_Prefix.h;
				PRODUCT_NAME = SlimLauncher;
				REZ_EXECUTABLE = YES;
				SECTORDER_FLAGS = "";
				WARNING_CFLAGS = "-Wmost -Wno-four-char-constants -Wno-unknown-pragmas";
			};
			dependencies = (
			);
			isa = PBXToolTarget;
			name = SlimLauncher;
			productInstallPath = /usr/local/bin;
			productName = SlimLauncher;
			productReference = E7447F9203D905BA00A80172;
		};
		E7447F9203D905BA00A80172 = {
			explicitFileType = "compiled.mach-o.executable";
			fallbackIsa = PBXFileReference;
			isa = PBXExecutableFileReference;
			path = SlimLauncher;
			refType = 3;
			sourceTree = BUILT_PRODUCTS_DIR;
		};
		E7447F9403D905E900A80172 = {
			fileEncoding = 30;
			isa = PBXFileReference;
			lastKnownFileType = sourcecode.c.h;
			path = SlimLauncher_Prefix.h;
			refType = 4;
			sourceTree = "<group>";
		};
		E7447F9503D905E900A80172 = {
			fileEncoding = 30;
			isa = PBXFileReference;
			lastKnownFileType = sourcecode.c.objc;
			path = SlimLauncherTool.m;
			refType = 4;
			sourceTree = "<group>";
		};
		E7447F9603D905E900A80172 = {
			fileRef = E7447F9403D905E900A80172;
			isa = PBXBuildFile;
			settings = {
			};
		};
		E7447F9703D905E900A80172 = {
			fileRef = E7447F9503D905E900A80172;
			isa = PBXBuildFile;
			settings = {
			};
		};
		E7447F9803D905FF00A80172 = {
			fileRef = 089C1672FE841209C02AAC07;
			isa = PBXBuildFile;
			settings = {
			};
		};
		E7447F9E03D9079A00A80172 = {
			isa = PBXTargetDependency;
			target = F52F881F035DCC9901A80172;
			targetProxy = 054413570544B1480086FD13;
		};
		E744CA9F03D9BCC700A80172 = {
			fileEncoding = 4;
			isa = PBXFileReference;
			lastKnownFileType = sourcecode.c.h;
			path = SLIMRendezvousPublisher.h;
			refType = 4;
			sourceTree = "<group>";
		};
		E744CAA003D9BCC700A80172 = {
			fileEncoding = 4;
			isa = PBXFileReference;
			lastKnownFileType = sourcecode.c.objc;
			path = SLIMRendezvousPublisher.m;
			refType = 4;
			sourceTree = "<group>";
		};
		E744CAA103D9BCC700A80172 = {
			fileRef = E744CA9F03D9BCC700A80172;
			isa = PBXBuildFile;
			settings = {
			};
		};
		E744CAA203D9BCC700A80172 = {
			fileRef = E744CAA003D9BCC700A80172;
			isa = PBXBuildFile;
			settings = {
			};
		};
		E74E8745054D735100BE2913 = {
			containerPortal = 089C1669FE841209C02AAC07;
			isa = PBXContainerItemProxy;
			proxyType = 1;
			remoteGlobalIDString = E7A8BC7F054C439400876841;
			remoteInfo = "SLIMP3 Firmware Updater";
		};
		E74E8746054D735100BE2913 = {
			isa = PBXTargetDependency;
			target = E7A8BC7F054C439400876841;
			targetProxy = E74E8745054D735100BE2913;
		};
		E74E875E054D76A400BE2913 = {
			isa = PBXFileReference;
			lastKnownFileType = image.icns;
			name = slimp3updater.icns;
			path = "SLIMP3 Firmware Updater/slimp3updater.icns";
			refType = 4;
			sourceTree = "<group>";
		};
		E74E875F054D76A500BE2913 = {
			fileRef = E74E875E054D76A400BE2913;
			isa = PBXBuildFile;
			settings = {
			};
		};
		E760389203C61F6A00A80172 = {
			children = (
				E736AD1A03C74D0000A80172,
				E736AD1B03C74D0000A80172,
			);
			isa = PBXGroup;
			name = Classes;
			refType = 4;
			sourceTree = "<group>";
		};
		E77C98AA03F33E8500FE7493 = {
			fallbackIsa = PBXFileReference;
			fileEncoding = 30;
			isa = PBXExecutableFileReference;
			lastKnownFileType = text.script.sh;
			name = InstallSlim.sh;
			path = Installer/InstallSlim.sh;
			refType = 4;
			sourceTree = "<group>";
		};
		E77C98AB03F33E8500FE7493 = {
			fileRef = E77C98AA03F33E8500FE7493;
			isa = PBXBuildFile;
			settings = {
			};
		};
		E78793C303C7444B00A80172 = {
			fileRef = F5EC8D80035F597B01A80172;
			isa = PBXBuildFile;
			settings = {
			};
		};
		E78793C403C7444D00A80172 = {
			fileRef = 1058C7ADFEA557BF11CA2CBB;
			isa = PBXBuildFile;
			settings = {
			};
		};
		E78793E003C74C1100A80172 = {
			fileRef = F52F883E035DDAB901A80172;
			isa = PBXBuildFile;
			settings = {
			};
		};
		E7A160500563CACD00BE7791 = {
			fileEncoding = 4;
			isa = PBXFileReference;
			lastKnownFileType = text.script.sh;
			name = Postflight.sh;
			path = Installer/Postflight.sh;
			refType = 4;
			sourceTree = "<group>";
		};
		E7A160510563CACD00BE7791 = {
			fileRef = E7A160500563CACD00BE7791;
			isa = PBXBuildFile;
			settings = {
			};
		};
		E7A8BC7B054C439400876841 = {
			buildActionMask = 2147483647;
			files = (
				E7A8BC94054C44C400876841,
				E7A8BCF4054C4D6200876841,
			);
			isa = PBXHeadersBuildPhase;
			runOnlyForDeploymentPostprocessing = 0;
		};
		E7A8BC7C054C439400876841 = {
			buildActionMask = 2147483647;
			files = (
				E7A8BC91054C44C400876841,
				E7A8BC92054C44C400876841,
				E7A8BD24054C4F4E00876841,
				E74E875F054D76A500BE2913,
			);
			isa = PBXResourcesBuildPhase;
			runOnlyForDeploymentPostprocessing = 0;
		};
		E7A8BC7D054C439400876841 = {
			buildActionMask = 2147483647;
			files = (
				E7A8BC93054C44C400876841,
				E7A8BC95054C44C400876841,
			);
			isa = PBXSourcesBuildPhase;
			runOnlyForDeploymentPostprocessing = 0;
		};
		E7A8BC7E054C439400876841 = {
			buildActionMask = 2147483647;
			files = (
				E7A8BD75054C547700876841,
				E7A8BD76054C547800876841,
			);
			isa = PBXFrameworksBuildPhase;
			runOnlyForDeploymentPostprocessing = 0;
		};
		E7A8BC7F054C439400876841 = {
			buildPhases = (
				E7A8BC7B054C439400876841,
				E7A8BC7C054C439400876841,
				E7A8BC7D054C439400876841,
				E7A8BC7E054C439400876841,
			);
			buildRules = (
			);
			buildSettings = {
				GCC_PREFIX_HEADER = "SLIMP3 Firmware Updater/Firmware_Prefix.h";
				GCC_WARN_FOUR_CHARACTER_CONSTANTS = NO;
				GCC_WARN_UNKNOWN_PRAGMAS = YES;
				INFOPLIST_FILE = "SLIMP3 Firmware Updater/SLIMP3 Firmware Updater-Info.plist";
				INSTALL_PATH = "$(USER_APPS_DIR)";
				OTHER_CFLAGS = "";
				OTHER_LDFLAGS = "-framework Foundation -framework AppKit -framework Cocoa -framework Security";
				OTHER_REZFLAGS = "";
				PRODUCT_NAME = "SLIMP3 Firmware Updater";
				"Precompile prefix header" = YES;
				SECTORDER_FLAGS = "";
				WARNING_CFLAGS = "-Wmost";
			};
			dependencies = (
			);
			isa = PBXNativeTarget;
			name = "SLIMP3 Firmware Updater";
			productName = "SLIMP3 Firmware Upgrader";
			productReference = E7A8BC80054C439400876841;
			productSettingsXML = "<?xml version=\"1.0\" encoding=\"UTF-8\"?>
<!DOCTYPE plist PUBLIC \"-//Apple Computer//DTD PLIST 1.0//EN\" \"http://www.apple.com/DTDs/PropertyList-1.0.dtd\">
<plist version=\"1.0\">
<dict>
	<key>CFBundleDevelopmentRegion</key>
	<string>English</string>
	<key>CFBundleExecutable</key>
	<string>SLIMP3 Firmware Upgrader</string>
	<key>CFBundleGetInfoString</key>
	<string></string>
	<key>CFBundleIconFile</key>
	<string></string>
	<key>CFBundleIdentifier</key>
	<string>com.MySoftwareCompany.SLIMP3_Firmware_Upgrader</string>
	<key>CFBundleInfoDictionaryVersion</key>
	<string>6.0</string>
	<key>CFBundlePackageType</key>
	<string>APPL</string>
	<key>CFBundleShortVersionString</key>
	<string></string>
	<key>CFBundleSignature</key>
	<string>????</string>
	<key>CFBundleVersion</key>
	<string>1.0.0d1</string>
</dict>
</plist>
";
			productType = "com.apple.product-type.application";
		};
		E7A8BC80054C439400876841 = {
			explicitFileType = wrapper.application;
			includeInIndex = 0;
			isa = PBXFileReference;
			path = "SLIMP3 Firmware Updater.app";
			refType = 3;
			sourceTree = BUILT_PRODUCTS_DIR;
		};
		E7A8BC84054C43B800876841 = {
			children = (
				E7A8BCA0054C455100876841,
				E7A8BCA3054C455900876841,
				E7A8BCA8054C458B00876841,
			);
			isa = PBXGroup;
			name = "SLIMP3 Firmware Updater";
			path = "";
			refType = 4;
			sourceTree = "<group>";
		};
		E7A8BC8A054C44C400876841 = {
			children = (
				E7A8BC8B054C44C400876841,
				055FF5F5063816FC002577A0,
				055FF5F806381716002577A0,
			);
			isa = PBXVariantGroup;
			name = InfoPlist.strings;
			path = "SLIMP3 Firmware Updater/English.lproj";
			refType = 4;
			sourceTree = "<group>";
		};
		E7A8BC8B054C44C400876841 = {
			fileEncoding = 30;
			isa = PBXFileReference;
			lastKnownFileType = text.plist.strings;
			name = English;
			path = InfoPlist.strings;
			refType = 4;
			sourceTree = "<group>";
		};
		E7A8BC8C054C44C400876841 = {
			children = (
				E7A8BC8D054C44C400876841,
				0591BF1105FCCFCB00F5DCAE,
				055FF5EB063816DB002577A0,
			);
			isa = PBXVariantGroup;
			name = MainMenu.nib;
			path = "SLIMP3 Firmware Updater/English.lproj";
			refType = 4;
			sourceTree = "<group>";
		};
		E7A8BC8D054C44C400876841 = {
			isa = PBXFileReference;
			lastKnownFileType = wrapper.nib;
			name = English;
			path = MainMenu.nib;
			refType = 4;
			sourceTree = "<group>";
		};
		E7A8BC8E054C44C400876841 = {
			fileEncoding = 30;
			isa = PBXFileReference;
			lastKnownFileType = sourcecode.c.objc;
			name = main.m;
			path = "SLIMP3 Firmware Updater/main.m";
			refType = 4;
			sourceTree = "<group>";
		};
		E7A8BC8F054C44C400876841 = {
			fileEncoding = 30;
			isa = PBXFileReference;
			lastKnownFileType = sourcecode.c.h;
			name = "SLIMP3 Firmware Updater.h";
			path = "SLIMP3 Firmware Updater/SLIMP3 Firmware Updater.h";
			refType = 4;
			sourceTree = "<group>";
		};
		E7A8BC90054C44C400876841 = {
			fileEncoding = 30;
			isa = PBXFileReference;
			lastKnownFileType = sourcecode.c.objc;
			name = "SLIMP3 Firmware Updater.m";
			path = "SLIMP3 Firmware Updater/SLIMP3 Firmware Updater.m";
			refType = 4;
			sourceTree = "<group>";
		};
		E7A8BC91054C44C400876841 = {
			fileRef = E7A8BC8A054C44C400876841;
			isa = PBXBuildFile;
			settings = {
			};
		};
		E7A8BC92054C44C400876841 = {
			fileRef = E7A8BC8C054C44C400876841;
			isa = PBXBuildFile;
			settings = {
			};
		};
		E7A8BC93054C44C400876841 = {
			fileRef = E7A8BC8E054C44C400876841;
			isa = PBXBuildFile;
			settings = {
			};
		};
		E7A8BC94054C44C400876841 = {
			fileRef = E7A8BC8F054C44C400876841;
			isa = PBXBuildFile;
			settings = {
			};
		};
		E7A8BC95054C44C400876841 = {
			fileRef = E7A8BC90054C44C400876841;
			isa = PBXBuildFile;
			settings = {
			};
		};
		E7A8BCA0054C455100876841 = {
			children = (
				E7A8BC8F054C44C400876841,
				E7A8BC90054C44C400876841,
			);
			isa = PBXGroup;
			name = Classes;
			refType = 4;
			sourceTree = "<group>";
		};
		E7A8BCA3054C455900876841 = {
			children = (
				E7A8BD22054C4F4E00876841,
				E7A8BC8A054C44C400876841,
				E7A8BC8C054C44C400876841,
				E74E875E054D76A400BE2913,
			);
			isa = PBXGroup;
			name = Resources;
			path = "";
			refType = 4;
			sourceTree = "<group>";
		};
		E7A8BCA8054C458B00876841 = {
			children = (
				F5A48B32038AC8EE01A80172,
				E7A8BC8E054C44C400876841,
				E7A8BCF3054C4D6200876841,
			);
			isa = PBXGroup;
			name = "Other Sources";
			path = "";
			refType = 4;
			sourceTree = "<group>";
		};
		E7A8BCF3054C4D6200876841 = {
			fileEncoding = 4;
			isa = PBXFileReference;
			lastKnownFileType = sourcecode.c.h;
			name = Firmware_Prefix.h;
			path = "SLIMP3 Firmware Updater/Firmware_Prefix.h";
			refType = 4;
			sourceTree = "<group>";
		};
		E7A8BCF4054C4D6200876841 = {
			fileRef = E7A8BCF3054C4D6200876841;
			isa = PBXBuildFile;
			settings = {
			};
		};
		E7A8BD22054C4F4E00876841 = {
			children = (
				E7A8BD23054C4F4E00876841,
				0591BF0E05FCCFBB00F5DCAE,
				055FF6CE06382203002577A0,
			);
			isa = PBXVariantGroup;
			name = Localizable.strings;
			path = "";
			refType = 4;
			sourceTree = "<group>";
		};
		E7A8BD23054C4F4E00876841 = {
			fileEncoding = 30;
			isa = PBXFileReference;
			lastKnownFileType = text.plist.strings;
			name = English;
			path = "SLIMP3 Firmware Updater/English.lproj/Localizable.strings";
			refType = 4;
			sourceTree = "<group>";
		};
		E7A8BD24054C4F4E00876841 = {
			fileRef = E7A8BD22054C4F4E00876841;
			isa = PBXBuildFile;
			settings = {
			};
		};
		E7A8BD75054C547700876841 = {
			fileRef = 1058C7ADFEA557BF11CA2CBB;
			isa = PBXBuildFile;
			settings = {
			};
		};
		E7A8BD76054C547800876841 = {
			fileRef = F5EC8D80035F597B01A80172;
			isa = PBXBuildFile;
			settings = {
			};
		};
		E7C5E12903C6149C00A80172 = {
			children = (
				E760389203C61F6A00A80172,
				E7C5E14703C6164500A80172,
				E7C5E14803C6166900A80172,
			);
			isa = PBXGroup;
			name = Installer;
			refType = 4;
			sourceTree = "<group>";
		};
		E7C5E13003C615BB00A80172 = {
			buildActionMask = 2147483647;
			files = (
				E7C5E13F03C6161300A80172,
				E736AD1C03C74D0000A80172,
			);
			isa = PBXHeadersBuildPhase;
			runOnlyForDeploymentPostprocessing = 0;
		};
		E7C5E13103C615BB00A80172 = {
			buildActionMask = 2147483647;
			files = (
				E7C5E14503C6163000A80172,
				E7C5E14603C6163000A80172,
				E78793E003C74C1100A80172,
				E77C98AB03F33E8500FE7493,
				054032D303F42BC800000167,
				E74160220428EB9300A80172,
				E7D4F10E054D98D0009AFDA0,
				05F768F10560419D00A991D3,
				E7A160510563CACD00BE7791,
			);
			isa = PBXResourcesBuildPhase;
			runOnlyForDeploymentPostprocessing = 0;
		};
		E7C5E13203C615BB00A80172 = {
			buildActionMask = 2147483647;
			files = (
				E7C5E14003C6161300A80172,
				E736AD1D03C74D0000A80172,
			);
			isa = PBXSourcesBuildPhase;
			runOnlyForDeploymentPostprocessing = 0;
		};
		E7C5E13303C615BB00A80172 = {
			buildActionMask = 2147483647;
			files = (
				E78793C303C7444B00A80172,
				E78793C403C7444D00A80172,
			);
			isa = PBXFrameworksBuildPhase;
			runOnlyForDeploymentPostprocessing = 0;
		};
		E7C5E13403C615BB00A80172 = {
			buildActionMask = 2147483647;
			files = (
			);
			isa = PBXRezBuildPhase;
			runOnlyForDeploymentPostprocessing = 0;
		};
		E7C5E13503C615BB00A80172 = {
			buildPhases = (
				E7C5E13003C615BB00A80172,
				E7C5E13103C615BB00A80172,
				E7C5E13203C615BB00A80172,
				E7C5E13303C615BB00A80172,
				E7C5E13403C615BB00A80172,
			);
			buildSettings = {
				GCC_TREAT_WARNINGS_AS_ERRORS = YES;
				OTHER_CFLAGS = "";
				OTHER_LDFLAGS = "";
				OTHER_REZFLAGS = "";
				PRODUCT_NAME = "SlimServer Installer";
				SECTORDER_FLAGS = "";
				WARNING_CFLAGS = "-Wmost -Wno-four-char-constants -Wno-unknown-pragmas";
				WRAPPER_EXTENSION = app;
			};
			dependencies = (
			);
			isa = PBXApplicationTarget;
			name = "SlimServer Installer";
			productInstallPath = "$(USER_APPS_DIR)";
			productName = "Slim Server Installer";
			productReference = E7C5E13603C615BB00A80172;
			productSettingsXML = "<?xml version=\"1.0\" encoding=\"UTF-8\"?>
<!DOCTYPE plist PUBLIC \"-//Apple Computer//DTD PLIST 1.0//EN\" \"http://www.apple.com/DTDs/PropertyList-1.0.dtd\">
<plist version=\"1.0\">
<dict>
	<key>CFBundleDevelopmentRegion</key>
	<string>English</string>
	<key>CFBundleExecutable</key>
	<string>SlimServer Installer</string>
	<key>CFBundleGetInfoString</key>
	<string>SlimServer Installer 5.1.3, Copyright 2004 Slim Devices, Inc. All Rights Reserved</string>
	<key>CFBundleIconFile</key>
	<string>sliminstaller.icns</string>
	<key>CFBundleIdentifier</key>
	<string>com.slimdevices.sliminstaller</string>
	<key>CFBundleInfoDictionaryVersion</key>
	<string>6.0</string>
	<key>CFBundleName</key>
	<string>SlimServer Installer</string>
	<key>CFBundlePackageType</key>
	<string>APPL</string>
	<key>CFBundleShortVersionString</key>
	<string>5.1.3</string>
	<key>CFBundleSignature</key>
	<string>????</string>
	<key>CFBundleVersion</key>
	<string>5.1.3</string>
	<key>NSMainNibFile</key>
	<string>MainMenu.nib</string>
	<key>NSPrincipalClass</key>
	<string>NSApplication</string>
</dict>
</plist>
";
		};
		E7C5E13603C615BB00A80172 = {
			explicitFileType = wrapper.application;
			fallbackIsa = PBXFileReference;
			isa = PBXApplicationReference;
			path = "SlimServer Installer.app";
			refType = 3;
			sourceTree = BUILT_PRODUCTS_DIR;
		};
		E7C5E13D03C6161300A80172 = {
			fileEncoding = 30;
			isa = PBXFileReference;
			lastKnownFileType = sourcecode.c.h;
			name = Installer_Prefix.h;
			path = Installer/Installer_Prefix.h;
			refType = 4;
			sourceTree = "<group>";
		};
		E7C5E13E03C6161300A80172 = {
			fileEncoding = 30;
			isa = PBXFileReference;
			lastKnownFileType = sourcecode.c.objc;
			name = main.m;
			path = Installer/main.m;
			refType = 4;
			sourceTree = "<group>";
		};
		E7C5E13F03C6161300A80172 = {
			fileRef = E7C5E13D03C6161300A80172;
			isa = PBXBuildFile;
			settings = {
			};
		};
		E7C5E14003C6161300A80172 = {
			fileRef = E7C5E13E03C6161300A80172;
			isa = PBXBuildFile;
			settings = {
			};
		};
		E7C5E14103C6163000A80172 = {
			children = (
				E7C5E14203C6163000A80172,
				05286B2005D4485900E88B81,
				0591BECD05FCCEBA00F5DCAE,
				0545F89406377C2A00BA96E1,
			);
			isa = PBXVariantGroup;
			name = InfoPlist.strings;
			path = "";
			refType = 4;
			sourceTree = "<group>";
		};
		E7C5E14203C6163000A80172 = {
			fileEncoding = 4;
			isa = PBXFileReference;
			lastKnownFileType = text.plist.strings;
			name = English;
			path = Installer/English.lproj/InfoPlist.strings;
			refType = 4;
			sourceTree = "<group>";
		};
		E7C5E14303C6163000A80172 = {
			children = (
				E7C5E14403C6163000A80172,
				05286B2405D4486A00E88B81,
				0591BEEE05FCCF4300F5DCAE,
				052088B506377B540020810E,
			);
			isa = PBXVariantGroup;
			name = MainMenu.nib;
			path = "";
			refType = 4;
			sourceTree = "<group>";
		};
		E7C5E14403C6163000A80172 = {
			isa = PBXFileReference;
			lastKnownFileType = wrapper.nib;
			name = English;
			path = Installer/English.lproj/MainMenu.nib;
			refType = 4;
			sourceTree = "<group>";
		};
		E7C5E14503C6163000A80172 = {
			fileRef = E7C5E14103C6163000A80172;
			isa = PBXBuildFile;
			settings = {
			};
		};
		E7C5E14603C6163000A80172 = {
			fileRef = E7C5E14303C6163000A80172;
			isa = PBXBuildFile;
			settings = {
			};
		};
		E7C5E14703C6164500A80172 = {
			children = (
				E7C5E14103C6163000A80172,
				E7C5E14303C6163000A80172,
				054032D203F42BC800000167,
				E7D4F10C054D98D0009AFDA0,
			);
			isa = PBXGroup;
			name = Resources;
			refType = 4;
			sourceTree = "<group>";
		};
		E7C5E14803C6166900A80172 = {
			children = (
				E7C5E13D03C6161300A80172,
				E7C5E13E03C6161300A80172,
				E77C98AA03F33E8500FE7493,
				E74160210428EB9300A80172,
				E7A160500563CACD00BE7791,
			);
			isa = PBXGroup;
			name = "Other Sources";
			refType = 4;
			sourceTree = "<group>";
		};
		E7D4F10C054D98D0009AFDA0 = {
			children = (
				E7D4F10D054D98D0009AFDA0,
				C6A9CF550601257A00C3E0BF,
				0591BED005FCCED400F5DCAE,
				0545F89C06377C3A00BA96E1,
			);
			isa = PBXVariantGroup;
			name = Localizable.strings;
			path = "";
			refType = 4;
			sourceTree = "<group>";
		};
		E7D4F10D054D98D0009AFDA0 = {
			fileEncoding = 4;
			isa = PBXFileReference;
			lastKnownFileType = text.plist.strings;
			name = English;
			path = Installer/English.lproj/Localizable.strings;
			refType = 4;
			sourceTree = "<group>";
		};
		E7D4F10E054D98D0009AFDA0 = {
			fileRef = E7D4F10C054D98D0009AFDA0;
			isa = PBXBuildFile;
			settings = {
			};
		};
		E7EDF7BB03C5D22300A80172 = {
			fallbackIsa = PBXFileReference;
			fileEncoding = 4;
			isa = PBXExecutableFileReference;
			lastKnownFileType = text.script.sh;
			path = "Create Slim Startup.sh";
			refType = 4;
			sourceTree = "<group>";
		};
		E7EDF7BC03C5D22300A80172 = {
			fallbackIsa = PBXFileReference;
			fileEncoding = 30;
			isa = PBXExecutableFileReference;
			lastKnownFileType = text.script.sh;
			path = "Get Slim Server.sh";
			refType = 4;
			sourceTree = "<group>";
		};
		E7EDF7BE03C5D22300A80172 = {
			fallbackIsa = PBXFileReference;
			fileEncoding = 30;
			isa = PBXExecutableFileReference;
			lastKnownFileType = text.script.sh;
			path = "Stop Slim Server.sh";
			refType = 4;
			sourceTree = "<group>";
		};
		E7EDF7BF03C5D22300A80172 = {
			fileRef = E7EDF7BB03C5D22300A80172;
			isa = PBXBuildFile;
			settings = {
			};
		};
		E7EDF7C003C5D22300A80172 = {
			fileRef = E7EDF7BC03C5D22300A80172;
			isa = PBXBuildFile;
			settings = {
			};
		};
		E7EDF7C203C5D22300A80172 = {
			fileRef = E7EDF7BE03C5D22300A80172;
			isa = PBXBuildFile;
			settings = {
			};
		};
		E7EDF7C303C5D25800A80172 = {
			fallbackIsa = PBXFileReference;
			fileEncoding = 30;
			isa = PBXExecutableFileReference;
			lastKnownFileType = text.script.sh;
			path = "Remove Slim Startup.sh";
			refType = 4;
			sourceTree = "<group>";
		};
		E7EDF7C403C5D25800A80172 = {
			fileRef = E7EDF7C303C5D25800A80172;
			isa = PBXBuildFile;
			settings = {
			};
		};
		E7EDF7C503C5D26A00A80172 = {
			fallbackIsa = PBXFileReference;
			fileEncoding = 30;
			isa = PBXExecutableFileReference;
			lastKnownFileType = text.script.sh;
			path = "Start Slim Server.sh";
			refType = 4;
			sourceTree = "<group>";
		};
		E7EDF7C603C5D26A00A80172 = {
			fileRef = E7EDF7C503C5D26A00A80172;
			isa = PBXBuildFile;
			settings = {
			};
		};
		E7EDF7CA03C5D71700A80172 = {
			fileRef = E7EDF7C503C5D26A00A80172;
			isa = PBXBuildFile;
			settings = {
			};
		};
//E70
//E71
//E72
//E73
//E74
//F50
//F51
//F52
//F53
//F54
		F506C035013D953901CA16C8 = {
			fallbackIsa = PBXFileReference;
			isa = PBXFrameworkReference;
			lastKnownFileType = wrapper.framework;
			name = PreferencePanes.framework;
			path = /System/Library/Frameworks/PreferencePanes.framework;
			refType = 0;
			sourceTree = "<absolute>";
		};
		F506C036013D953901CA16C8 = {
			fileRef = F506C035013D953901CA16C8;
			isa = PBXBuildFile;
			settings = {
			};
		};
		F506C03C013D9D7901CA16C8 = {
			fileEncoding = 30;
			isa = PBXFileReference;
			lastKnownFileType = sourcecode.c.h;
			path = Slim_ServerPref.h;
			refType = 4;
			sourceTree = "<group>";
		};
		F506C03D013D9D7901CA16C8 = {
			fileEncoding = 30;
			isa = PBXFileReference;
			lastKnownFileType = sourcecode.c.objc;
			path = Slim_ServerPref.m;
			refType = 4;
			sourceTree = "<group>";
		};
		F506C03E013D9D7901CA16C8 = {
			fileRef = F506C03C013D9D7901CA16C8;
			isa = PBXBuildFile;
			settings = {
			};
		};
		F506C03F013D9D7901CA16C8 = {
			fileRef = F506C03D013D9D7901CA16C8;
			isa = PBXBuildFile;
			settings = {
			};
		};
		F506C040013D9D8001CA16C8 = {
			isa = PBXFileReference;
			lastKnownFileType = image.tiff;
			path = Slim_ServerPref.tiff;
			refType = 4;
			sourceTree = "<group>";
		};
		F506C041013D9D8001CA16C8 = {
			fileRef = F506C040013D9D8001CA16C8;
			isa = PBXBuildFile;
			settings = {
			};
		};
		F506C042013D9D8C01CA16C8 = {
			children = (
				F506C043013D9D8C01CA16C8,
				05286B0C05D4482600E88B81,
				0591BEFE05FCCF8900F5DCAE,
				0545F86006377BD800BA96E1,
			);
			isa = PBXVariantGroup;
			name = Slim_ServerPref.nib;
			path = "";
			refType = 4;
			sourceTree = "<group>";
		};
		F506C043013D9D8C01CA16C8 = {
			isa = PBXFileReference;
			lastKnownFileType = wrapper.nib;
			name = English;
			path = English.lproj/Slim_ServerPref.nib;
			refType = 4;
			sourceTree = "<group>";
		};
		F506C044013D9D8C01CA16C8 = {
			fileRef = F506C042013D9D8C01CA16C8;
			isa = PBXBuildFile;
			settings = {
			};
		};
		F5206109038E987301A80172 = {
			buildActionMask = 2147483647;
			files = (
			);
			isa = PBXShellScriptBuildPhase;
			runOnlyForDeploymentPostprocessing = 0;
			shellPath = /usr/bin/perl;
			shellScript = "$distdir = 'build/SlimServer.prefPane/Contents/server';\n$firmwaredir = 'build/SLIMP3 Firmware Updater.app/Contents';\n\nprint \"Removing old: $distdir\\n\";\nsystem \"rm -rf '$distdir'\";\n\nprint \"Copying: $distdir\\n\";\nsystem \"cp -Rf ../../../server '$distdir'\";\nsystem \"chmod a+x '$distdir/slimserver.pl'\";\n\nprint \"Copying: Slim Launcher.app\\n\";\nsystem \"ditto 'build/Slim Launcher.app' '$distdir/Slim Launcher.app'\";\n\nif (-e \"build/SlimLauncher\") {\n    system \"ditto 'build/SlimLauncher' '$distdir'\";\n}\n\nprint \"Copying: $firmwaredir/firmware\\n\";\nsystem \"mkdir '$firmwaredir/firmware'\";\nsystem \"cp ../../../slimp3/updater/update_firmware.pl '$firmwaredir/firmware'\";\nsystem \"cp ../../../slimp3/updater/MAIN.HEX '$firmwaredir/firmware'\";\nsystem \"cp 'Update Firmware.sh' '$firmwaredir/firmware'\";\n\ndie \"copy failed\" unless (-d $distdir);\ndie \"copy failed\" unless (-d $firmwaredir);\ndie \"copy failed\" unless (-d $firmwaredir . \"/firmware\");\n\nopen FIND, 'find \\''.$distdir.'\\' -name CVS -type d -print|';\n\nwhile ($cvsdir=<FIND>) {\n  chomp ($cvsdir);\n  print \"Deleting CVS: $cvsdir\\n\";\n  `rm -rf '$cvsdir'`;\n}\nclose FIND; \n\nopen FIND, 'ls  \\''.$distdir.'/CPAN/arch\\'|';\nwhile ($arches=<FIND>) {\n  chomp ($arches);\n  if ($arches !~ /darwin/) {\n\t  $thepath = $distdir.'/CPAN/arch/'.$arches;\n\t  print \"Deleting non-darwin arch stuff: $thepath\\n\";\n\t  `rm -rf '$thepath'`;\n  }\n}\n\nopen FIND, 'ls  \\''.$distdir.'/Bin\\'|';\nwhile ($arches=<FIND>) {\n  chomp ($arches);\n  if ($arches !~ /darwin/) {\n\t  $thepath = $distdir.'/Bin/'.$arches;\n\t  print \"Deleting non-darwin arch stuff: $thepath\\n\";\n\t  `rm -rf '$thepath'`;\n  }\n}\n\n\n";
		};
		F52F881A035DCC9901A80172 = {
			buildActionMask = 2147483647;
			files = (
				F52F8837035DD3B401A80172,
			);
			isa = PBXHeadersBuildPhase;
			runOnlyForDeploymentPostprocessing = 0;
		};
		F52F881B035DCC9901A80172 = {
			buildActionMask = 2147483647;
			files = (
				F52F8836035DD30401A80172,
				F52F8840035DDAB901A80172,
				E7EDF7CA03C5D71700A80172,
			);
			isa = PBXResourcesBuildPhase;
			runOnlyForDeploymentPostprocessing = 0;
		};
		F52F881C035DCC9901A80172 = {
			buildActionMask = 2147483647;
			files = (
				F52F8838035DD3B501A80172,
			);
			isa = PBXSourcesBuildPhase;
			runOnlyForDeploymentPostprocessing = 0;
		};
		F52F881D035DCC9901A80172 = {
			buildActionMask = 2147483647;
			files = (
				F52F8839035DD58001A80172,
				F52F883A035DD58401A80172,
				F52F883B035DD58501A80172,
			);
			isa = PBXFrameworksBuildPhase;
			runOnlyForDeploymentPostprocessing = 0;
		};
		F52F881E035DCC9901A80172 = {
			buildActionMask = 2147483647;
			files = (
			);
			isa = PBXRezBuildPhase;
			runOnlyForDeploymentPostprocessing = 0;
		};
		F52F881F035DCC9901A80172 = {
			buildPhases = (
				F52F881A035DCC9901A80172,
				F52F881B035DCC9901A80172,
				F52F881C035DCC9901A80172,
				F52F881D035DCC9901A80172,
				F52F881E035DCC9901A80172,
			);
			buildSettings = {
				OTHER_CFLAGS = "";
				OTHER_LDFLAGS = "";
				OTHER_REZFLAGS = "";
				PRODUCT_NAME = "Slim Launcher";
				SECTORDER_FLAGS = "";
				USE_GCC3_PFE_SUPPORT = YES;
				WARNING_CFLAGS = "-Wmost -Wno-four-char-constants -Wno-unknown-pragmas";
				WRAPPER_EXTENSION = app;
			};
			dependencies = (
			);
			isa = PBXApplicationTarget;
			name = "Slim Launcher";
			productInstallPath = "$(USER_APPS_DIR)";
			productName = "Slim Launcher";
			productReference = F52F8820035DCC9901A80172;
			productSettingsXML = "<?xml version=\"1.0\" encoding=\"UTF-8\"?>
<!DOCTYPE plist PUBLIC \"-//Apple Computer//DTD PLIST 1.0//EN\" \"http://www.apple.com/DTDs/PropertyList-1.0.dtd\">
<plist version=\"1.0\">
<dict>
	<key>CFBundleDevelopmentRegion</key>
	<string>English</string>
	<key>CFBundleExecutable</key>
	<string>Slim Launcher</string>
	<key>CFBundleGetInfoString</key>
	<string>Slim Launcher - (c) 2002-2003 by Slim Devices, Inc. All rights reserved.</string>
	<key>CFBundleIconFile</key>
	<string>slimicon.icns</string>
	<key>CFBundleIdentifier</key>
	<string>com.slimdevices.slim</string>
	<key>CFBundleInfoDictionaryVersion</key>
	<string>6.0</string>
	<key>CFBundleName</key>
	<string>Slim Launcher</string>
	<key>CFBundlePackageType</key>
	<string>APPL</string>
	<key>CFBundleShortVersionString</key>
	<string>5.1.3</string>
	<key>CFBundleSignature</key>
	<string>SLIM</string>
	<key>CFBundleVersion</key>
	<string>5.1.3</string>
	<key>LSBackgroundOnly</key>
	<string>1</string>
	<key>NSBackgroundOnly</key>
	<string>1</string>
	<key>NSMainNibFile</key>
	<string>MainMenu</string>
	<key>NSPrincipalClass</key>
	<string>SLIMServerLauncher</string>
</dict>
</plist>
";
		};
		F52F8820035DCC9901A80172 = {
			explicitFileType = wrapper.application;
			fallbackIsa = PBXFileReference;
			isa = PBXApplicationReference;
			path = "Slim Launcher.app";
			refType = 3;
			sourceTree = BUILT_PRODUCTS_DIR;
		};
		F52F8822035DCCA301A80172 = {
			children = (
				08FB77AFFE84173DC02AAC07,
				089C167CFE841241C02AAC07,
				089C1671FE841209C02AAC07,
				F5F1B9FC0360A2F101A80172,
			);
			isa = PBXGroup;
			name = "Preference Pane";
			refType = 4;
			sourceTree = "<group>";
		};
		F52F8823035DCCCC01A80172 = {
			children = (
				F52F8826035DCE7701A80172,
				F52F8825035DCE6F01A80172,
				F52F8824035DCE6501A80172,
			);
			isa = PBXGroup;
			name = "Slim Launcher";
			refType = 4;
			sourceTree = "<group>";
		};
		F52F8824035DCE6501A80172 = {
			children = (
				E7EDF7C503C5D26A00A80172,
			);
			isa = PBXGroup;
			name = "Other Sources";
			refType = 4;
			sourceTree = "<group>";
		};
		F52F8825035DCE6F01A80172 = {
			children = (
				F52F8827035DCE9701A80172,
				F52F8828035DCE9701A80172,
				E744CA9F03D9BCC700A80172,
				E744CAA003D9BCC700A80172,
			);
			isa = PBXGroup;
			name = Classes;
			refType = 4;
			sourceTree = "<group>";
		};
		F52F8826035DCE7701A80172 = {
			children = (
				F52F8834035DD30401A80172,
				F52F883E035DDAB901A80172,
			);
			isa = PBXGroup;
			name = Resources;
			refType = 4;
			sourceTree = "<group>";
		};
		F52F8827035DCE9701A80172 = {
			fileEncoding = 30;
			isa = PBXFileReference;
			lastKnownFileType = sourcecode.c.h;
			path = SLIMServerLauncher.h;
			refType = 4;
			sourceTree = "<group>";
		};
		F52F8828035DCE9701A80172 = {
			fileEncoding = 30;
			isa = PBXFileReference;
			lastKnownFileType = sourcecode.c.objc;
			path = SLIMServerLauncher.m;
			refType = 4;
			sourceTree = "<group>";
		};
		F52F8834035DD30401A80172 = {
			children = (
				F52F8835035DD30401A80172,
			);
			isa = PBXVariantGroup;
			name = MainMenu.nib;
			path = "";
			refType = 4;
			sourceTree = "<group>";
		};
		F52F8835035DD30401A80172 = {
			isa = PBXFileReference;
			lastKnownFileType = wrapper.nib;
			name = English;
			path = English.lproj/MainMenu.nib;
			refType = 4;
			sourceTree = "<group>";
		};
		F52F8836035DD30401A80172 = {
			fileRef = F52F8834035DD30401A80172;
			isa = PBXBuildFile;
			settings = {
			};
		};
		F52F8837035DD3B401A80172 = {
			fileRef = F52F8827035DCE9701A80172;
			isa = PBXBuildFile;
			settings = {
			};
		};
		F52F8838035DD3B501A80172 = {
			fileRef = F52F8828035DCE9701A80172;
			isa = PBXBuildFile;
			settings = {
			};
		};
		F52F8839035DD58001A80172 = {
			fileRef = 1058C7ADFEA557BF11CA2CBB;
			isa = PBXBuildFile;
			settings = {
			};
		};
		F52F883A035DD58401A80172 = {
			fileRef = 089C1672FE841209C02AAC07;
			isa = PBXBuildFile;
			settings = {
			};
		};
		F52F883B035DD58501A80172 = {
			fileRef = 089C167FFE841241C02AAC07;
			isa = PBXBuildFile;
			settings = {
			};
		};
		F52F883E035DDAB901A80172 = {
			isa = PBXFileReference;
			lastKnownFileType = image.icns;
			path = slimicon.icns;
			refType = 4;
			sourceTree = "<group>";
		};
		F52F8840035DDAB901A80172 = {
			fileRef = F52F883E035DDAB901A80172;
			isa = PBXBuildFile;
			settings = {
			};
		};
		F52F8841035DE5A801A80172 = {
			fileRef = F52F883E035DDAB901A80172;
			isa = PBXBuildFile;
			settings = {
			};
		};
		F52F884D035DF02B01A80172 = {
			isa = PBXFileReference;
			lastKnownFileType = image.icns;
			path = slimoff.icns;
			refType = 4;
			sourceTree = "<group>";
		};
		F52F884E035DF02B01A80172 = {
			fileRef = F52F884D035DF02B01A80172;
			isa = PBXBuildFile;
			settings = {
			};
		};
		F52F8854035DF5F401A80172 = {
			children = (
				F52F885D035DF7A401A80172,
				F52F885E035DF7A401A80172,
				F58B087E035DF9CE01A80172,
			);
			isa = PBXGroup;
			name = "PrefPane Tester";
			path = "";
			refType = 4;
			sourceTree = "<group>";
		};
		F52F885D035DF7A401A80172 = {
			fileEncoding = 30;
			isa = PBXFileReference;
			lastKnownFileType = sourcecode.c.h;
			path = Test.h;
			refType = 4;
			sourceTree = "<group>";
		};
		F52F885E035DF7A401A80172 = {
			fileEncoding = 30;
			isa = PBXFileReference;
			lastKnownFileType = sourcecode.c.objc;
			path = Test.m;
			refType = 4;
			sourceTree = "<group>";
		};
		F56E7160035DB29001A80172 = {
			children = (
				F56E7161035DB29001A80172,
				05286B1505D4483900E88B81,
				0591BEFB05FCCF7E00F5DCAE,
				0545F87306377BFA00BA96E1,
			);
			isa = PBXVariantGroup;
			name = Localizable.strings;
			path = "";
			refType = 4;
			sourceTree = "<group>";
		};
		F56E7161035DB29001A80172 = {
			fileEncoding = 4;
			isa = PBXFileReference;
			lastKnownFileType = text.plist.strings;
			name = English;
			path = English.lproj/Localizable.strings;
			refType = 4;
			sourceTree = "<group>";
		};
		F56E7162035DB29001A80172 = {
			fileRef = F56E7160035DB29001A80172;
			isa = PBXBuildFile;
			settings = {
			};
		};
		F58B086A035DF7DA01A80172 = {
			buildActionMask = 2147483647;
			files = (
				F58B087C035DF80201A80172,
			);
			isa = PBXHeadersBuildPhase;
			runOnlyForDeploymentPostprocessing = 0;
		};
		F58B086B035DF7DA01A80172 = {
			buildActionMask = 2147483647;
			files = (
				F58B0880035DF9CE01A80172,
			);
			isa = PBXResourcesBuildPhase;
			runOnlyForDeploymentPostprocessing = 0;
		};
		F58B086C035DF7DA01A80172 = {
			buildActionMask = 2147483647;
			files = (
				F58B087D035DF80201A80172,
			);
			isa = PBXSourcesBuildPhase;
			runOnlyForDeploymentPostprocessing = 0;
		};
		F58B086D035DF7DA01A80172 = {
			buildActionMask = 2147483647;
			files = (
				F58B0882035DFA0401A80172,
			);
			isa = PBXFrameworksBuildPhase;
			runOnlyForDeploymentPostprocessing = 0;
		};
		F58B086E035DF7DA01A80172 = {
			buildActionMask = 2147483647;
			files = (
			);
			isa = PBXRezBuildPhase;
			runOnlyForDeploymentPostprocessing = 0;
		};
		F58B086F035DF7DA01A80172 = {
			buildPhases = (
				F58B086A035DF7DA01A80172,
				F58B086B035DF7DA01A80172,
				F58B086C035DF7DA01A80172,
				F58B086D035DF7DA01A80172,
				F58B086E035DF7DA01A80172,
			);
			buildSettings = {
				OTHER_CFLAGS = "";
				OTHER_LDFLAGS = "";
				OTHER_REZFLAGS = "";
				PRODUCT_NAME = "Slim Preference Tester";
				SECTORDER_FLAGS = "";
				USE_GCC3_PFE_SUPPORT = YES;
				WARNING_CFLAGS = "-Wmost -Wno-four-char-constants -Wno-unknown-pragmas";
				WRAPPER_EXTENSION = app;
			};
			dependencies = (
				F58B0881035DF9ED01A80172,
			);
			isa = PBXApplicationTarget;
			name = "Slim Pref Tester";
			productInstallPath = "$(USER_APPS_DIR)";
			productName = "Slim Pref Tester";
			productReference = F58B0870035DF7DA01A80172;
			productSettingsXML = "<?xml version=\"1.0\" encoding=\"UTF-8\"?>
<!DOCTYPE plist PUBLIC \"-//Apple Computer//DTD PLIST 1.0//EN\" \"http://www.apple.com/DTDs/PropertyList-1.0.dtd\">
<plist version=\"1.0\">
<dict>
	<key>CFBundleDevelopmentRegion</key>
	<string>English</string>
	<key>CFBundleExecutable</key>
	<string>Slim Preference Tester</string>
	<key>CFBundleGetInfoString</key>
	<string></string>
	<key>CFBundleIconFile</key>
	<string></string>
	<key>CFBundleIdentifier</key>
	<string>com.slimdevices.slim</string>
	<key>CFBundleInfoDictionaryVersion</key>
	<string>6.0</string>
	<key>CFBundleName</key>
	<string>Slim Preference Tester</string>
	<key>CFBundlePackageType</key>
	<string>APPL</string>
	<key>CFBundleShortVersionString</key>
	<string>5.1.3</string>
	<key>CFBundleSignature</key>
	<string>SLIM</string>
	<key>CFBundleVersion</key>
	<string>5.1.3</string>
	<key>NSMainNibFile</key>
	<string>Test</string>
	<key>NSPrincipalClass</key>
	<string>NSApplication</string>
</dict>
</plist>
";
		};
		F58B0870035DF7DA01A80172 = {
			explicitFileType = wrapper.application;
			fallbackIsa = PBXFileReference;
			isa = PBXApplicationReference;
			path = "Slim Preference Tester.app";
			refType = 3;
			sourceTree = BUILT_PRODUCTS_DIR;
		};
		F58B0871035DF7DA01A80172 = {
			children = (
				F52F8820035DCC9901A80172,
				06F27B2EFFEEEFEF11CA0E56,
				F58B0870035DF7DA01A80172,
				E7C5E13603C615BB00A80172,
				E7447F9203D905BA00A80172,
				E7A8BC80054C439400876841,
			);
			isa = PBXGroup;
			name = Products;
			refType = 4;
			sourceTree = "<group>";
		};
		F58B087C035DF80201A80172 = {
			fileRef = F52F885D035DF7A401A80172;
			isa = PBXBuildFile;
			settings = {
			};
		};
		F58B087D035DF80201A80172 = {
			fileRef = F52F885E035DF7A401A80172;
			isa = PBXBuildFile;
			settings = {
			};
		};
		F58B087E035DF9CE01A80172 = {
			children = (
				F58B087F035DF9CE01A80172,
			);
			isa = PBXVariantGroup;
			name = Test.nib;
			path = "";
			refType = 4;
			sourceTree = "<group>";
		};
		F58B087F035DF9CE01A80172 = {
			isa = PBXFileReference;
			lastKnownFileType = wrapper.nib;
			name = English;
			path = English.lproj/Test.nib;
			refType = 4;
			sourceTree = "<group>";
		};
		F58B0880035DF9CE01A80172 = {
			fileRef = F58B087E035DF9CE01A80172;
			isa = PBXBuildFile;
			settings = {
			};
		};
		F58B0881035DF9ED01A80172 = {
			isa = PBXTargetDependency;
			target = 089C1673FE841209C02AAC07;
			targetProxy = 0544135A0544B1480086FD13;
		};
		F58B0882035DFA0401A80172 = {
			fileRef = 1058C7ADFEA557BF11CA2CBB;
			isa = PBXBuildFile;
			settings = {
			};
		};
		F5A48B32038AC8EE01A80172 = {
			fallbackIsa = PBXFileReference;
			fileEncoding = 30;
			isa = PBXExecutableFileReference;
			lastKnownFileType = text.script.sh;
			path = "Update Firmware.sh";
			refType = 4;
			sourceTree = "<group>";
		};
		F5E9C0C403A51768010001CC = {
			isa = PBXFileReference;
			lastKnownFileType = image.tiff;
			path = "logo-color-on-white copy.tif";
			refType = 4;
			sourceTree = "<group>";
		};
		F5E9C0C503A51768010001CC = {
			fileRef = F5E9C0C403A51768010001CC;
			isa = PBXBuildFile;
			settings = {
			};
		};
		F5EC8D80035F597B01A80172 = {
			fallbackIsa = PBXFileReference;
			isa = PBXFrameworkReference;
			lastKnownFileType = wrapper.framework;
			name = Security.framework;
			path = /System/Library/Frameworks/Security.framework;
			refType = 0;
			sourceTree = "<absolute>";
		};
		F5EC8DB0035F597B01A80172 = {
			fileRef = F5EC8D80035F597B01A80172;
			isa = PBXBuildFile;
			settings = {
			};
		};
		F5F1B9FC0360A2F101A80172 = {
			children = (
				E7EDF7BB03C5D22300A80172,
				E7EDF7C303C5D25800A80172,
				E7EDF7BC03C5D22300A80172,
				E7EDF7BE03C5D22300A80172,
			);
			isa = PBXGroup;
			name = "Other Sources";
			path = "";
			refType = 4;
			sourceTree = "<group>";
		};
	};
	rootObject = 089C1669FE841209C02AAC07;
}
