// !$*UTF8*$!
{
	archiveVersion = 1;
	classes = {
	};
	objectVersion = 39;
	objects = {
		054032D203F42BC800000167 = {
			expectedFileType = image.icns;
			isa = PBXFileReference;
			name = sliminstaller.icns;
			path = Installer/sliminstaller.icns;
			refType = 4;
			sourceTree = "<group>";
		};
		054032D303F42BC800000167 = {
			fileRef = 054032D203F42BC800000167;
			isa = PBXBuildFile;
			settings = {
			};
		};
		054413570544B1480086FD13 = {
			containerPortal = 089C1669FE841209C02AAC07;
			isa = PBXContainerItemProxy;
			proxyType = 1;
			remoteGlobalIDString = F52F881F035DCC9901A80172;
			remoteInfo = "Slim Launcher";
		};
		054413580544B1480086FD13 = {
			containerPortal = 089C1669FE841209C02AAC07;
			isa = PBXContainerItemProxy;
			proxyType = 1;
			remoteGlobalIDString = E7C5E13503C615BB00A80172;
			remoteInfo = "Slim Server Installer";
		};
		0544135A0544B1480086FD13 = {
			containerPortal = 089C1669FE841209C02AAC07;
			isa = PBXContainerItemProxy;
			proxyType = 1;
			remoteGlobalIDString = 089C1673FE841209C02AAC07;
			remoteInfo = "Slim Server";
		};
		059A4DFE03C624BB000001CC = {
			expectedFileType = image.tiff;
			isa = PBXFileReference;
			path = slimlogotype.tiff;
			refType = 4;
			sourceTree = "<group>";
		};
		059A4DFF03C624BB000001CC = {
			fileRef = 059A4DFE03C624BB000001CC;
			isa = PBXBuildFile;
			settings = {
			};
		};
//050
//051
//052
//053
//054
//060
//061
//062
//063
//064
		06F27B2EFFEEEFEF11CA0E56 = {
			expectedFileType = wrapper.cfbundle;
			fallbackIsa = PBXFileReference;
			isa = PBXBundleReference;
			path = "Slim Server.prefPane";
			refType = 3;
			sourceTree = BUILT_PRODUCTS_DIR;
		};
		06F27B30FFEEEFEF11CA0E56 = {
			buildRules = (
			);
			buildSettings = {
				COPY_PHASE_STRIP = NO;
				GCC_DYNAMIC_NO_PIC = NO;
				GCC_ENABLE_FIX_AND_CONTINUE = YES;
				GCC_GENERATE_DEBUGGING_SYMBOLS = YES;
				GCC_OPTIMIZATION_LEVEL = 0;
				OPTIMIZATION_CFLAGS = "-O0";
				ZERO_LINK = YES;
			};
			isa = PBXBuildStyle;
			name = Development;
		};
		06F27B31FFEEEFEF11CA0E56 = {
			buildRules = (
			);
			buildSettings = {
				COPY_PHASE_STRIP = YES;
				GCC_ENABLE_FIX_AND_CONTINUE = NO;
				ZERO_LINK = NO;
			};
			isa = PBXBuildStyle;
			name = Deployment;
		};
//060
//061
//062
//063
//064
//080
//081
//082
//083
//084
		089C1669FE841209C02AAC07 = {
			buildSettings = {
			};
			buildStyles = (
				06F27B30FFEEEFEF11CA0E56,
				06F27B31FFEEEFEF11CA0E56,
			);
			hasScannedForEncodings = 1;
			isa = PBXProject;
			mainGroup = 089C166AFE841209C02AAC07;
			productRefGroup = F58B0871035DF7DA01A80172;
			projectDirPath = "";
			targets = (
				089C1673FE841209C02AAC07,
				F52F881F035DCC9901A80172,
				F58B086F035DF7DA01A80172,
				E7C5E13503C615BB00A80172,
				E7447F9103D905BA00A80172,
			);
		};
		089C166AFE841209C02AAC07 = {
			children = (
				F52F8822035DCCA301A80172,
				F52F8854035DF5F401A80172,
				F52F8823035DCCCC01A80172,
				E7447F8C03D904ED00A80172,
				E7C5E12903C6149C00A80172,
				F58B0871035DF7DA01A80172,
			);
			isa = PBXGroup;
			name = "Slim Server";
			refType = 4;
			sourceTree = "<group>";
		};
		089C1671FE841209C02AAC07 = {
			children = (
				1058C7ACFEA557BF11CA2CBB,
				1058C7AEFEA557BF11CA2CBB,
			);
			isa = PBXGroup;
			name = "Frameworks and Libraries";
			path = "";
			refType = 4;
			sourceTree = "<group>";
		};
		089C1672FE841209C02AAC07 = {
			expectedFileType = wrapper.framework;
			fallbackIsa = PBXFileReference;
			isa = PBXFrameworkReference;
			name = Foundation.framework;
			path = /System/Library/Frameworks/Foundation.framework;
			refType = 0;
			sourceTree = "<absolute>";
		};
		089C1673FE841209C02AAC07 = {
			buildPhases = (
				089C1674FE841209C02AAC07,
				089C1675FE841209C02AAC07,
				089C1676FE841209C02AAC07,
				089C1677FE841209C02AAC07,
				089C1679FE841209C02AAC07,
				F5206109038E987301A80172,
			);
			buildSettings = {
				FRAMEWORK_SEARCH_PATHS = "";
				GCC_TREAT_WARNINGS_AS_ERRORS = YES;
				GENERATE_PKGINFO_FILE = YES;
				HEADER_SEARCH_PATHS = "";
				INSTALL_PATH = "$(HOME)/Library/PreferencePanes";
				LIBRARY_SEARCH_PATHS = "";
				OTHER_CFLAGS = "";
				OTHER_LDFLAGS = "-bundle -twolevel_namespace";
				OTHER_REZFLAGS = "";
				PRODUCT_NAME = "Slim Server";
				SECTORDER_FLAGS = "";
				WARNING_CFLAGS = "-Wmost -Wno-four-char-constants -Wno-unknown-pragmas";
				WRAPPER_EXTENSION = prefPane;
			};
			dependencies = (
				E736AD1E03C74D2700A80172,
				E7447F9E03D9079A00A80172,
			);
			isa = PBXBundleTarget;
			name = "Slim Server";
			productInstallPath = "$(HOME)/Library/PreferencePanes";
			productName = "Slim Server";
			productReference = 06F27B2EFFEEEFEF11CA0E56;
			productSettingsXML = "<?xml version=\"1.0\" encoding=\"UTF-8\"?>
<!DOCTYPE plist PUBLIC \"-//Apple Computer//DTD PLIST 1.0//EN\" \"http://www.apple.com/DTDs/PropertyList-1.0.dtd\">
<plist version=\"1.0\">
<dict>
	<key>CFBundleDevelopmentRegion</key>
	<string>English</string>
	<key>CFBundleExecutable</key>
	<string>Slim Server</string>
	<key>CFBundleGetInfoString</key>
	<string>Slim Server Preference Pane - (c) 2002-2003 by Slim Devices, Inc. All rights reserved.</string>
	<key>CFBundleIconFile</key>
	<string>slimicon.icns</string>
	<key>CFBundleIdentifier</key>
	<string>com.slimdevices.slim</string>
	<key>CFBundleInfoDictionaryVersion</key>
	<string>6.0</string>
	<key>CFBundleName</key>
	<string>Slim Server</string>
	<key>CFBundlePackageType</key>
	<string>BNDL</string>
	<key>CFBundleShortVersionString</key>
	<string>4.2.1</string>
	<key>CFBundleSignature</key>
	<string>????</string>
	<key>CFBundleVersion</key>
	<string>4.2.1</string>
	<key>NSMainNibFile</key>
	<string>Slim_ServerPref</string>
	<key>NSPrefPaneIconFile</key>
	<string>Slim_ServerPref.tiff</string>
	<key>NSPrincipalClass</key>
	<string>Slim_ServerPref</string>
</dict>
</plist>
";
		};
		089C1674FE841209C02AAC07 = {
			buildActionMask = 2147483647;
			files = (
				F506C03E013D9D7901CA16C8,
			);
			isa = PBXHeadersBuildPhase;
			runOnlyForDeploymentPostprocessing = 0;
		};
		089C1675FE841209C02AAC07 = {
			buildActionMask = 2147483647;
			files = (
				089C1680FE841241C02AAC07,
				F506C041013D9D8001CA16C8,
				F506C044013D9D8C01CA16C8,
				F56E7162035DB29001A80172,
				F52F8841035DE5A801A80172,
				F52F884E035DF02B01A80172,
				F5E9C0C503A51768010001CC,
				E7EDF7BF03C5D22300A80172,
				E7EDF7C003C5D22300A80172,
				E7EDF7C203C5D22300A80172,
				E7EDF7C403C5D25800A80172,
				E7EDF7C603C5D26A00A80172,
				059A4DFF03C624BB000001CC,
			);
			isa = PBXResourcesBuildPhase;
			runOnlyForDeploymentPostprocessing = 0;
		};
		089C1676FE841209C02AAC07 = {
			buildActionMask = 2147483647;
			files = (
				F506C03F013D9D7901CA16C8,
			);
			isa = PBXSourcesBuildPhase;
			runOnlyForDeploymentPostprocessing = 0;
		};
		089C1677FE841209C02AAC07 = {
			buildActionMask = 2147483647;
			files = (
				1058C7AFFEA557BF11CA2CBB,
				F506C036013D953901CA16C8,
				F5EC8DB0035F597B01A80172,
			);
			isa = PBXFrameworksBuildPhase;
			runOnlyForDeploymentPostprocessing = 0;
		};
		089C1679FE841209C02AAC07 = {
			buildActionMask = 2147483647;
			files = (
			);
			isa = PBXRezBuildPhase;
			runOnlyForDeploymentPostprocessing = 0;
		};
		089C167CFE841241C02AAC07 = {
			children = (
				F506C040013D9D8001CA16C8,
				089C167DFE841241C02AAC07,
				F506C042013D9D8C01CA16C8,
				F56E7160035DB29001A80172,
				F52F884D035DF02B01A80172,
				F5E9C0C403A51768010001CC,
				059A4DFE03C624BB000001CC,
			);
			isa = PBXGroup;
			name = Resources;
			path = "";
			refType = 4;
			sourceTree = "<group>";
		};
		089C167DFE841241C02AAC07 = {
			children = (
				089C167EFE841241C02AAC07,
			);
			isa = PBXVariantGroup;
			name = InfoPlist.strings;
			refType = 4;
			sourceTree = "<group>";
		};
		089C167EFE841241C02AAC07 = {
			expectedFileType = text.plist.strings;
			fileEncoding = 10;
			isa = PBXFileReference;
			name = English;
			path = English.lproj/InfoPlist.strings;
			refType = 4;
			sourceTree = "<group>";
		};
		089C167FFE841241C02AAC07 = {
			expectedFileType = wrapper.framework;
			fallbackIsa = PBXFileReference;
			isa = PBXFrameworkReference;
			name = AppKit.framework;
			path = /System/Library/Frameworks/AppKit.framework;
			refType = 0;
			sourceTree = "<absolute>";
		};
		089C1680FE841241C02AAC07 = {
			fileRef = 089C167DFE841241C02AAC07;
			isa = PBXBuildFile;
			settings = {
			};
		};
		08FB77AFFE84173DC02AAC07 = {
			children = (
				F506C03C013D9D7901CA16C8,
				F506C03D013D9D7901CA16C8,
			);
			isa = PBXGroup;
			name = Classes;
			path = "";
			refType = 4;
			sourceTree = "<group>";
		};
//080
//081
//082
//083
//084
//100
//101
//102
//103
//104
		1058C7ACFEA557BF11CA2CBB = {
			children = (
				1058C7ADFEA557BF11CA2CBB,
				F506C035013D953901CA16C8,
				F5EC8D80035F597B01A80172,
			);
			isa = PBXGroup;
			name = "Linked Frameworks";
			refType = 4;
			sourceTree = "<group>";
		};
		1058C7ADFEA557BF11CA2CBB = {
			expectedFileType = wrapper.framework;
			fallbackIsa = PBXFileReference;
			isa = PBXFrameworkReference;
			name = Cocoa.framework;
			path = /System/Library/Frameworks/Cocoa.framework;
			refType = 0;
			sourceTree = "<absolute>";
		};
		1058C7AEFEA557BF11CA2CBB = {
			children = (
				089C1672FE841209C02AAC07,
				089C167FFE841241C02AAC07,
			);
			isa = PBXGroup;
			name = "Other Frameworks";
			refType = 4;
			sourceTree = "<group>";
		};
		1058C7AFFEA557BF11CA2CBB = {
			fileRef = 1058C7ADFEA557BF11CA2CBB;
			isa = PBXBuildFile;
			settings = {
			};
		};
//100
//101
//102
//103
//104
//E70
//E71
//E72
//E73
//E74
		E736AD1A03C74D0000A80172 = {
			expectedFileType = sourcecode.c.h;
			fileEncoding = 30;
			isa = PBXFileReference;
			name = "Slim Server Installer.h";
			path = "Installer/Slim Server Installer.h";
			refType = 4;
			sourceTree = "<group>";
		};
		E736AD1B03C74D0000A80172 = {
			expectedFileType = sourcecode.c.objc;
			fileEncoding = 30;
			isa = PBXFileReference;
			name = "Slim Server Installer.m";
			path = "Installer/Slim Server Installer.m";
			refType = 4;
			sourceTree = "<group>";
		};
		E736AD1C03C74D0000A80172 = {
			fileRef = E736AD1A03C74D0000A80172;
			isa = PBXBuildFile;
			settings = {
			};
		};
		E736AD1D03C74D0000A80172 = {
			fileRef = E736AD1B03C74D0000A80172;
			isa = PBXBuildFile;
			settings = {
			};
		};
		E736AD1E03C74D2700A80172 = {
			isa = PBXTargetDependency;
			target = E7C5E13503C615BB00A80172;
			targetProxy = 054413580544B1480086FD13;
		};
		E74160210428EB9300A80172 = {
			expectedFileType = text.script.sh;
			fallbackIsa = PBXFileReference;
			fileEncoding = 30;
			isa = PBXExecutableFileReference;
			name = Preflight.sh;
			path = Installer/Preflight.sh;
			refType = 4;
			sourceTree = "<group>";
		};
		E74160220428EB9300A80172 = {
			fileRef = E74160210428EB9300A80172;
			isa = PBXBuildFile;
			settings = {
			};
		};
		E7447F8C03D904ED00A80172 = {
			children = (
				E7447F9403D905E900A80172,
				E7447F9503D905E900A80172,
			);
			isa = PBXGroup;
			name = "Slim Launcher Tool";
			refType = 4;
			sourceTree = "<group>";
		};
		E7447F8D03D905BA00A80172 = {
			buildActionMask = 2147483647;
			files = (
				E7447F9603D905E900A80172,
				E744CAA103D9BCC700A80172,
			);
			isa = PBXHeadersBuildPhase;
			runOnlyForDeploymentPostprocessing = 0;
		};
		E7447F8E03D905BA00A80172 = {
			buildActionMask = 2147483647;
			files = (
				E7447F9703D905E900A80172,
				E744CAA203D9BCC700A80172,
			);
			isa = PBXSourcesBuildPhase;
			runOnlyForDeploymentPostprocessing = 0;
		};
		E7447F8F03D905BA00A80172 = {
			buildActionMask = 2147483647;
			files = (
				E7447F9803D905FF00A80172,
			);
			isa = PBXFrameworksBuildPhase;
			runOnlyForDeploymentPostprocessing = 0;
		};
		E7447F9003D905BA00A80172 = {
			buildActionMask = 2147483647;
			files = (
			);
			isa = PBXRezBuildPhase;
			runOnlyForDeploymentPostprocessing = 0;
		};
		E7447F9103D905BA00A80172 = {
			buildPhases = (
				E7447F8D03D905BA00A80172,
				E7447F8E03D905BA00A80172,
				E7447F8F03D905BA00A80172,
				E7447F9003D905BA00A80172,
			);
			buildSettings = {
				GCC_TREAT_WARNINGS_AS_ERRORS = YES;
				OTHER_CFLAGS = "";
				OTHER_LDFLAGS = "";
				OTHER_REZFLAGS = "";
				PRECOMPILE_PREFIX_HEADER = YES;
				PREFIX_HEADER = SlimLauncher_Prefix.h;
				PRODUCT_NAME = SlimLauncher;
				REZ_EXECUTABLE = YES;
				SECTORDER_FLAGS = "";
				WARNING_CFLAGS = "-Wmost -Wno-four-char-constants -Wno-unknown-pragmas";
			};
			dependencies = (
			);
			isa = PBXToolTarget;
			name = SlimLauncher;
			productInstallPath = /usr/local/bin;
			productName = SlimLauncher;
			productReference = E7447F9203D905BA00A80172;
		};
		E7447F9203D905BA00A80172 = {
			expectedFileType = "compiled.mach-o.executable";
			fallbackIsa = PBXFileReference;
			isa = PBXExecutableFileReference;
			path = SlimLauncher;
			refType = 3;
			sourceTree = BUILT_PRODUCTS_DIR;
		};
		E7447F9403D905E900A80172 = {
			expectedFileType = sourcecode.c.h;
			fileEncoding = 30;
			isa = PBXFileReference;
			path = SlimLauncher_Prefix.h;
			refType = 4;
			sourceTree = "<group>";
		};
		E7447F9503D905E900A80172 = {
			expectedFileType = sourcecode.c.objc;
			fileEncoding = 30;
			isa = PBXFileReference;
			path = SlimLauncherTool.m;
			refType = 4;
			sourceTree = "<group>";
		};
		E7447F9603D905E900A80172 = {
			fileRef = E7447F9403D905E900A80172;
			isa = PBXBuildFile;
			settings = {
			};
		};
		E7447F9703D905E900A80172 = {
			fileRef = E7447F9503D905E900A80172;
			isa = PBXBuildFile;
			settings = {
			};
		};
		E7447F9803D905FF00A80172 = {
			fileRef = 089C1672FE841209C02AAC07;
			isa = PBXBuildFile;
			settings = {
			};
		};
		E7447F9E03D9079A00A80172 = {
			isa = PBXTargetDependency;
			target = F52F881F035DCC9901A80172;
			targetProxy = 054413570544B1480086FD13;
		};
		E744CA9F03D9BCC700A80172 = {
			expectedFileType = sourcecode.c.h;
			fileEncoding = 4;
			isa = PBXFileReference;
			path = SLIMRendezvousPublisher.h;
			refType = 4;
			sourceTree = "<group>";
		};
		E744CAA003D9BCC700A80172 = {
			expectedFileType = sourcecode.c.objc;
			fileEncoding = 4;
			isa = PBXFileReference;
			path = SLIMRendezvousPublisher.m;
			refType = 4;
			sourceTree = "<group>";
		};
		E744CAA103D9BCC700A80172 = {
			fileRef = E744CA9F03D9BCC700A80172;
			isa = PBXBuildFile;
			settings = {
			};
		};
		E744CAA203D9BCC700A80172 = {
			fileRef = E744CAA003D9BCC700A80172;
			isa = PBXBuildFile;
			settings = {
			};
		};
		E760389203C61F6A00A80172 = {
			children = (
				E736AD1A03C74D0000A80172,
				E736AD1B03C74D0000A80172,
			);
			isa = PBXGroup;
			name = Classes;
			refType = 4;
			sourceTree = "<group>";
		};
		E77C98AA03F33E8500FE7493 = {
			expectedFileType = text.script.sh;
			fallbackIsa = PBXFileReference;
			fileEncoding = 30;
			isa = PBXExecutableFileReference;
			name = InstallSlim.sh;
			path = Installer/InstallSlim.sh;
			refType = 4;
			sourceTree = "<group>";
		};
		E77C98AB03F33E8500FE7493 = {
			fileRef = E77C98AA03F33E8500FE7493;
			isa = PBXBuildFile;
			settings = {
			};
		};
		E78793C303C7444B00A80172 = {
			fileRef = F5EC8D80035F597B01A80172;
			isa = PBXBuildFile;
			settings = {
			};
		};
		E78793C403C7444D00A80172 = {
			fileRef = 1058C7ADFEA557BF11CA2CBB;
			isa = PBXBuildFile;
			settings = {
			};
		};
		E78793E003C74C1100A80172 = {
			fileRef = F52F883E035DDAB901A80172;
			isa = PBXBuildFile;
			settings = {
			};
		};
		E7C5E12903C6149C00A80172 = {
			children = (
				E760389203C61F6A00A80172,
				E7C5E14703C6164500A80172,
				E7C5E14803C6166900A80172,
			);
			isa = PBXGroup;
			name = Installer;
			refType = 4;
			sourceTree = "<group>";
		};
		E7C5E13003C615BB00A80172 = {
			buildActionMask = 2147483647;
			files = (
				E7C5E13F03C6161300A80172,
				E736AD1C03C74D0000A80172,
			);
			isa = PBXHeadersBuildPhase;
			runOnlyForDeploymentPostprocessing = 0;
		};
		E7C5E13103C615BB00A80172 = {
			buildActionMask = 2147483647;
			files = (
				E7C5E14503C6163000A80172,
				E7C5E14603C6163000A80172,
				E78793E003C74C1100A80172,
				E77C98AB03F33E8500FE7493,
				054032D303F42BC800000167,
				E74160220428EB9300A80172,
			);
			isa = PBXResourcesBuildPhase;
			runOnlyForDeploymentPostprocessing = 0;
		};
		E7C5E13203C615BB00A80172 = {
			buildActionMask = 2147483647;
			files = (
				E7C5E14003C6161300A80172,
				E736AD1D03C74D0000A80172,
			);
			isa = PBXSourcesBuildPhase;
			runOnlyForDeploymentPostprocessing = 0;
		};
		E7C5E13303C615BB00A80172 = {
			buildActionMask = 2147483647;
			files = (
				E78793C303C7444B00A80172,
				E78793C403C7444D00A80172,
			);
			isa = PBXFrameworksBuildPhase;
			runOnlyForDeploymentPostprocessing = 0;
		};
		E7C5E13403C615BB00A80172 = {
			buildActionMask = 2147483647;
			files = (
			);
			isa = PBXRezBuildPhase;
			runOnlyForDeploymentPostprocessing = 0;
		};
		E7C5E13503C615BB00A80172 = {
			buildPhases = (
				E7C5E13003C615BB00A80172,
				E7C5E13103C615BB00A80172,
				E7C5E13203C615BB00A80172,
				E7C5E13303C615BB00A80172,
				E7C5E13403C615BB00A80172,
			);
			buildSettings = {
				GCC_TREAT_WARNINGS_AS_ERRORS = YES;
				OTHER_CFLAGS = "";
				OTHER_LDFLAGS = "";
				OTHER_REZFLAGS = "";
				PRODUCT_NAME = "Slim Server Installer";
				SECTORDER_FLAGS = "";
				WARNING_CFLAGS = "-Wmost -Wno-four-char-constants -Wno-unknown-pragmas";
				WRAPPER_EXTENSION = app;
			};
			dependencies = (
			);
			isa = PBXApplicationTarget;
			name = "Slim Server Installer";
			productInstallPath = "$(USER_APPS_DIR)";
			productName = "Slim Server Installer";
			productReference = E7C5E13603C615BB00A80172;
			productSettingsXML = "<?xml version=\"1.0\" encoding=\"UTF-8\"?>
<!DOCTYPE plist PUBLIC \"-//Apple Computer//DTD PLIST 1.0//EN\" \"http://www.apple.com/DTDs/PropertyList-1.0.dtd\">
<plist version=\"1.0\">
<dict>
	<key>CFBundleDevelopmentRegion</key>
	<string>English</string>
	<key>CFBundleExecutable</key>
	<string>Slim Server Installer</string>
	<key>CFBundleGetInfoString</key>
	<string>Slim Server Installer, Version 3.1b4, Copyright 2003 Slim Devices, Inc. All Rights Reserved</string>
	<key>CFBundleIconFile</key>
	<string>sliminstaller.icns</string>
	<key>CFBundleIdentifier</key>
	<string>com.slimdevices.sliminstaller</string>
	<key>CFBundleInfoDictionaryVersion</key>
	<string>6.0</string>
	<key>CFBundleName</key>
	<string>Slim Server Installer</string>
	<key>CFBundlePackageType</key>
	<string>APPL</string>
	<key>CFBundleShortVersionString</key>
	<string>4.2.1</string>
	<key>CFBundleSignature</key>
	<string>????</string>
	<key>CFBundleVersion</key>
	<string>4.2.1</string>
	<key>NSMainNibFile</key>
	<string>MainMenu.nib</string>
	<key>NSPrincipalClass</key>
	<string>NSApplication</string>
</dict>
</plist>
";
		};
		E7C5E13603C615BB00A80172 = {
			expectedFileType = wrapper.application;
			fallbackIsa = PBXFileReference;
			isa = PBXApplicationReference;
			path = "Slim Server Installer.app";
			refType = 3;
			sourceTree = BUILT_PRODUCTS_DIR;
		};
		E7C5E13D03C6161300A80172 = {
			expectedFileType = sourcecode.c.h;
			fileEncoding = 30;
			isa = PBXFileReference;
			name = Installer_Prefix.h;
			path = Installer/Installer_Prefix.h;
			refType = 4;
			sourceTree = "<group>";
		};
		E7C5E13E03C6161300A80172 = {
			expectedFileType = sourcecode.c.objc;
			fileEncoding = 30;
			isa = PBXFileReference;
			name = main.m;
			path = Installer/main.m;
			refType = 4;
			sourceTree = "<group>";
		};
		E7C5E13F03C6161300A80172 = {
			fileRef = E7C5E13D03C6161300A80172;
			isa = PBXBuildFile;
			settings = {
			};
		};
		E7C5E14003C6161300A80172 = {
			fileRef = E7C5E13E03C6161300A80172;
			isa = PBXBuildFile;
			settings = {
			};
		};
		E7C5E14103C6163000A80172 = {
			children = (
				E7C5E14203C6163000A80172,
			);
			isa = PBXVariantGroup;
			name = InfoPlist.strings;
			path = "";
			refType = 4;
			sourceTree = "<group>";
		};
		E7C5E14203C6163000A80172 = {
			expectedFileType = text.plist.strings;
			fileEncoding = 30;
			isa = PBXFileReference;
			name = English;
			path = Installer/English.lproj/InfoPlist.strings;
			refType = 4;
			sourceTree = "<group>";
		};
		E7C5E14303C6163000A80172 = {
			children = (
				E7C5E14403C6163000A80172,
			);
			isa = PBXVariantGroup;
			name = MainMenu.nib;
			path = "";
			refType = 4;
			sourceTree = "<group>";
		};
		E7C5E14403C6163000A80172 = {
			expectedFileType = wrapper.nib;
			isa = PBXFileReference;
			name = English;
			path = Installer/English.lproj/MainMenu.nib;
			refType = 4;
			sourceTree = "<group>";
		};
		E7C5E14503C6163000A80172 = {
			fileRef = E7C5E14103C6163000A80172;
			isa = PBXBuildFile;
			settings = {
			};
		};
		E7C5E14603C6163000A80172 = {
			fileRef = E7C5E14303C6163000A80172;
			isa = PBXBuildFile;
			settings = {
			};
		};
		E7C5E14703C6164500A80172 = {
			children = (
				E7C5E14103C6163000A80172,
				E7C5E14303C6163000A80172,
				054032D203F42BC800000167,
			);
			isa = PBXGroup;
			name = Resources;
			refType = 4;
			sourceTree = "<group>";
		};
		E7C5E14803C6166900A80172 = {
			children = (
				E7C5E13D03C6161300A80172,
				E7C5E13E03C6161300A80172,
				E77C98AA03F33E8500FE7493,
				E74160210428EB9300A80172,
			);
			isa = PBXGroup;
			name = "Other Sources";
			refType = 4;
			sourceTree = "<group>";
		};
		E7EDF7BB03C5D22300A80172 = {
			expectedFileType = text.script.sh;
			fallbackIsa = PBXFileReference;
			fileEncoding = 30;
			isa = PBXExecutableFileReference;
			path = "Create Slim Startup.sh";
			refType = 4;
			sourceTree = "<group>";
		};
		E7EDF7BC03C5D22300A80172 = {
			expectedFileType = text.script.sh;
			fallbackIsa = PBXFileReference;
			fileEncoding = 30;
			isa = PBXExecutableFileReference;
			path = "Get Slim Server.sh";
			refType = 4;
			sourceTree = "<group>";
		};
		E7EDF7BE03C5D22300A80172 = {
			expectedFileType = text.script.sh;
			fallbackIsa = PBXFileReference;
			fileEncoding = 30;
			isa = PBXExecutableFileReference;
			path = "Stop Slim Server.sh";
			refType = 4;
			sourceTree = "<group>";
		};
		E7EDF7BF03C5D22300A80172 = {
			fileRef = E7EDF7BB03C5D22300A80172;
			isa = PBXBuildFile;
			settings = {
			};
		};
		E7EDF7C003C5D22300A80172 = {
			fileRef = E7EDF7BC03C5D22300A80172;
			isa = PBXBuildFile;
			settings = {
			};
		};
		E7EDF7C203C5D22300A80172 = {
			fileRef = E7EDF7BE03C5D22300A80172;
			isa = PBXBuildFile;
			settings = {
			};
		};
		E7EDF7C303C5D25800A80172 = {
			expectedFileType = text.script.sh;
			fallbackIsa = PBXFileReference;
			fileEncoding = 30;
			isa = PBXExecutableFileReference;
			path = "Remove Slim Startup.sh";
			refType = 4;
			sourceTree = "<group>";
		};
		E7EDF7C403C5D25800A80172 = {
			fileRef = E7EDF7C303C5D25800A80172;
			isa = PBXBuildFile;
			settings = {
			};
		};
		E7EDF7C503C5D26A00A80172 = {
			expectedFileType = text.script.sh;
			fallbackIsa = PBXFileReference;
			fileEncoding = 30;
			isa = PBXExecutableFileReference;
			path = "Start Slim Server.sh";
			refType = 4;
			sourceTree = "<group>";
		};
		E7EDF7C603C5D26A00A80172 = {
			fileRef = E7EDF7C503C5D26A00A80172;
			isa = PBXBuildFile;
			settings = {
			};
		};
		E7EDF7CA03C5D71700A80172 = {
			fileRef = E7EDF7C503C5D26A00A80172;
			isa = PBXBuildFile;
			settings = {
			};
		};
//E70
//E71
//E72
//E73
//E74
//F50
//F51
//F52
//F53
//F54
		F506C035013D953901CA16C8 = {
			expectedFileType = wrapper.framework;
			fallbackIsa = PBXFileReference;
			isa = PBXFrameworkReference;
			name = PreferencePanes.framework;
			path = /System/Library/Frameworks/PreferencePanes.framework;
			refType = 0;
			sourceTree = "<absolute>";
		};
		F506C036013D953901CA16C8 = {
			fileRef = F506C035013D953901CA16C8;
			isa = PBXBuildFile;
			settings = {
			};
		};
		F506C03C013D9D7901CA16C8 = {
			expectedFileType = sourcecode.c.h;
			fileEncoding = 30;
			isa = PBXFileReference;
			path = Slim_ServerPref.h;
			refType = 4;
			sourceTree = "<group>";
		};
		F506C03D013D9D7901CA16C8 = {
			expectedFileType = sourcecode.c.objc;
			fileEncoding = 30;
			isa = PBXFileReference;
			path = Slim_ServerPref.m;
			refType = 4;
			sourceTree = "<group>";
		};
		F506C03E013D9D7901CA16C8 = {
			fileRef = F506C03C013D9D7901CA16C8;
			isa = PBXBuildFile;
			settings = {
			};
		};
		F506C03F013D9D7901CA16C8 = {
			fileRef = F506C03D013D9D7901CA16C8;
			isa = PBXBuildFile;
			settings = {
			};
		};
		F506C040013D9D8001CA16C8 = {
			expectedFileType = image.tiff;
			isa = PBXFileReference;
			path = Slim_ServerPref.tiff;
			refType = 4;
			sourceTree = "<group>";
		};
		F506C041013D9D8001CA16C8 = {
			fileRef = F506C040013D9D8001CA16C8;
			isa = PBXBuildFile;
			settings = {
			};
		};
		F506C042013D9D8C01CA16C8 = {
			children = (
				F506C043013D9D8C01CA16C8,
			);
			isa = PBXVariantGroup;
			name = Slim_ServerPref.nib;
			path = "";
			refType = 4;
			sourceTree = "<group>";
		};
		F506C043013D9D8C01CA16C8 = {
			expectedFileType = wrapper.nib;
			isa = PBXFileReference;
			name = English;
			path = English.lproj/Slim_ServerPref.nib;
			refType = 4;
			sourceTree = "<group>";
		};
		F506C044013D9D8C01CA16C8 = {
			fileRef = F506C042013D9D8C01CA16C8;
			isa = PBXBuildFile;
			settings = {
			};
		};
		F5206109038E987301A80172 = {
			buildActionMask = 2147483647;
			files = (
			);
			isa = PBXShellScriptBuildPhase;
			runOnlyForDeploymentPostprocessing = 0;
			shellPath = /usr/bin/perl;
			shellScript = "$distdir = 'build/Slim Server.prefPane/Contents/server';\n\nprint \"Removing old: $distdir\\n\";\nsystem \"rm -rf '$distdir'\";\n\nprint \"Copying: $distdir\\n\";\nsystem \"cp -Rf ../../../server '$distdir'\";\nsystem \"chmod a+x '$distdir/slimserver.pl'\";\n\nprint \"Copying: Slim Launcher.app\\n\";\nsystem \"ditto 'build/Slim Launcher.app' '$distdir/Slim Launcher.app'\";\n\nif (-e \"build/SlimLauncher\") {\n    system \"ditto 'build/SlimLauncher' '$distdir'\";\n}\n\nprint \"Copying: $distdir/firmware\\n\";\nsystem \"mkdir '$distdir/firmware'\";\nsystem \"cp ../../../bootload/update_firmware.pl '$distdir/firmware'\";\nsystem \"cp ../../../bootload/MAIN.HEX '$distdir/firmware'\";\nsystem \"cp 'Update Firmware.sh' '$distdir/firmware'\";\n\ndie \"copy failed\" unless (-d $distdir);\ndie \"copy failed\" unless (-d $distdir . \"/firmware\");\n\nopen FIND, 'find \\''.$distdir.'\\' -name CVS -type d -print|';\n\nwhile ($cvsdir=<FIND>) {\n  chomp ($cvsdir);\n  print \"Deleting CVS: $cvsdir\\n\";\n  `rm -rf '$cvsdir'`;\n}\nclose FIND; \n\nopen FIND, 'ls  \\''.$distdir.'/lib/CPAN/arch\\'|';\nwhile ($arches=<FIND>) {\n  chomp ($arches);\n  if ($arches !~ /darwin/) {\n\t  $thepath = $distdir.'/lib/CPAN/arch/'.$arches;\n\t  print \"Deleting non-darwin arch stuff: $thepath\\n\";\n\t  `rm -rf '$thepath'`;\n  }\n}\n\n";
		};
		F52F881A035DCC9901A80172 = {
			buildActionMask = 2147483647;
			files = (
				F52F8837035DD3B401A80172,
			);
			isa = PBXHeadersBuildPhase;
			runOnlyForDeploymentPostprocessing = 0;
		};
		F52F881B035DCC9901A80172 = {
			buildActionMask = 2147483647;
			files = (
				F52F8836035DD30401A80172,
				F52F8840035DDAB901A80172,
				E7EDF7CA03C5D71700A80172,
			);
			isa = PBXResourcesBuildPhase;
			runOnlyForDeploymentPostprocessing = 0;
		};
		F52F881C035DCC9901A80172 = {
			buildActionMask = 2147483647;
			files = (
				F52F8838035DD3B501A80172,
			);
			isa = PBXSourcesBuildPhase;
			runOnlyForDeploymentPostprocessing = 0;
		};
		F52F881D035DCC9901A80172 = {
			buildActionMask = 2147483647;
			files = (
				F52F8839035DD58001A80172,
				F52F883A035DD58401A80172,
				F52F883B035DD58501A80172,
			);
			isa = PBXFrameworksBuildPhase;
			runOnlyForDeploymentPostprocessing = 0;
		};
		F52F881E035DCC9901A80172 = {
			buildActionMask = 2147483647;
			files = (
			);
			isa = PBXRezBuildPhase;
			runOnlyForDeploymentPostprocessing = 0;
		};
		F52F881F035DCC9901A80172 = {
			buildPhases = (
				F52F881A035DCC9901A80172,
				F52F881B035DCC9901A80172,
				F52F881C035DCC9901A80172,
				F52F881D035DCC9901A80172,
				F52F881E035DCC9901A80172,
			);
			buildSettings = {
				OTHER_CFLAGS = "";
				OTHER_LDFLAGS = "";
				OTHER_REZFLAGS = "";
				PRODUCT_NAME = "Slim Launcher";
				SECTORDER_FLAGS = "";
				USE_GCC3_PFE_SUPPORT = YES;
				WARNING_CFLAGS = "-Wmost -Wno-four-char-constants -Wno-unknown-pragmas";
				WRAPPER_EXTENSION = app;
			};
			dependencies = (
			);
			isa = PBXApplicationTarget;
			name = "Slim Launcher";
			productInstallPath = "$(USER_APPS_DIR)";
			productName = "Slim Launcher";
			productReference = F52F8820035DCC9901A80172;
			productSettingsXML = "<?xml version=\"1.0\" encoding=\"UTF-8\"?>
<!DOCTYPE plist PUBLIC \"-//Apple Computer//DTD PLIST 1.0//EN\" \"http://www.apple.com/DTDs/PropertyList-1.0.dtd\">
<plist version=\"1.0\">
<dict>
	<key>CFBundleDevelopmentRegion</key>
	<string>English</string>
	<key>CFBundleExecutable</key>
	<string>Slim Launcher</string>
	<key>CFBundleGetInfoString</key>
	<string>Slim Launcher - (c) 2002-2003 by Slim Devices, Inc. All rights reserved.</string>
	<key>CFBundleIconFile</key>
	<string>slimicon.icns</string>
	<key>CFBundleIdentifier</key>
	<string>com.slimdevices.slim</string>
	<key>CFBundleInfoDictionaryVersion</key>
	<string>6.0</string>
	<key>CFBundleName</key>
	<string>Slim Launcher</string>
	<key>CFBundlePackageType</key>
	<string>APPL</string>
	<key>CFBundleShortVersionString</key>
	<string>3.1</string>
	<key>CFBundleSignature</key>
	<string>SLIM</string>
	<key>CFBundleVersion</key>
	<string>3.1.0b1</string>
	<key>LSBackgroundOnly</key>
	<string>1</string>
	<key>NSBackgroundOnly</key>
	<string>1</string>
	<key>NSMainNibFile</key>
	<string>MainMenu</string>
	<key>NSPrincipalClass</key>
	<string>SLIMServerLauncher</string>
</dict>
</plist>
";
		};
		F52F8820035DCC9901A80172 = {
			expectedFileType = wrapper.application;
			fallbackIsa = PBXFileReference;
			isa = PBXApplicationReference;
			path = "Slim Launcher.app";
			refType = 3;
			sourceTree = BUILT_PRODUCTS_DIR;
		};
		F52F8822035DCCA301A80172 = {
			children = (
				08FB77AFFE84173DC02AAC07,
				089C167CFE841241C02AAC07,
				089C1671FE841209C02AAC07,
				F5F1B9FC0360A2F101A80172,
			);
			isa = PBXGroup;
			name = "Preference Pane";
			refType = 4;
			sourceTree = "<group>";
		};
		F52F8823035DCCCC01A80172 = {
			children = (
				F52F8826035DCE7701A80172,
				F52F8825035DCE6F01A80172,
				F52F8824035DCE6501A80172,
			);
			isa = PBXGroup;
			name = "Slim Launcher";
			refType = 4;
			sourceTree = "<group>";
		};
		F52F8824035DCE6501A80172 = {
			children = (
				E7EDF7C503C5D26A00A80172,
			);
			isa = PBXGroup;
			name = "Other Sources";
			refType = 4;
			sourceTree = "<group>";
		};
		F52F8825035DCE6F01A80172 = {
			children = (
				F52F8827035DCE9701A80172,
				F52F8828035DCE9701A80172,
				E744CA9F03D9BCC700A80172,
				E744CAA003D9BCC700A80172,
			);
			isa = PBXGroup;
			name = Classes;
			refType = 4;
			sourceTree = "<group>";
		};
		F52F8826035DCE7701A80172 = {
			children = (
				F52F8834035DD30401A80172,
				F52F883E035DDAB901A80172,
			);
			isa = PBXGroup;
			name = Resources;
			refType = 4;
			sourceTree = "<group>";
		};
		F52F8827035DCE9701A80172 = {
			expectedFileType = sourcecode.c.h;
			fileEncoding = 30;
			isa = PBXFileReference;
			path = SLIMServerLauncher.h;
			refType = 4;
			sourceTree = "<group>";
		};
		F52F8828035DCE9701A80172 = {
			expectedFileType = sourcecode.c.objc;
			fileEncoding = 30;
			isa = PBXFileReference;
			path = SLIMServerLauncher.m;
			refType = 4;
			sourceTree = "<group>";
		};
		F52F8834035DD30401A80172 = {
			children = (
				F52F8835035DD30401A80172,
			);
			isa = PBXVariantGroup;
			name = MainMenu.nib;
			path = "";
			refType = 4;
			sourceTree = "<group>";
		};
		F52F8835035DD30401A80172 = {
			expectedFileType = wrapper.nib;
			isa = PBXFileReference;
			name = English;
			path = English.lproj/MainMenu.nib;
			refType = 4;
			sourceTree = "<group>";
		};
		F52F8836035DD30401A80172 = {
			fileRef = F52F8834035DD30401A80172;
			isa = PBXBuildFile;
			settings = {
			};
		};
		F52F8837035DD3B401A80172 = {
			fileRef = F52F8827035DCE9701A80172;
			isa = PBXBuildFile;
			settings = {
			};
		};
		F52F8838035DD3B501A80172 = {
			fileRef = F52F8828035DCE9701A80172;
			isa = PBXBuildFile;
			settings = {
			};
		};
		F52F8839035DD58001A80172 = {
			fileRef = 1058C7ADFEA557BF11CA2CBB;
			isa = PBXBuildFile;
			settings = {
			};
		};
		F52F883A035DD58401A80172 = {
			fileRef = 089C1672FE841209C02AAC07;
			isa = PBXBuildFile;
			settings = {
			};
		};
		F52F883B035DD58501A80172 = {
			fileRef = 089C167FFE841241C02AAC07;
			isa = PBXBuildFile;
			settings = {
			};
		};
		F52F883E035DDAB901A80172 = {
			expectedFileType = image.icns;
			isa = PBXFileReference;
			path = slimicon.icns;
			refType = 4;
			sourceTree = "<group>";
		};
		F52F8840035DDAB901A80172 = {
			fileRef = F52F883E035DDAB901A80172;
			isa = PBXBuildFile;
			settings = {
			};
		};
		F52F8841035DE5A801A80172 = {
			fileRef = F52F883E035DDAB901A80172;
			isa = PBXBuildFile;
			settings = {
			};
		};
		F52F884D035DF02B01A80172 = {
			expectedFileType = image.icns;
			isa = PBXFileReference;
			path = slimoff.icns;
			refType = 4;
			sourceTree = "<group>";
		};
		F52F884E035DF02B01A80172 = {
			fileRef = F52F884D035DF02B01A80172;
			isa = PBXBuildFile;
			settings = {
			};
		};
		F52F8854035DF5F401A80172 = {
			children = (
				F52F885D035DF7A401A80172,
				F52F885E035DF7A401A80172,
				F58B087E035DF9CE01A80172,
			);
			isa = PBXGroup;
			name = "PrefPane Tester";
			path = "";
			refType = 4;
			sourceTree = "<group>";
		};
		F52F885D035DF7A401A80172 = {
			expectedFileType = sourcecode.c.h;
			fileEncoding = 30;
			isa = PBXFileReference;
			path = Test.h;
			refType = 4;
			sourceTree = "<group>";
		};
		F52F885E035DF7A401A80172 = {
			expectedFileType = sourcecode.c.objc;
			fileEncoding = 30;
			isa = PBXFileReference;
			path = Test.m;
			refType = 4;
			sourceTree = "<group>";
		};
		F56E7160035DB29001A80172 = {
			children = (
				F56E7161035DB29001A80172,
			);
			isa = PBXVariantGroup;
			name = Localizable.strings;
			path = "";
			refType = 4;
			sourceTree = "<group>";
		};
		F56E7161035DB29001A80172 = {
			expectedFileType = text.plist.strings;
			fileEncoding = 30;
			isa = PBXFileReference;
			name = English;
			path = English.lproj/Localizable.strings;
			refType = 4;
			sourceTree = "<group>";
		};
		F56E7162035DB29001A80172 = {
			fileRef = F56E7160035DB29001A80172;
			isa = PBXBuildFile;
			settings = {
			};
		};
		F58B086A035DF7DA01A80172 = {
			buildActionMask = 2147483647;
			files = (
				F58B087C035DF80201A80172,
			);
			isa = PBXHeadersBuildPhase;
			runOnlyForDeploymentPostprocessing = 0;
		};
		F58B086B035DF7DA01A80172 = {
			buildActionMask = 2147483647;
			files = (
				F58B0880035DF9CE01A80172,
			);
			isa = PBXResourcesBuildPhase;
			runOnlyForDeploymentPostprocessing = 0;
		};
		F58B086C035DF7DA01A80172 = {
			buildActionMask = 2147483647;
			files = (
				F58B087D035DF80201A80172,
			);
			isa = PBXSourcesBuildPhase;
			runOnlyForDeploymentPostprocessing = 0;
		};
		F58B086D035DF7DA01A80172 = {
			buildActionMask = 2147483647;
			files = (
				F58B0882035DFA0401A80172,
			);
			isa = PBXFrameworksBuildPhase;
			runOnlyForDeploymentPostprocessing = 0;
		};
		F58B086E035DF7DA01A80172 = {
			buildActionMask = 2147483647;
			files = (
			);
			isa = PBXRezBuildPhase;
			runOnlyForDeploymentPostprocessing = 0;
		};
		F58B086F035DF7DA01A80172 = {
			buildPhases = (
				F58B086A035DF7DA01A80172,
				F58B086B035DF7DA01A80172,
				F58B086C035DF7DA01A80172,
				F58B086D035DF7DA01A80172,
				F58B086E035DF7DA01A80172,
			);
			buildSettings = {
				OTHER_CFLAGS = "";
				OTHER_LDFLAGS = "";
				OTHER_REZFLAGS = "";
				PRODUCT_NAME = "Slim Preference Tester";
				SECTORDER_FLAGS = "";
				USE_GCC3_PFE_SUPPORT = YES;
				WARNING_CFLAGS = "-Wmost -Wno-four-char-constants -Wno-unknown-pragmas";
				WRAPPER_EXTENSION = app;
			};
			dependencies = (
				F58B0881035DF9ED01A80172,
			);
			isa = PBXApplicationTarget;
			name = "Slim Pref Tester";
			productInstallPath = "$(USER_APPS_DIR)";
			productName = "Slim Pref Tester";
			productReference = F58B0870035DF7DA01A80172;
			productSettingsXML = "<?xml version=\"1.0\" encoding=\"UTF-8\"?>
<!DOCTYPE plist PUBLIC \"-//Apple Computer//DTD PLIST 1.0//EN\" \"http://www.apple.com/DTDs/PropertyList-1.0.dtd\">
<plist version=\"1.0\">
<dict>
	<key>CFBundleDevelopmentRegion</key>
	<string>English</string>
	<key>CFBundleExecutable</key>
	<string>Slim Preference Tester</string>
	<key>CFBundleGetInfoString</key>
	<string></string>
	<key>CFBundleIconFile</key>
	<string></string>
	<key>CFBundleIdentifier</key>
	<string>com.slimdevices.slim</string>
	<key>CFBundleInfoDictionaryVersion</key>
	<string>6.0</string>
	<key>CFBundleName</key>
	<string>Slim Preference Tester</string>
	<key>CFBundlePackageType</key>
	<string>APPL</string>
	<key>CFBundleShortVersionString</key>
	<string></string>
	<key>CFBundleSignature</key>
	<string>SLIM</string>
	<key>CFBundleVersion</key>
	<string>0.0.1d1</string>
	<key>NSMainNibFile</key>
	<string>Test</string>
	<key>NSPrincipalClass</key>
	<string>NSApplication</string>
</dict>
</plist>
";
		};
		F58B0870035DF7DA01A80172 = {
			expectedFileType = wrapper.application;
			fallbackIsa = PBXFileReference;
			isa = PBXApplicationReference;
			path = "Slim Preference Tester.app";
			refType = 3;
			sourceTree = BUILT_PRODUCTS_DIR;
		};
		F58B0871035DF7DA01A80172 = {
			children = (
				F52F8820035DCC9901A80172,
				06F27B2EFFEEEFEF11CA0E56,
				F58B0870035DF7DA01A80172,
				E7C5E13603C615BB00A80172,
				E7447F9203D905BA00A80172,
			);
			isa = PBXGroup;
			name = Products;
			refType = 4;
			sourceTree = "<group>";
		};
		F58B087C035DF80201A80172 = {
			fileRef = F52F885D035DF7A401A80172;
			isa = PBXBuildFile;
			settings = {
			};
		};
		F58B087D035DF80201A80172 = {
			fileRef = F52F885E035DF7A401A80172;
			isa = PBXBuildFile;
			settings = {
			};
		};
		F58B087E035DF9CE01A80172 = {
			children = (
				F58B087F035DF9CE01A80172,
			);
			isa = PBXVariantGroup;
			name = Test.nib;
			path = "";
			refType = 4;
			sourceTree = "<group>";
		};
		F58B087F035DF9CE01A80172 = {
			expectedFileType = wrapper.nib;
			isa = PBXFileReference;
			name = English;
			path = English.lproj/Test.nib;
			refType = 4;
			sourceTree = "<group>";
		};
		F58B0880035DF9CE01A80172 = {
			fileRef = F58B087E035DF9CE01A80172;
			isa = PBXBuildFile;
			settings = {
			};
		};
		F58B0881035DF9ED01A80172 = {
			isa = PBXTargetDependency;
			target = 089C1673FE841209C02AAC07;
			targetProxy = 0544135A0544B1480086FD13;
		};
		F58B0882035DFA0401A80172 = {
			fileRef = 1058C7ADFEA557BF11CA2CBB;
			isa = PBXBuildFile;
			settings = {
			};
		};
		F5A48B32038AC8EE01A80172 = {
			expectedFileType = text.script.sh;
			fallbackIsa = PBXFileReference;
			fileEncoding = 30;
			isa = PBXExecutableFileReference;
			path = "Update Firmware.sh";
			refType = 4;
			sourceTree = "<group>";
		};
		F5E9C0C403A51768010001CC = {
			expectedFileType = image.tiff;
			isa = PBXFileReference;
			path = "logo-color-on-white copy.tif";
			refType = 4;
			sourceTree = "<group>";
		};
		F5E9C0C503A51768010001CC = {
			fileRef = F5E9C0C403A51768010001CC;
			isa = PBXBuildFile;
			settings = {
			};
		};
		F5EC8D80035F597B01A80172 = {
			expectedFileType = wrapper.framework;
			fallbackIsa = PBXFileReference;
			isa = PBXFrameworkReference;
			name = Security.framework;
			path = /System/Library/Frameworks/Security.framework;
			refType = 0;
			sourceTree = "<absolute>";
		};
		F5EC8DB0035F597B01A80172 = {
			fileRef = F5EC8D80035F597B01A80172;
			isa = PBXBuildFile;
			settings = {
			};
		};
		F5F1B9FC0360A2F101A80172 = {
			children = (
				F5A48B32038AC8EE01A80172,
				E7EDF7BB03C5D22300A80172,
				E7EDF7C303C5D25800A80172,
				E7EDF7BC03C5D22300A80172,
				E7EDF7BE03C5D22300A80172,
			);
			isa = PBXGroup;
			name = "Other Sources";
			path = "";
			refType = 4;
			sourceTree = "<group>";
		};
	};
	rootObject = 089C1669FE841209C02AAC07;
}
