// !$*UTF8*$!
{
	archiveVersion = 1;
	classes = {
	};
	objectVersion = 42;
	objects = {

/* Begin PBXBuildFile section */
		14A9400909875F57001992EB /* Slim_ServerPref.h in Headers */ = {isa = PBXBuildFile; fileRef = F506C03C013D9D7901CA16C8 /* Slim_ServerPref.h */; };
		14A9400B09875F57001992EB /* InfoPlist.strings in Resources */ = {isa = PBXBuildFile; fileRef = 089C167DFE841241C02AAC07 /* InfoPlist.strings */; };
		14A9400C09875F57001992EB /* Slim_ServerPref.tiff in Resources */ = {isa = PBXBuildFile; fileRef = F506C040013D9D8001CA16C8 /* Slim_ServerPref.tiff */; };
		14A9400D09875F57001992EB /* Slim_ServerPref.nib in Resources */ = {isa = PBXBuildFile; fileRef = F506C042013D9D8C01CA16C8 /* Slim_ServerPref.nib */; };
		14A9400E09875F57001992EB /* Localizable.strings in Resources */ = {isa = PBXBuildFile; fileRef = F56E7160035DB29001A80172 /* Localizable.strings */; };
		14A9400F09875F57001992EB /* slimicon.icns in Resources */ = {isa = PBXBuildFile; fileRef = F52F883E035DDAB901A80172 /* slimicon.icns */; };
		14A9401009875F57001992EB /* slimoff.icns in Resources */ = {isa = PBXBuildFile; fileRef = F52F884D035DF02B01A80172 /* slimoff.icns */; };
		14A9401109875F57001992EB /* logo-color-on-white copy.tif in Resources */ = {isa = PBXBuildFile; fileRef = F5E9C0C403A51768010001CC /* logo-color-on-white copy.tif */; };
		14A9401209875F57001992EB /* Create Slim Startup.sh in Resources */ = {isa = PBXBuildFile; fileRef = E7EDF7BB03C5D22300A80172 /* Create Slim Startup.sh */; };
		14A9401309875F57001992EB /* Get Slim Server.sh in Resources */ = {isa = PBXBuildFile; fileRef = E7EDF7BC03C5D22300A80172 /* Get Slim Server.sh */; };
		14A9401409875F57001992EB /* Stop Slim Server.sh in Resources */ = {isa = PBXBuildFile; fileRef = E7EDF7BE03C5D22300A80172 /* Stop Slim Server.sh */; };
		14A9401509875F57001992EB /* Remove Slim Startup.sh in Resources */ = {isa = PBXBuildFile; fileRef = E7EDF7C303C5D25800A80172 /* Remove Slim Startup.sh */; };
		14A9401609875F57001992EB /* Start Slim Server.sh in Resources */ = {isa = PBXBuildFile; fileRef = E7EDF7C503C5D26A00A80172 /* Start Slim Server.sh */; };
		14A9401709875F57001992EB /* slimlogotype.tiff in Resources */ = {isa = PBXBuildFile; fileRef = 059A4DFE03C624BB000001CC /* slimlogotype.tiff */; };
		14A9401809875F57001992EB /* slimlogotype.tiff in Resources */ = {isa = PBXBuildFile; fileRef = 05F768EF0560419D00A991D3 /* slimlogotype.tiff */; };
		14A9401909875F57001992EB /* slimlogotype.tiff in Resources */ = {isa = PBXBuildFile; fileRef = 0533446307007AE900B0416B /* slimlogotype.tiff */; };
		14A9401B09875F57001992EB /* Slim_ServerPref.m in Sources */ = {isa = PBXBuildFile; fileRef = F506C03D013D9D7901CA16C8 /* Slim_ServerPref.m */; };
		14A9401D09875F57001992EB /* Cocoa.framework in Frameworks */ = {isa = PBXBuildFile; fileRef = 1058C7ADFEA557BF11CA2CBB /* Cocoa.framework */; };
		14A9401E09875F57001992EB /* PreferencePanes.framework in Frameworks */ = {isa = PBXBuildFile; fileRef = F506C035013D953901CA16C8 /* PreferencePanes.framework */; };
		14A9401F09875F57001992EB /* Security.framework in Frameworks */ = {isa = PBXBuildFile; fileRef = F5EC8D80035F597B01A80172 /* Security.framework */; };
		14A9402A09875F57001992EB /* SLIMServerLauncher.h in Headers */ = {isa = PBXBuildFile; fileRef = F52F8827035DCE9701A80172 /* SLIMServerLauncher.h */; };
		14A9402C09875F57001992EB /* MainMenu.nib in Resources */ = {isa = PBXBuildFile; fileRef = F52F8834035DD30401A80172 /* MainMenu.nib */; };
		14A9402D09875F57001992EB /* slimicon.icns in Resources */ = {isa = PBXBuildFile; fileRef = F52F883E035DDAB901A80172 /* slimicon.icns */; };
		14A9402E09875F57001992EB /* Start Slim Server.sh in Resources */ = {isa = PBXBuildFile; fileRef = E7EDF7C503C5D26A00A80172 /* Start Slim Server.sh */; };
		14A9402F09875F57001992EB /* slimlogotype.tiff in Resources */ = {isa = PBXBuildFile; fileRef = 0533446307007AE900B0416B /* slimlogotype.tiff */; };
		14A9403109875F57001992EB /* SLIMServerLauncher.m in Sources */ = {isa = PBXBuildFile; fileRef = F52F8828035DCE9701A80172 /* SLIMServerLauncher.m */; };
		14A9403309875F57001992EB /* Cocoa.framework in Frameworks */ = {isa = PBXBuildFile; fileRef = 1058C7ADFEA557BF11CA2CBB /* Cocoa.framework */; };
		14A9403409875F57001992EB /* Foundation.framework in Frameworks */ = {isa = PBXBuildFile; fileRef = 089C1672FE841209C02AAC07 /* Foundation.framework */; };
		14A9403509875F57001992EB /* AppKit.framework in Frameworks */ = {isa = PBXBuildFile; fileRef = 089C167FFE841241C02AAC07 /* AppKit.framework */; };
		14A9404209875F57001992EB /* Test.h in Headers */ = {isa = PBXBuildFile; fileRef = F52F885D035DF7A401A80172 /* Test.h */; };
		14A9404409875F57001992EB /* Test.nib in Resources */ = {isa = PBXBuildFile; fileRef = F58B087E035DF9CE01A80172 /* Test.nib */; };
		14A9404509875F57001992EB /* slimlogotype.tiff in Resources */ = {isa = PBXBuildFile; fileRef = 0533446307007AE900B0416B /* slimlogotype.tiff */; };
		14A9404709875F57001992EB /* Test.m in Sources */ = {isa = PBXBuildFile; fileRef = F52F885E035DF7A401A80172 /* Test.m */; };
		14A9404909875F57001992EB /* Cocoa.framework in Frameworks */ = {isa = PBXBuildFile; fileRef = 1058C7ADFEA557BF11CA2CBB /* Cocoa.framework */; };
		14A9405409875F57001992EB /* Installer_Prefix.h in Headers */ = {isa = PBXBuildFile; fileRef = E7C5E13D03C6161300A80172 /* Installer_Prefix.h */; };
		14A9405509875F57001992EB /* Slim Server Installer.h in Headers */ = {isa = PBXBuildFile; fileRef = E736AD1A03C74D0000A80172 /* Slim Server Installer.h */; };
		14A9405709875F57001992EB /* InfoPlist.strings in Resources */ = {isa = PBXBuildFile; fileRef = E7C5E14103C6163000A80172 /* InfoPlist.strings */; };
		14A9405809875F57001992EB /* MainMenu.nib in Resources */ = {isa = PBXBuildFile; fileRef = E7C5E14303C6163000A80172 /* MainMenu.nib */; };
		14A9405909875F57001992EB /* slimicon.icns in Resources */ = {isa = PBXBuildFile; fileRef = F52F883E035DDAB901A80172 /* slimicon.icns */; };
		14A9405A09875F57001992EB /* InstallSlim.sh in Resources */ = {isa = PBXBuildFile; fileRef = E77C98AA03F33E8500FE7493 /* InstallSlim.sh */; };
		14A9405B09875F57001992EB /* sliminstaller.icns in Resources */ = {isa = PBXBuildFile; fileRef = 054032D203F42BC800000167 /* sliminstaller.icns */; };
		14A9405C09875F57001992EB /* Preflight.sh in Resources */ = {isa = PBXBuildFile; fileRef = E74160210428EB9300A80172 /* Preflight.sh */; };
		14A9405D09875F57001992EB /* Localizable.strings in Resources */ = {isa = PBXBuildFile; fileRef = E7D4F10C054D98D0009AFDA0 /* Localizable.strings */; };
		14A9405E09875F57001992EB /* slimlogotype.tiff in Resources */ = {isa = PBXBuildFile; fileRef = 05F768EF0560419D00A991D3 /* slimlogotype.tiff */; };
		14A9405F09875F57001992EB /* Postflight.sh in Resources */ = {isa = PBXBuildFile; fileRef = E7A160500563CACD00BE7791 /* Postflight.sh */; };
		14A9406009875F57001992EB /* slimlogotype.tiff in Resources */ = {isa = PBXBuildFile; fileRef = 0533446307007AE900B0416B /* slimlogotype.tiff */; };
		14A9406209875F57001992EB /* main.m in Sources */ = {isa = PBXBuildFile; fileRef = E7C5E13E03C6161300A80172 /* main.m */; };
		14A9406309875F57001992EB /* Slim Server Installer.m in Sources */ = {isa = PBXBuildFile; fileRef = E736AD1B03C74D0000A80172 /* Slim Server Installer.m */; };
		14A9406509875F57001992EB /* Security.framework in Frameworks */ = {isa = PBXBuildFile; fileRef = F5EC8D80035F597B01A80172 /* Security.framework */; };
		14A9406609875F57001992EB /* Cocoa.framework in Frameworks */ = {isa = PBXBuildFile; fileRef = 1058C7ADFEA557BF11CA2CBB /* Cocoa.framework */; };
		14A9407109875F57001992EB /* SlimLauncher_Prefix.h in Headers */ = {isa = PBXBuildFile; fileRef = E7447F9403D905E900A80172 /* SlimLauncher_Prefix.h */; };
		14A9407209875F57001992EB /* SLIMRendezvousPublisher.h in Headers */ = {isa = PBXBuildFile; fileRef = E744CA9F03D9BCC700A80172 /* SLIMRendezvousPublisher.h */; };
		14A9407409875F57001992EB /* SlimLauncherTool.m in Sources */ = {isa = PBXBuildFile; fileRef = E7447F9503D905E900A80172 /* SlimLauncherTool.m */; };
		14A9407509875F57001992EB /* SLIMRendezvousPublisher.m in Sources */ = {isa = PBXBuildFile; fileRef = E744CAA003D9BCC700A80172 /* SLIMRendezvousPublisher.m */; };
		14A9407709875F57001992EB /* Foundation.framework in Frameworks */ = {isa = PBXBuildFile; fileRef = 089C1672FE841209C02AAC07 /* Foundation.framework */; };
/* End PBXBuildFile section */

/* Begin PBXBuildStyle section */
		06F27B30FFEEEFEF11CA0E56 /* Development */ = {
			isa = PBXBuildStyle;
			buildSettings = {
				COPY_PHASE_STRIP = NO;
				GCC_DYNAMIC_NO_PIC = NO;
				GCC_ENABLE_FIX_AND_CONTINUE = YES;
				GCC_GENERATE_DEBUGGING_SYMBOLS = YES;
				GCC_OPTIMIZATION_LEVEL = 0;
				OPTIMIZATION_CFLAGS = "-O0";
				ZERO_LINK = YES;
			};
			name = Development;
		};
		06F27B31FFEEEFEF11CA0E56 /* Deployment */ = {
			isa = PBXBuildStyle;
			buildSettings = {
				COPY_PHASE_STRIP = YES;
				GCC_ENABLE_FIX_AND_CONTINUE = NO;
				ZERO_LINK = NO;
			};
			name = Deployment;
		};
/* End PBXBuildStyle section */

/* Begin PBXContainerItemProxy section */
		14A9407F09875F57001992EB /* PBXContainerItemProxy */ = {
			isa = PBXContainerItemProxy;
			containerPortal = 089C1669FE841209C02AAC07 /* Project object */;
			proxyType = 1;
			remoteGlobalIDString = 14A9405209875F57001992EB /* SlimServer Installer */;
			remoteInfo = "SlimServer Installer";
		};
		14A9408109875F57001992EB /* PBXContainerItemProxy */ = {
			isa = PBXContainerItemProxy;
			containerPortal = 089C1669FE841209C02AAC07 /* Project object */;
			proxyType = 1;
			remoteGlobalIDString = 14A9402809875F57001992EB /* Slim Launcher */;
			remoteInfo = "Slim Launcher";
		};
		14A9408309875F57001992EB /* PBXContainerItemProxy */ = {
			isa = PBXContainerItemProxy;
			containerPortal = 089C1669FE841209C02AAC07 /* Project object */;
			proxyType = 1;
			remoteGlobalIDString = 14A9400309875F57001992EB /* SlimServer */;
			remoteInfo = "SlimServer";
		};
/* End PBXContainerItemProxy section */

/* Begin PBXFileReference section */
		052088B506377B540020810E /* German */ = {isa = PBXFileReference; lastKnownFileType = wrapper.nib; name = German; path = Installer/German.lproj/MainMenu.nib; sourceTree = "<group>"; };
		05286B0705D4480F00E88B81 /* French */ = {isa = PBXFileReference; fileEncoding = 4; lastKnownFileType = text.plist.strings; lineEnding = 0; name = French; path = French.lproj/InfoPlist.strings; sourceTree = "<group>"; };
		05286B0C05D4482600E88B81 /* French */ = {isa = PBXFileReference; lastKnownFileType = wrapper.nib; name = French; path = French.lproj/Slim_ServerPref.nib; sourceTree = "<group>"; };
		05286B1505D4483900E88B81 /* French */ = {isa = PBXFileReference; fileEncoding = 4; lastKnownFileType = text.plist.strings; name = French; path = French.lproj/Localizable.strings; sourceTree = "<group>"; };
		05286B2005D4485900E88B81 /* French */ = {isa = PBXFileReference; fileEncoding = 4; lastKnownFileType = text.plist.strings; name = French; path = Installer/French.lproj/InfoPlist.strings; sourceTree = "<group>"; };
		05286B2405D4486A00E88B81 /* French */ = {isa = PBXFileReference; lastKnownFileType = wrapper.nib; name = French; path = Installer/French.lproj/MainMenu.nib; sourceTree = "<group>"; };
		0533446307007AE900B0416B /* slimlogotype.tiff */ = {isa = PBXFileReference; lastKnownFileType = image.tiff; path = slimlogotype.tiff; sourceTree = "<group>"; };
		054032D203F42BC800000167 /* sliminstaller.icns */ = {isa = PBXFileReference; lastKnownFileType = image.icns; name = sliminstaller.icns; path = Installer/sliminstaller.icns; sourceTree = "<group>"; };
		0545F86006377BD800BA96E1 /* German */ = {isa = PBXFileReference; lastKnownFileType = wrapper.nib; name = German; path = German.lproj/Slim_ServerPref.nib; sourceTree = "<group>"; };
		0545F86706377BEA00BA96E1 /* German */ = {isa = PBXFileReference; lastKnownFileType = text.plist.strings; name = German; path = German.lproj/InfoPlist.strings; sourceTree = "<group>"; };
		0545F87306377BFA00BA96E1 /* German */ = {isa = PBXFileReference; lastKnownFileType = text.plist.strings; name = German; path = German.lproj/Localizable.strings; sourceTree = "<group>"; };
		0545F89406377C2A00BA96E1 /* German */ = {isa = PBXFileReference; lastKnownFileType = text.plist.strings; name = German; path = Installer/German.lproj/InfoPlist.strings; sourceTree = "<group>"; };
		0545F89C06377C3A00BA96E1 /* German */ = {isa = PBXFileReference; lastKnownFileType = text.plist.strings; name = German; path = Installer/German.lproj/Localizable.strings; sourceTree = "<group>"; };
		0591BECD05FCCEBA00F5DCAE /* Dutch */ = {isa = PBXFileReference; fileEncoding = 4; lastKnownFileType = text.plist.strings; lineEnding = 0; name = Dutch; path = Installer/Dutch.lproj/InfoPlist.strings; sourceTree = "<group>"; };
		0591BED005FCCED400F5DCAE /* Dutch */ = {isa = PBXFileReference; lastKnownFileType = text.plist.strings; name = Dutch; path = Installer/Dutch.lproj/Localizable.strings; sourceTree = "<group>"; };
		0591BEEE05FCCF4300F5DCAE /* Dutch */ = {isa = PBXFileReference; lastKnownFileType = wrapper.nib; name = Dutch; path = Installer/Dutch.lproj/MainMenu.nib; sourceTree = "<group>"; };
		0591BEFB05FCCF7E00F5DCAE /* Dutch */ = {isa = PBXFileReference; lastKnownFileType = text.plist.strings; name = Dutch; path = Dutch.lproj/Localizable.strings; sourceTree = "<group>"; };
		0591BEFE05FCCF8900F5DCAE /* Dutch */ = {isa = PBXFileReference; lastKnownFileType = wrapper.nib; name = Dutch; path = Dutch.lproj/Slim_ServerPref.nib; sourceTree = "<group>"; };
		0591BF0105FCCF9200F5DCAE /* Dutch */ = {isa = PBXFileReference; fileEncoding = 4; lastKnownFileType = text.plist.strings; lineEnding = 0; name = Dutch; path = Dutch.lproj/InfoPlist.strings; sourceTree = "<group>"; };
		059A4DFE03C624BB000001CC /* slimlogotype.tiff */ = {isa = PBXFileReference; lastKnownFileType = image.tiff; path = slimlogotype.tiff; sourceTree = "<group>"; };
		05F768EF0560419D00A991D3 /* slimlogotype.tiff */ = {isa = PBXFileReference; lastKnownFileType = image.tiff; path = slimlogotype.tiff; sourceTree = "<group>"; };
		089C1672FE841209C02AAC07 /* Foundation.framework */ = {isa = PBXFileReference; lastKnownFileType = wrapper.framework; name = Foundation.framework; path = /System/Library/Frameworks/Foundation.framework; sourceTree = "<absolute>"; };
		089C167EFE841241C02AAC07 /* English */ = {isa = PBXFileReference; fileEncoding = 4; lastKnownFileType = text.plist.strings; lineEnding = 0; name = English; path = English.lproj/InfoPlist.strings; sourceTree = "<group>"; };
		089C167FFE841241C02AAC07 /* AppKit.framework */ = {isa = PBXFileReference; lastKnownFileType = wrapper.framework; name = AppKit.framework; path = /System/Library/Frameworks/AppKit.framework; sourceTree = "<absolute>"; };
		1058C7ADFEA557BF11CA2CBB /* Cocoa.framework */ = {isa = PBXFileReference; lastKnownFileType = wrapper.framework; name = Cocoa.framework; path = /System/Library/Frameworks/Cocoa.framework; sourceTree = "<absolute>"; };
		14A9402709875F57001992EB /* SlimServer.prefPane */ = {isa = PBXFileReference; explicitFileType = wrapper.cfbundle; includeInIndex = 0; name = SlimServer.prefPane; path = build/Development/SlimServer.prefPane; sourceTree = "<group>"; };
		14A9403C09875F57001992EB /* Slim Launcher.app */ = {isa = PBXFileReference; explicitFileType = wrapper.application; includeInIndex = 0; name = "Slim Launcher.app"; path = "build/Development/Slim Launcher.app"; sourceTree = "<group>"; };
		14A9405009875F57001992EB /* Slim Preference Tester.app */ = {isa = PBXFileReference; explicitFileType = wrapper.application; includeInIndex = 0; name = "Slim Preference Tester.app"; path = "build/Development/Slim Preference Tester.app"; sourceTree = "<group>"; };
		14A9406D09875F57001992EB /* SlimServer Installer.app */ = {isa = PBXFileReference; explicitFileType = wrapper.application; includeInIndex = 0; name = "SlimServer Installer.app"; path = "build/Development/SlimServer Installer.app"; sourceTree = "<group>"; };
		14A9407D09875F57001992EB /* SlimLauncher */ = {isa = PBXFileReference; explicitFileType = "compiled.mach-o.executable"; includeInIndex = 0; name = SlimLauncher; path = build/Development/SlimLauncher; sourceTree = "<group>"; };
		C6A9CF550601257A00C3E0BF /* French */ = {isa = PBXFileReference; fileEncoding = 4; lastKnownFileType = text.plist.strings; lineEnding = 0; name = French; path = Installer/French.lproj/Localizable.strings; sourceTree = "<group>"; };
		E736AD1A03C74D0000A80172 /* Slim Server Installer.h */ = {isa = PBXFileReference; fileEncoding = 30; lastKnownFileType = sourcecode.c.h; name = "Slim Server Installer.h"; path = "Installer/Slim Server Installer.h"; sourceTree = "<group>"; };
		E736AD1B03C74D0000A80172 /* Slim Server Installer.m */ = {isa = PBXFileReference; fileEncoding = 30; lastKnownFileType = sourcecode.c.objc; name = "Slim Server Installer.m"; path = "Installer/Slim Server Installer.m"; sourceTree = "<group>"; };
		E74160210428EB9300A80172 /* Preflight.sh */ = {isa = PBXFileReference; fileEncoding = 30; lastKnownFileType = text.script.sh; name = Preflight.sh; path = Installer/Preflight.sh; sourceTree = "<group>"; };
		E7447F9403D905E900A80172 /* SlimLauncher_Prefix.h */ = {isa = PBXFileReference; fileEncoding = 30; lastKnownFileType = sourcecode.c.h; path = SlimLauncher_Prefix.h; sourceTree = "<group>"; };
		E7447F9503D905E900A80172 /* SlimLauncherTool.m */ = {isa = PBXFileReference; fileEncoding = 30; lastKnownFileType = sourcecode.c.objc; path = SlimLauncherTool.m; sourceTree = "<group>"; };
		E744CA9F03D9BCC700A80172 /* SLIMRendezvousPublisher.h */ = {isa = PBXFileReference; fileEncoding = 4; lastKnownFileType = sourcecode.c.h; path = SLIMRendezvousPublisher.h; sourceTree = "<group>"; };
		E744CAA003D9BCC700A80172 /* SLIMRendezvousPublisher.m */ = {isa = PBXFileReference; fileEncoding = 4; lastKnownFileType = sourcecode.c.objc; path = SLIMRendezvousPublisher.m; sourceTree = "<group>"; };
		E77C98AA03F33E8500FE7493 /* InstallSlim.sh */ = {isa = PBXFileReference; fileEncoding = 30; lastKnownFileType = text.script.sh; name = InstallSlim.sh; path = Installer/InstallSlim.sh; sourceTree = "<group>"; };
		E7A160500563CACD00BE7791 /* Postflight.sh */ = {isa = PBXFileReference; fileEncoding = 4; lastKnownFileType = text.script.sh; name = Postflight.sh; path = Installer/Postflight.sh; sourceTree = "<group>"; };
		E7C5E13D03C6161300A80172 /* Installer_Prefix.h */ = {isa = PBXFileReference; fileEncoding = 30; lastKnownFileType = sourcecode.c.h; name = Installer_Prefix.h; path = Installer/Installer_Prefix.h; sourceTree = "<group>"; };
		E7C5E13E03C6161300A80172 /* main.m */ = {isa = PBXFileReference; fileEncoding = 30; lastKnownFileType = sourcecode.c.objc; name = main.m; path = Installer/main.m; sourceTree = "<group>"; };
		E7C5E14203C6163000A80172 /* English */ = {isa = PBXFileReference; fileEncoding = 4; lastKnownFileType = text.plist.strings; name = English; path = Installer/English.lproj/InfoPlist.strings; sourceTree = "<group>"; };
		E7C5E14403C6163000A80172 /* English */ = {isa = PBXFileReference; lastKnownFileType = wrapper.nib; name = English; path = Installer/English.lproj/MainMenu.nib; sourceTree = "<group>"; };
		E7D4F10D054D98D0009AFDA0 /* English */ = {isa = PBXFileReference; fileEncoding = 4; lastKnownFileType = text.plist.strings; name = English; path = Installer/English.lproj/Localizable.strings; sourceTree = "<group>"; };
		E7EDF7BB03C5D22300A80172 /* Create Slim Startup.sh */ = {isa = PBXFileReference; fileEncoding = 4; lastKnownFileType = text.script.sh; path = "Create Slim Startup.sh"; sourceTree = "<group>"; };
		E7EDF7BC03C5D22300A80172 /* Get Slim Server.sh */ = {isa = PBXFileReference; fileEncoding = 30; lastKnownFileType = text.script.sh; path = "Get Slim Server.sh"; sourceTree = "<group>"; };
		E7EDF7BE03C5D22300A80172 /* Stop Slim Server.sh */ = {isa = PBXFileReference; fileEncoding = 30; lastKnownFileType = text.script.sh; path = "Stop Slim Server.sh"; sourceTree = "<group>"; };
		E7EDF7C303C5D25800A80172 /* Remove Slim Startup.sh */ = {isa = PBXFileReference; fileEncoding = 30; lastKnownFileType = text.script.sh; path = "Remove Slim Startup.sh"; sourceTree = "<group>"; };
		E7EDF7C503C5D26A00A80172 /* Start Slim Server.sh */ = {isa = PBXFileReference; fileEncoding = 30; lastKnownFileType = text.script.sh; path = "Start Slim Server.sh"; sourceTree = "<group>"; };
		F506C035013D953901CA16C8 /* PreferencePanes.framework */ = {isa = PBXFileReference; lastKnownFileType = wrapper.framework; name = PreferencePanes.framework; path = /System/Library/Frameworks/PreferencePanes.framework; sourceTree = "<absolute>"; };
		F506C03C013D9D7901CA16C8 /* Slim_ServerPref.h */ = {isa = PBXFileReference; fileEncoding = 30; lastKnownFileType = sourcecode.c.h; path = Slim_ServerPref.h; sourceTree = "<group>"; };
		F506C03D013D9D7901CA16C8 /* Slim_ServerPref.m */ = {isa = PBXFileReference; fileEncoding = 30; lastKnownFileType = sourcecode.c.objc; path = Slim_ServerPref.m; sourceTree = "<group>"; };
		F506C040013D9D8001CA16C8 /* Slim_ServerPref.tiff */ = {isa = PBXFileReference; lastKnownFileType = image.tiff; path = Slim_ServerPref.tiff; sourceTree = "<group>"; };
		F506C043013D9D8C01CA16C8 /* English */ = {isa = PBXFileReference; lastKnownFileType = wrapper.nib; name = English; path = English.lproj/Slim_ServerPref.nib; sourceTree = "<group>"; };
		F52F8827035DCE9701A80172 /* SLIMServerLauncher.h */ = {isa = PBXFileReference; fileEncoding = 30; lastKnownFileType = sourcecode.c.h; path = SLIMServerLauncher.h; sourceTree = "<group>"; };
		F52F8828035DCE9701A80172 /* SLIMServerLauncher.m */ = {isa = PBXFileReference; fileEncoding = 30; lastKnownFileType = sourcecode.c.objc; path = SLIMServerLauncher.m; sourceTree = "<group>"; };
		F52F8835035DD30401A80172 /* English */ = {isa = PBXFileReference; lastKnownFileType = wrapper.nib; name = English; path = English.lproj/MainMenu.nib; sourceTree = "<group>"; };
		F52F883E035DDAB901A80172 /* slimicon.icns */ = {isa = PBXFileReference; lastKnownFileType = image.icns; path = slimicon.icns; sourceTree = "<group>"; };
		F52F884D035DF02B01A80172 /* slimoff.icns */ = {isa = PBXFileReference; lastKnownFileType = image.icns; path = slimoff.icns; sourceTree = "<group>"; };
		F52F885D035DF7A401A80172 /* Test.h */ = {isa = PBXFileReference; fileEncoding = 30; lastKnownFileType = sourcecode.c.h; path = Test.h; sourceTree = "<group>"; };
		F52F885E035DF7A401A80172 /* Test.m */ = {isa = PBXFileReference; fileEncoding = 30; lastKnownFileType = sourcecode.c.objc; path = Test.m; sourceTree = "<group>"; };
		F56E7161035DB29001A80172 /* English */ = {isa = PBXFileReference; fileEncoding = 4; lastKnownFileType = text.plist.strings; name = English; path = English.lproj/Localizable.strings; sourceTree = "<group>"; };
		F58B087F035DF9CE01A80172 /* English */ = {isa = PBXFileReference; lastKnownFileType = wrapper.nib; name = English; path = English.lproj/Test.nib; sourceTree = "<group>"; };
		F5E9C0C403A51768010001CC /* logo-color-on-white copy.tif */ = {isa = PBXFileReference; lastKnownFileType = image.tiff; path = "logo-color-on-white copy.tif"; sourceTree = "<group>"; };
		F5EC8D80035F597B01A80172 /* Security.framework */ = {isa = PBXFileReference; lastKnownFileType = wrapper.framework; name = Security.framework; path = /System/Library/Frameworks/Security.framework; sourceTree = "<absolute>"; };
/* End PBXFileReference section */

/* Begin PBXFrameworksBuildPhase section */
		14A9401C09875F57001992EB /* Frameworks */ = {
			isa = PBXFrameworksBuildPhase;
			buildActionMask = 2147483647;
			files = (
				14A9401D09875F57001992EB /* Cocoa.framework in Frameworks */,
				14A9401E09875F57001992EB /* PreferencePanes.framework in Frameworks */,
				14A9401F09875F57001992EB /* Security.framework in Frameworks */,
			);
			runOnlyForDeploymentPostprocessing = 0;
		};
		14A9403209875F57001992EB /* Frameworks */ = {
			isa = PBXFrameworksBuildPhase;
			buildActionMask = 2147483647;
			files = (
				14A9403309875F57001992EB /* Cocoa.framework in Frameworks */,
				14A9403409875F57001992EB /* Foundation.framework in Frameworks */,
				14A9403509875F57001992EB /* AppKit.framework in Frameworks */,
			);
			runOnlyForDeploymentPostprocessing = 0;
		};
		14A9404809875F57001992EB /* Frameworks */ = {
			isa = PBXFrameworksBuildPhase;
			buildActionMask = 2147483647;
			files = (
				14A9404909875F57001992EB /* Cocoa.framework in Frameworks */,
			);
			runOnlyForDeploymentPostprocessing = 0;
		};
		14A9406409875F57001992EB /* Frameworks */ = {
			isa = PBXFrameworksBuildPhase;
			buildActionMask = 2147483647;
			files = (
				14A9406509875F57001992EB /* Security.framework in Frameworks */,
				14A9406609875F57001992EB /* Cocoa.framework in Frameworks */,
			);
			runOnlyForDeploymentPostprocessing = 0;
		};
		14A9407609875F57001992EB /* Frameworks */ = {
			isa = PBXFrameworksBuildPhase;
			buildActionMask = 2147483647;
			files = (
				14A9407709875F57001992EB /* Foundation.framework in Frameworks */,
			);
			runOnlyForDeploymentPostprocessing = 0;
		};
/* End PBXFrameworksBuildPhase section */

/* Begin PBXGroup section */
		089C166AFE841209C02AAC07 /* SlimServer */ = {
			isa = PBXGroup;
			children = (
				F52F8822035DCCA301A80172 /* Preference Pane */,
				F52F8854035DF5F401A80172 /* PrefPane Tester */,
				F52F8823035DCCCC01A80172 /* Slim Launcher */,
				E7447F8C03D904ED00A80172 /* Slim Launcher Tool */,
				E7C5E12903C6149C00A80172 /* Installer */,
				F58B0871035DF7DA01A80172 /* Products */,
			);
			name = SlimServer;
			sourceTree = "<group>";
		};
		089C1671FE841209C02AAC07 /* Frameworks and Libraries */ = {
			isa = PBXGroup;
			children = (
				1058C7ACFEA557BF11CA2CBB /* Linked Frameworks */,
				1058C7AEFEA557BF11CA2CBB /* Other Frameworks */,
			);
			name = "Frameworks and Libraries";
			sourceTree = "<group>";
		};
		089C167CFE841241C02AAC07 /* Resources */ = {
			isa = PBXGroup;
			children = (
				F506C040013D9D8001CA16C8 /* Slim_ServerPref.tiff */,
				089C167DFE841241C02AAC07 /* InfoPlist.strings */,
				F506C042013D9D8C01CA16C8 /* Slim_ServerPref.nib */,
				F56E7160035DB29001A80172 /* Localizable.strings */,
				F52F884D035DF02B01A80172 /* slimoff.icns */,
				F5E9C0C403A51768010001CC /* logo-color-on-white copy.tif */,
				059A4DFE03C624BB000001CC /* slimlogotype.tiff */,
				05F768EF0560419D00A991D3 /* slimlogotype.tiff */,
			);
			name = Resources;
			sourceTree = "<group>";
		};
		08FB77AFFE84173DC02AAC07 /* Classes */ = {
			isa = PBXGroup;
			children = (
				F506C03C013D9D7901CA16C8 /* Slim_ServerPref.h */,
				F506C03D013D9D7901CA16C8 /* Slim_ServerPref.m */,
			);
			name = Classes;
			sourceTree = "<group>";
		};
		1058C7ACFEA557BF11CA2CBB /* Linked Frameworks */ = {
			isa = PBXGroup;
			children = (
				1058C7ADFEA557BF11CA2CBB /* Cocoa.framework */,
				F506C035013D953901CA16C8 /* PreferencePanes.framework */,
				F5EC8D80035F597B01A80172 /* Security.framework */,
			);
			name = "Linked Frameworks";
			sourceTree = "<group>";
		};
		1058C7AEFEA557BF11CA2CBB /* Other Frameworks */ = {
			isa = PBXGroup;
			children = (
				089C1672FE841209C02AAC07 /* Foundation.framework */,
				089C167FFE841241C02AAC07 /* AppKit.framework */,
			);
			name = "Other Frameworks";
			sourceTree = "<group>";
		};
		E7447F8C03D904ED00A80172 /* Slim Launcher Tool */ = {
			isa = PBXGroup;
			children = (
				E7447F9403D905E900A80172 /* SlimLauncher_Prefix.h */,
				E7447F9503D905E900A80172 /* SlimLauncherTool.m */,
			);
			name = "Slim Launcher Tool";
			sourceTree = "<group>";
		};
		E760389203C61F6A00A80172 /* Classes */ = {
			isa = PBXGroup;
			children = (
				E736AD1A03C74D0000A80172 /* Slim Server Installer.h */,
				E736AD1B03C74D0000A80172 /* Slim Server Installer.m */,
			);
			name = Classes;
			sourceTree = "<group>";
		};
		E7C5E12903C6149C00A80172 /* Installer */ = {
			isa = PBXGroup;
			children = (
				E760389203C61F6A00A80172 /* Classes */,
				E7C5E14703C6164500A80172 /* Resources */,
				E7C5E14803C6166900A80172 /* Other Sources */,
			);
			name = Installer;
			sourceTree = "<group>";
		};
		E7C5E14703C6164500A80172 /* Resources */ = {
			isa = PBXGroup;
			children = (
				0533446307007AE900B0416B /* slimlogotype.tiff */,
				E7C5E14103C6163000A80172 /* InfoPlist.strings */,
				E7C5E14303C6163000A80172 /* MainMenu.nib */,
				054032D203F42BC800000167 /* sliminstaller.icns */,
				E7D4F10C054D98D0009AFDA0 /* Localizable.strings */,
			);
			name = Resources;
			sourceTree = "<group>";
		};
		E7C5E14803C6166900A80172 /* Other Sources */ = {
			isa = PBXGroup;
			children = (
				E7C5E13D03C6161300A80172 /* Installer_Prefix.h */,
				E7C5E13E03C6161300A80172 /* main.m */,
				E77C98AA03F33E8500FE7493 /* InstallSlim.sh */,
				E74160210428EB9300A80172 /* Preflight.sh */,
				E7A160500563CACD00BE7791 /* Postflight.sh */,
			);
			name = "Other Sources";
			sourceTree = "<group>";
		};
		F52F8822035DCCA301A80172 /* Preference Pane */ = {
			isa = PBXGroup;
			children = (
				08FB77AFFE84173DC02AAC07 /* Classes */,
				089C167CFE841241C02AAC07 /* Resources */,
				089C1671FE841209C02AAC07 /* Frameworks and Libraries */,
				F5F1B9FC0360A2F101A80172 /* Other Sources */,
			);
			name = "Preference Pane";
			sourceTree = "<group>";
		};
		F52F8823035DCCCC01A80172 /* Slim Launcher */ = {
			isa = PBXGroup;
			children = (
				F52F8826035DCE7701A80172 /* Resources */,
				F52F8825035DCE6F01A80172 /* Classes */,
				F52F8824035DCE6501A80172 /* Other Sources */,
			);
			name = "Slim Launcher";
			sourceTree = "<group>";
		};
		F52F8824035DCE6501A80172 /* Other Sources */ = {
			isa = PBXGroup;
			children = (
				E7EDF7C503C5D26A00A80172 /* Start Slim Server.sh */,
			);
			name = "Other Sources";
			sourceTree = "<group>";
		};
		F52F8825035DCE6F01A80172 /* Classes */ = {
			isa = PBXGroup;
			children = (
				F52F8827035DCE9701A80172 /* SLIMServerLauncher.h */,
				F52F8828035DCE9701A80172 /* SLIMServerLauncher.m */,
				E744CA9F03D9BCC700A80172 /* SLIMRendezvousPublisher.h */,
				E744CAA003D9BCC700A80172 /* SLIMRendezvousPublisher.m */,
			);
			name = Classes;
			sourceTree = "<group>";
		};
		F52F8826035DCE7701A80172 /* Resources */ = {
			isa = PBXGroup;
			children = (
				F52F8834035DD30401A80172 /* MainMenu.nib */,
				F52F883E035DDAB901A80172 /* slimicon.icns */,
			);
			name = Resources;
			sourceTree = "<group>";
		};
		F52F8854035DF5F401A80172 /* PrefPane Tester */ = {
			isa = PBXGroup;
			children = (
				F52F885D035DF7A401A80172 /* Test.h */,
				F52F885E035DF7A401A80172 /* Test.m */,
				F58B087E035DF9CE01A80172 /* Test.nib */,
			);
			name = "PrefPane Tester";
			sourceTree = "<group>";
		};
		F58B0871035DF7DA01A80172 /* Products */ = {
			isa = PBXGroup;
			children = (
				14A9402709875F57001992EB /* SlimServer.prefPane */,
				14A9403C09875F57001992EB /* Slim Launcher.app */,
				14A9405009875F57001992EB /* Slim Preference Tester.app */,
				14A9406D09875F57001992EB /* SlimServer Installer.app */,
				14A9407D09875F57001992EB /* SlimLauncher */,
			);
			name = Products;
			sourceTree = "<group>";
		};
		F5F1B9FC0360A2F101A80172 /* Other Sources */ = {
			isa = PBXGroup;
			children = (
				E7EDF7BB03C5D22300A80172 /* Create Slim Startup.sh */,
				E7EDF7C303C5D25800A80172 /* Remove Slim Startup.sh */,
				E7EDF7BC03C5D22300A80172 /* Get Slim Server.sh */,
				E7EDF7BE03C5D22300A80172 /* Stop Slim Server.sh */,
			);
			name = "Other Sources";
			sourceTree = "<group>";
		};
/* End PBXGroup section */

/* Begin PBXHeadersBuildPhase section */
		14A9400809875F57001992EB /* Headers */ = {
			isa = PBXHeadersBuildPhase;
			buildActionMask = 2147483647;
			files = (
				14A9400909875F57001992EB /* Slim_ServerPref.h in Headers */,
			);
			runOnlyForDeploymentPostprocessing = 0;
		};
		14A9402909875F57001992EB /* Headers */ = {
			isa = PBXHeadersBuildPhase;
			buildActionMask = 2147483647;
			files = (
				14A9402A09875F57001992EB /* SLIMServerLauncher.h in Headers */,
			);
			runOnlyForDeploymentPostprocessing = 0;
		};
		14A9404109875F57001992EB /* Headers */ = {
			isa = PBXHeadersBuildPhase;
			buildActionMask = 2147483647;
			files = (
				14A9404209875F57001992EB /* Test.h in Headers */,
			);
			runOnlyForDeploymentPostprocessing = 0;
		};
		14A9405309875F57001992EB /* Headers */ = {
			isa = PBXHeadersBuildPhase;
			buildActionMask = 2147483647;
			files = (
				14A9405409875F57001992EB /* Installer_Prefix.h in Headers */,
				14A9405509875F57001992EB /* Slim Server Installer.h in Headers */,
			);
			runOnlyForDeploymentPostprocessing = 0;
		};
		14A9407009875F57001992EB /* Headers */ = {
			isa = PBXHeadersBuildPhase;
			buildActionMask = 2147483647;
			files = (
				14A9407109875F57001992EB /* SlimLauncher_Prefix.h in Headers */,
				14A9407209875F57001992EB /* SLIMRendezvousPublisher.h in Headers */,
			);
			runOnlyForDeploymentPostprocessing = 0;
		};
/* End PBXHeadersBuildPhase section */

/* Begin PBXNativeTarget section */
		14A9400309875F57001992EB /* SlimServer */ = {
			isa = PBXNativeTarget;
			buildConfigurationList = 14A9402209875F57001992EB /* Build configuration list for PBXNativeTarget "SlimServer" */;
			buildPhases = (
				14A9400809875F57001992EB /* Headers */,
				14A9400A09875F57001992EB /* Resources */,
				14A9401A09875F57001992EB /* Sources */,
				14A9401C09875F57001992EB /* Frameworks */,
				14A9402009875F57001992EB /* Rez */,
				14A9402109875F57001992EB /* ShellScript */,
			);
			buildRules = (
			);
			buildSettings = {
				FRAMEWORK_SEARCH_PATHS = "";
				GCC_TREAT_WARNINGS_AS_ERRORS = YES;
				GENERATE_PKGINFO_FILE = YES;
				HEADER_SEARCH_PATHS = "";
				INSTALL_PATH = "$(HOME)/Library/PreferencePanes";
				LIBRARY_SEARCH_PATHS = "";
				OTHER_CFLAGS = "";
				OTHER_LDFLAGS = (
					"-bundle",
					"-twolevel_namespace",
				);
				OTHER_REZFLAGS = "";
				PRODUCT_NAME = SlimServer;
				SECTORDER_FLAGS = "";
				WARNING_CFLAGS = (
					"-Wmost",
					"-Wno-four-char-constants",
					"-Wno-unknown-pragmas",
				);
				WRAPPER_EXTENSION = prefPane;
			};
			dependencies = (
				14A9408009875F57001992EB /* PBXTargetDependency */,
				14A9408209875F57001992EB /* PBXTargetDependency */,
			);
			name = SlimServer;
			productInstallPath = "$(HOME)/Library/PreferencePanes";
			productName = "Slim Server";
			productReference = 14A9402709875F57001992EB /* SlimServer.prefPane */;
			productType = "com.apple.product-type.bundle";
		};
		14A9402809875F57001992EB /* Slim Launcher */ = {
			isa = PBXNativeTarget;
			buildConfigurationList = 14A9403709875F57001992EB /* Build configuration list for PBXNativeTarget "Slim Launcher" */;
			buildPhases = (
				14A9402909875F57001992EB /* Headers */,
				14A9402B09875F57001992EB /* Resources */,
				14A9403009875F57001992EB /* Sources */,
				14A9403209875F57001992EB /* Frameworks */,
				14A9403609875F57001992EB /* Rez */,
			);
			buildRules = (
			);
			buildSettings = {
				OTHER_CFLAGS = "";
				OTHER_LDFLAGS = "";
				OTHER_REZFLAGS = "";
				PRODUCT_NAME = "Slim Launcher";
				SECTORDER_FLAGS = "";
				USE_GCC3_PFE_SUPPORT = YES;
				WARNING_CFLAGS = (
					"-Wmost",
					"-Wno-four-char-constants",
					"-Wno-unknown-pragmas",
				);
				WRAPPER_EXTENSION = app;
			};
			dependencies = (
			);
			name = "Slim Launcher";
			productInstallPath = "$(USER_APPS_DIR)";
			productName = "Slim Launcher";
			productReference = 14A9403C09875F57001992EB /* Slim Launcher.app */;
			productType = "com.apple.product-type.application";
		};
		14A9403E09875F57001992EB /* Slim Pref Tester */ = {
			isa = PBXNativeTarget;
			buildConfigurationList = 14A9404B09875F57001992EB /* Build configuration list for PBXNativeTarget "Slim Pref Tester" */;
			buildPhases = (
				14A9404109875F57001992EB /* Headers */,
				14A9404309875F57001992EB /* Resources */,
				14A9404609875F57001992EB /* Sources */,
				14A9404809875F57001992EB /* Frameworks */,
				14A9404A09875F57001992EB /* Rez */,
			);
			buildRules = (
			);
			buildSettings = {
				OTHER_CFLAGS = "";
				OTHER_LDFLAGS = "";
				OTHER_REZFLAGS = "";
				PRODUCT_NAME = "Slim Preference Tester";
				SECTORDER_FLAGS = "";
				USE_GCC3_PFE_SUPPORT = YES;
				WARNING_CFLAGS = (
					"-Wmost",
					"-Wno-four-char-constants",
					"-Wno-unknown-pragmas",
				);
				WRAPPER_EXTENSION = app;
			};
			dependencies = (
				14A9408409875F57001992EB /* PBXTargetDependency */,
			);
			name = "Slim Pref Tester";
			productInstallPath = "$(USER_APPS_DIR)";
			productName = "Slim Pref Tester";
			productReference = 14A9405009875F57001992EB /* Slim Preference Tester.app */;
			productType = "com.apple.product-type.application";
		};
		14A9405209875F57001992EB /* SlimServer Installer */ = {
			isa = PBXNativeTarget;
			buildConfigurationList = 14A9406809875F57001992EB /* Build configuration list for PBXNativeTarget "SlimServer Installer" */;
			buildPhases = (
				14A9405309875F57001992EB /* Headers */,
				14A9405609875F57001992EB /* Resources */,
				14A9406109875F57001992EB /* Sources */,
				14A9406409875F57001992EB /* Frameworks */,
				14A9406709875F57001992EB /* Rez */,
			);
			buildRules = (
			);
			buildSettings = {
				GCC_TREAT_WARNINGS_AS_ERRORS = YES;
				OTHER_CFLAGS = "";
				OTHER_LDFLAGS = "";
				OTHER_REZFLAGS = "";
				PRODUCT_NAME = "SlimServer Installer";
				SECTORDER_FLAGS = "";
				WARNING_CFLAGS = (
					"-Wmost",
					"-Wno-four-char-constants",
					"-Wno-unknown-pragmas",
				);
				WRAPPER_EXTENSION = app;
			};
			dependencies = (
			);
			name = "SlimServer Installer";
			productInstallPath = "$(USER_APPS_DIR)";
			productName = "Slim Server Installer";
			productReference = 14A9406D09875F57001992EB /* SlimServer Installer.app */;
			productType = "com.apple.product-type.application";
		};
		14A9406F09875F57001992EB /* SlimLauncher */ = {
			isa = PBXNativeTarget;
			buildConfigurationList = 14A9407909875F57001992EB /* Build configuration list for PBXNativeTarget "SlimLauncher" */;
			buildPhases = (
				14A9407009875F57001992EB /* Headers */,
				14A9407309875F57001992EB /* Sources */,
				14A9407609875F57001992EB /* Frameworks */,
				14A9407809875F57001992EB /* Rez */,
			);
			buildRules = (
			);
			buildSettings = {
				GCC_TREAT_WARNINGS_AS_ERRORS = YES;
				OTHER_CFLAGS = "";
				OTHER_LDFLAGS = "";
				OTHER_REZFLAGS = "";
				PRECOMPILE_PREFIX_HEADER = YES;
				PREFIX_HEADER = SlimLauncher_Prefix.h;
				PRODUCT_NAME = SlimLauncher;
				REZ_EXECUTABLE = YES;
				SECTORDER_FLAGS = "";
				WARNING_CFLAGS = (
					"-Wmost",
					"-Wno-four-char-constants",
					"-Wno-unknown-pragmas",
				);
			};
			dependencies = (
			);
			name = SlimLauncher;
			productInstallPath = /usr/local/bin;
			productName = SlimLauncher;
			productReference = 14A9407D09875F57001992EB /* SlimLauncher */;
			productType = "com.apple.product-type.tool";
		};
/* End PBXNativeTarget section */

/* Begin PBXProject section */
		089C1669FE841209C02AAC07 /* Project object */ = {
			isa = PBXProject;
			buildConfigurationList = 1416136B0982CC9600E949A0 /* Build configuration list for PBXProject "Slim Server" */;
			buildSettings = {
			};
			buildStyles = (
				06F27B30FFEEEFEF11CA0E56 /* Development */,
				06F27B31FFEEEFEF11CA0E56 /* Deployment */,
			);
			hasScannedForEncodings = 1;
			knownRegions = (
				English,
				Japanese,
				French,
				German,
				Dutch,
			);
			mainGroup = 089C166AFE841209C02AAC07 /* SlimServer */;
			productRefGroup = F58B0871035DF7DA01A80172 /* Products */;
			projectDirPath = "";
			targets = (
				14A9400309875F57001992EB /* SlimServer */,
				14A9402809875F57001992EB /* Slim Launcher */,
				14A9403E09875F57001992EB /* Slim Pref Tester */,
				14A9405209875F57001992EB /* SlimServer Installer */,
				14A9406F09875F57001992EB /* SlimLauncher */,
			);
		};
/* End PBXProject section */

/* Begin PBXResourcesBuildPhase section */
		14A9400A09875F57001992EB /* Resources */ = {
			isa = PBXResourcesBuildPhase;
			buildActionMask = 2147483647;
			files = (
				14A9400B09875F57001992EB /* InfoPlist.strings in Resources */,
				14A9400C09875F57001992EB /* Slim_ServerPref.tiff in Resources */,
				14A9400D09875F57001992EB /* Slim_ServerPref.nib in Resources */,
				14A9400E09875F57001992EB /* Localizable.strings in Resources */,
				14A9400F09875F57001992EB /* slimicon.icns in Resources */,
				14A9401009875F57001992EB /* slimoff.icns in Resources */,
				14A9401109875F57001992EB /* logo-color-on-white copy.tif in Resources */,
				14A9401209875F57001992EB /* Create Slim Startup.sh in Resources */,
				14A9401309875F57001992EB /* Get Slim Server.sh in Resources */,
				14A9401409875F57001992EB /* Stop Slim Server.sh in Resources */,
				14A9401509875F57001992EB /* Remove Slim Startup.sh in Resources */,
				14A9401609875F57001992EB /* Start Slim Server.sh in Resources */,
				14A9401709875F57001992EB /* slimlogotype.tiff in Resources */,
				14A9401809875F57001992EB /* slimlogotype.tiff in Resources */,
				14A9401909875F57001992EB /* slimlogotype.tiff in Resources */,
			);
			runOnlyForDeploymentPostprocessing = 0;
		};
		14A9402B09875F57001992EB /* Resources */ = {
			isa = PBXResourcesBuildPhase;
			buildActionMask = 2147483647;
			files = (
				14A9402C09875F57001992EB /* MainMenu.nib in Resources */,
				14A9402D09875F57001992EB /* slimicon.icns in Resources */,
				14A9402E09875F57001992EB /* Start Slim Server.sh in Resources */,
				14A9402F09875F57001992EB /* slimlogotype.tiff in Resources */,
			);
			runOnlyForDeploymentPostprocessing = 0;
		};
		14A9404309875F57001992EB /* Resources */ = {
			isa = PBXResourcesBuildPhase;
			buildActionMask = 2147483647;
			files = (
				14A9404409875F57001992EB /* Test.nib in Resources */,
				14A9404509875F57001992EB /* slimlogotype.tiff in Resources */,
			);
			runOnlyForDeploymentPostprocessing = 0;
		};
		14A9405609875F57001992EB /* Resources */ = {
			isa = PBXResourcesBuildPhase;
			buildActionMask = 2147483647;
			files = (
				14A9405709875F57001992EB /* InfoPlist.strings in Resources */,
				14A9405809875F57001992EB /* MainMenu.nib in Resources */,
				14A9405909875F57001992EB /* slimicon.icns in Resources */,
				14A9405A09875F57001992EB /* InstallSlim.sh in Resources */,
				14A9405B09875F57001992EB /* sliminstaller.icns in Resources */,
				14A9405C09875F57001992EB /* Preflight.sh in Resources */,
				14A9405D09875F57001992EB /* Localizable.strings in Resources */,
				14A9405E09875F57001992EB /* slimlogotype.tiff in Resources */,
				14A9405F09875F57001992EB /* Postflight.sh in Resources */,
				14A9406009875F57001992EB /* slimlogotype.tiff in Resources */,
			);
			runOnlyForDeploymentPostprocessing = 0;
		};
/* End PBXResourcesBuildPhase section */

/* Begin PBXRezBuildPhase section */
		14A9402009875F57001992EB /* Rez */ = {
			isa = PBXRezBuildPhase;
			buildActionMask = 2147483647;
			files = (
			);
			runOnlyForDeploymentPostprocessing = 0;
		};
		14A9403609875F57001992EB /* Rez */ = {
			isa = PBXRezBuildPhase;
			buildActionMask = 2147483647;
			files = (
			);
			runOnlyForDeploymentPostprocessing = 0;
		};
		14A9404A09875F57001992EB /* Rez */ = {
			isa = PBXRezBuildPhase;
			buildActionMask = 2147483647;
			files = (
			);
			runOnlyForDeploymentPostprocessing = 0;
		};
		14A9406709875F57001992EB /* Rez */ = {
			isa = PBXRezBuildPhase;
			buildActionMask = 2147483647;
			files = (
			);
			runOnlyForDeploymentPostprocessing = 0;
		};
		14A9407809875F57001992EB /* Rez */ = {
			isa = PBXRezBuildPhase;
			buildActionMask = 2147483647;
			files = (
			);
			runOnlyForDeploymentPostprocessing = 0;
		};
/* End PBXRezBuildPhase section */

/* Begin PBXShellScriptBuildPhase section */
		14A9402109875F57001992EB /* ShellScript */ = {
			isa = PBXShellScriptBuildPhase;
			buildActionMask = 2147483647;
			files = (
			);
			runOnlyForDeploymentPostprocessing = 0;
			shellPath = /usr/bin/perl;
			shellScript = "\n$distdir = 'build/SlimServer.prefPane/Contents/server';\n\nprint \"Removing old: $distdir\\n\";\nsystem \"rm -rf '$distdir'\";\n\nif (-d $distdir) {\n\tprint \"Copying: $distdir\\n\";\n\tsystem \"cp -Rf ../../../server '$distdir'\";\n\tsystem \"chmod a+x '$distdir/slimserver.pl'\";\n}\n\nif (-d \"build/Slim Launcher.app\") {\n\tprint \"Copying: Slim Launcher.app\\n\";\n\tsystem \"ditto 'build/Slim Launcher.app' '$distdir/Slim Launcher.app'\";\n}\n\nif (-e \"build/SlimLauncher\") {\n    system \"ditto 'build/SlimLauncher' '$distdir'\";\n}\n\n#die \"copy failed\" unless (-d $distdir);";
		};
/* End PBXShellScriptBuildPhase section */

/* Begin PBXSourcesBuildPhase section */
		14A9401A09875F57001992EB /* Sources */ = {
			isa = PBXSourcesBuildPhase;
			buildActionMask = 2147483647;
			files = (
				14A9401B09875F57001992EB /* Slim_ServerPref.m in Sources */,
			);
			runOnlyForDeploymentPostprocessing = 0;
		};
		14A9403009875F57001992EB /* Sources */ = {
			isa = PBXSourcesBuildPhase;
			buildActionMask = 2147483647;
			files = (
				14A9403109875F57001992EB /* SLIMServerLauncher.m in Sources */,
			);
			runOnlyForDeploymentPostprocessing = 0;
		};
		14A9404609875F57001992EB /* Sources */ = {
			isa = PBXSourcesBuildPhase;
			buildActionMask = 2147483647;
			files = (
				14A9404709875F57001992EB /* Test.m in Sources */,
			);
			runOnlyForDeploymentPostprocessing = 0;
		};
		14A9406109875F57001992EB /* Sources */ = {
			isa = PBXSourcesBuildPhase;
			buildActionMask = 2147483647;
			files = (
				14A9406209875F57001992EB /* main.m in Sources */,
				14A9406309875F57001992EB /* Slim Server Installer.m in Sources */,
			);
			runOnlyForDeploymentPostprocessing = 0;
		};
		14A9407309875F57001992EB /* Sources */ = {
			isa = PBXSourcesBuildPhase;
			buildActionMask = 2147483647;
			files = (
				14A9407409875F57001992EB /* SlimLauncherTool.m in Sources */,
				14A9407509875F57001992EB /* SLIMRendezvousPublisher.m in Sources */,
			);
			runOnlyForDeploymentPostprocessing = 0;
		};
/* End PBXSourcesBuildPhase section */

/* Begin PBXTargetDependency section */
		14A9408009875F57001992EB /* PBXTargetDependency */ = {
			isa = PBXTargetDependency;
			target = 14A9405209875F57001992EB /* SlimServer Installer */;
			targetProxy = 14A9407F09875F57001992EB /* PBXContainerItemProxy */;
		};
		14A9408209875F57001992EB /* PBXTargetDependency */ = {
			isa = PBXTargetDependency;
			target = 14A9402809875F57001992EB /* Slim Launcher */;
			targetProxy = 14A9408109875F57001992EB /* PBXContainerItemProxy */;
		};
		14A9408409875F57001992EB /* PBXTargetDependency */ = {
			isa = PBXTargetDependency;
			target = 14A9400309875F57001992EB /* SlimServer */;
			targetProxy = 14A9408309875F57001992EB /* PBXContainerItemProxy */;
		};
/* End PBXTargetDependency section */

/* Begin PBXVariantGroup section */
		089C167DFE841241C02AAC07 /* InfoPlist.strings */ = {
			isa = PBXVariantGroup;
			children = (
				089C167EFE841241C02AAC07 /* English */,
				05286B0705D4480F00E88B81 /* French */,
				0591BF0105FCCF9200F5DCAE /* Dutch */,
				0545F86706377BEA00BA96E1 /* German */,
			);
			name = InfoPlist.strings;
			sourceTree = "<group>";
		};
		E7C5E14103C6163000A80172 /* InfoPlist.strings */ = {
			isa = PBXVariantGroup;
			children = (
				E7C5E14203C6163000A80172 /* English */,
				05286B2005D4485900E88B81 /* French */,
				0591BECD05FCCEBA00F5DCAE /* Dutch */,
				0545F89406377C2A00BA96E1 /* German */,
			);
			name = InfoPlist.strings;
			sourceTree = "<group>";
		};
		E7C5E14303C6163000A80172 /* MainMenu.nib */ = {
			isa = PBXVariantGroup;
			children = (
				E7C5E14403C6163000A80172 /* English */,
				05286B2405D4486A00E88B81 /* French */,
				0591BEEE05FCCF4300F5DCAE /* Dutch */,
				052088B506377B540020810E /* German */,
			);
			name = MainMenu.nib;
			sourceTree = "<group>";
		};
		E7D4F10C054D98D0009AFDA0 /* Localizable.strings */ = {
			isa = PBXVariantGroup;
			children = (
				E7D4F10D054D98D0009AFDA0 /* English */,
				C6A9CF550601257A00C3E0BF /* French */,
				0591BED005FCCED400F5DCAE /* Dutch */,
				0545F89C06377C3A00BA96E1 /* German */,
			);
			name = Localizable.strings;
			sourceTree = "<group>";
		};
		F506C042013D9D8C01CA16C8 /* Slim_ServerPref.nib */ = {
			isa = PBXVariantGroup;
			children = (
				F506C043013D9D8C01CA16C8 /* English */,
				05286B0C05D4482600E88B81 /* French */,
				0591BEFE05FCCF8900F5DCAE /* Dutch */,
				0545F86006377BD800BA96E1 /* German */,
			);
			name = Slim_ServerPref.nib;
			sourceTree = "<group>";
		};
		F52F8834035DD30401A80172 /* MainMenu.nib */ = {
			isa = PBXVariantGroup;
			children = (
				F52F8835035DD30401A80172 /* English */,
			);
			name = MainMenu.nib;
			sourceTree = "<group>";
		};
		F56E7160035DB29001A80172 /* Localizable.strings */ = {
			isa = PBXVariantGroup;
			children = (
				F56E7161035DB29001A80172 /* English */,
				05286B1505D4483900E88B81 /* French */,
				0591BEFB05FCCF7E00F5DCAE /* Dutch */,
				0545F87306377BFA00BA96E1 /* German */,
			);
			name = Localizable.strings;
			sourceTree = "<group>";
		};
		F58B087E035DF9CE01A80172 /* Test.nib */ = {
			isa = PBXVariantGroup;
			children = (
				F58B087F035DF9CE01A80172 /* English */,
			);
			name = Test.nib;
			sourceTree = "<group>";
		};
/* End PBXVariantGroup section */

/* Begin XCBuildConfiguration section */
		1416136C0982CC9600E949A0 /* Development */ = {
			isa = XCBuildConfiguration;
			buildSettings = {
				ARCHS = (
					ppc,
					i386,
				);
				SDKROOT = /Developer/SDKs/MacOSX10.4u.sdk;
			};
			name = Development;
		};
		1416136D0982CC9600E949A0 /* Deployment */ = {
			isa = XCBuildConfiguration;
			buildSettings = {
				ARCHS = (
					ppc,
					i386,
				);
				SDKROOT = /Developer/SDKs/MacOSX10.4u.sdk;
			};
			name = Deployment;
		};
		1416136E0982CC9600E949A0 /* Default */ = {
			isa = XCBuildConfiguration;
			buildSettings = {
				ARCHS = (
					ppc,
					i386,
				);
				SDKROOT = /Developer/SDKs/MacOSX10.4u.sdk;
			};
			name = Default;
		};
		14A9402309875F57001992EB /* Development */ = {
			isa = XCBuildConfiguration;
			buildSettings = {
				COPY_PHASE_STRIP = NO;
				FRAMEWORK_SEARCH_PATHS = "";
				GCC_DYNAMIC_NO_PIC = NO;
				GCC_ENABLE_FIX_AND_CONTINUE = YES;
				GCC_GENERATE_DEBUGGING_SYMBOLS = YES;
				GCC_OPTIMIZATION_LEVEL = 0;
				GCC_TREAT_WARNINGS_AS_ERRORS = YES;
				GENERATE_PKGINFO_FILE = YES;
				HEADER_SEARCH_PATHS = "";
				INSTALL_PATH = "$(HOME)/Library/PreferencePanes";
				LIBRARY_SEARCH_PATHS = "";
				OTHER_CFLAGS = "";
				OTHER_LDFLAGS = (
					"-bundle",
					"-twolevel_namespace",
				);
				OTHER_REZFLAGS = "";
				PRODUCT_NAME = SlimServer;
				SECTORDER_FLAGS = "";
				WARNING_CFLAGS = (
					"-Wmost",
					"-Wno-four-char-constants",
					"-Wno-unknown-pragmas",
				);
				WRAPPER_EXTENSION = prefPane;
				ZERO_LINK = YES;
			};
			name = Development;
		};
		14A9402409875F57001992EB /* Deployment */ = {
			isa = XCBuildConfiguration;
			buildSettings = {
				COPY_PHASE_STRIP = YES;
				FRAMEWORK_SEARCH_PATHS = "";
				GCC_ENABLE_FIX_AND_CONTINUE = NO;
				GCC_TREAT_WARNINGS_AS_ERRORS = YES;
				GENERATE_PKGINFO_FILE = YES;
				HEADER_SEARCH_PATHS = "";
				INSTALL_PATH = "$(HOME)/Library/PreferencePanes";
				LIBRARY_SEARCH_PATHS = "";
				OTHER_CFLAGS = "";
				OTHER_LDFLAGS = (
					"-bundle",
					"-twolevel_namespace",
				);
				OTHER_REZFLAGS = "";
				PRODUCT_NAME = SlimServer;
				SECTORDER_FLAGS = "";
				WARNING_CFLAGS = (
					"-Wmost",
					"-Wno-four-char-constants",
					"-Wno-unknown-pragmas",
				);
				WRAPPER_EXTENSION = prefPane;
				ZERO_LINK = NO;
			};
			name = Deployment;
		};
		14A9402509875F57001992EB /* Default */ = {
			isa = XCBuildConfiguration;
			buildSettings = {
				FRAMEWORK_SEARCH_PATHS = "";
				GCC_TREAT_WARNINGS_AS_ERRORS = YES;
				GENERATE_PKGINFO_FILE = YES;
				HEADER_SEARCH_PATHS = "";
				INSTALL_PATH = "$(HOME)/Library/PreferencePanes";
				LIBRARY_SEARCH_PATHS = "";
				OTHER_CFLAGS = "";
				OTHER_LDFLAGS = (
					"-bundle",
					"-twolevel_namespace",
				);
				OTHER_REZFLAGS = "";
				PRODUCT_NAME = SlimServer;
				SECTORDER_FLAGS = "";
				WARNING_CFLAGS = (
					"-Wmost",
					"-Wno-four-char-constants",
					"-Wno-unknown-pragmas",
				);
				WRAPPER_EXTENSION = prefPane;
			};
			name = Default;
		};
		14A9403809875F57001992EB /* Development */ = {
			isa = XCBuildConfiguration;
			buildSettings = {
				COPY_PHASE_STRIP = NO;
				GCC_DYNAMIC_NO_PIC = NO;
				GCC_ENABLE_FIX_AND_CONTINUE = YES;
				GCC_GENERATE_DEBUGGING_SYMBOLS = YES;
				GCC_OPTIMIZATION_LEVEL = 0;
				GCC_USE_GCC3_PFE_SUPPORT = YES;
				OTHER_CFLAGS = "";
				OTHER_LDFLAGS = "";
				OTHER_REZFLAGS = "";
				PRODUCT_NAME = "Slim Launcher";
				SECTORDER_FLAGS = "";
				WARNING_CFLAGS = (
					"-Wmost",
					"-Wno-four-char-constants",
					"-Wno-unknown-pragmas",
				);
				WRAPPER_EXTENSION = app;
				ZERO_LINK = YES;
			};
			name = Development;
		};
		14A9403909875F57001992EB /* Deployment */ = {
			isa = XCBuildConfiguration;
			buildSettings = {
				COPY_PHASE_STRIP = YES;
				GCC_ENABLE_FIX_AND_CONTINUE = NO;
				GCC_USE_GCC3_PFE_SUPPORT = YES;
				OTHER_CFLAGS = "";
				OTHER_LDFLAGS = "";
				OTHER_REZFLAGS = "";
				PRODUCT_NAME = "Slim Launcher";
				SECTORDER_FLAGS = "";
				WARNING_CFLAGS = (
					"-Wmost",
					"-Wno-four-char-constants",
					"-Wno-unknown-pragmas",
				);
				WRAPPER_EXTENSION = app;
				ZERO_LINK = NO;
			};
			name = Deployment;
		};
		14A9403A09875F57001992EB /* Default */ = {
			isa = XCBuildConfiguration;
			buildSettings = {
				GCC_USE_GCC3_PFE_SUPPORT = YES;
				OTHER_CFLAGS = "";
				OTHER_LDFLAGS = "";
				OTHER_REZFLAGS = "";
				PRODUCT_NAME = "Slim Launcher";
				SECTORDER_FLAGS = "";
				WARNING_CFLAGS = (
					"-Wmost",
					"-Wno-four-char-constants",
					"-Wno-unknown-pragmas",
				);
				WRAPPER_EXTENSION = app;
			};
			name = Default;
		};
		14A9404C09875F57001992EB /* Development */ = {
			isa = XCBuildConfiguration;
			buildSettings = {
				COPY_PHASE_STRIP = NO;
				GCC_DYNAMIC_NO_PIC = NO;
				GCC_ENABLE_FIX_AND_CONTINUE = YES;
				GCC_GENERATE_DEBUGGING_SYMBOLS = YES;
				GCC_OPTIMIZATION_LEVEL = 0;
				GCC_USE_GCC3_PFE_SUPPORT = YES;
				OTHER_CFLAGS = "";
				OTHER_LDFLAGS = "";
				OTHER_REZFLAGS = "";
				PRODUCT_NAME = "Slim Preference Tester";
				SECTORDER_FLAGS = "";
				WARNING_CFLAGS = (
					"-Wmost",
					"-Wno-four-char-constants",
					"-Wno-unknown-pragmas",
				);
				WRAPPER_EXTENSION = app;
				ZERO_LINK = YES;
			};
			name = Development;
		};
		14A9404D09875F57001992EB /* Deployment */ = {
			isa = XCBuildConfiguration;
			buildSettings = {
				COPY_PHASE_STRIP = YES;
				GCC_ENABLE_FIX_AND_CONTINUE = NO;
				GCC_USE_GCC3_PFE_SUPPORT = YES;
				OTHER_CFLAGS = "";
				OTHER_LDFLAGS = "";
				OTHER_REZFLAGS = "";
				PRODUCT_NAME = "Slim Preference Tester";
				SECTORDER_FLAGS = "";
				WARNING_CFLAGS = (
					"-Wmost",
					"-Wno-four-char-constants",
					"-Wno-unknown-pragmas",
				);
				WRAPPER_EXTENSION = app;
				ZERO_LINK = NO;
			};
			name = Deployment;
		};
		14A9404E09875F57001992EB /* Default */ = {
			isa = XCBuildConfiguration;
			buildSettings = {
				GCC_USE_GCC3_PFE_SUPPORT = YES;
				OTHER_CFLAGS = "";
				OTHER_LDFLAGS = "";
				OTHER_REZFLAGS = "";
				PRODUCT_NAME = "Slim Preference Tester";
				SECTORDER_FLAGS = "";
				WARNING_CFLAGS = (
					"-Wmost",
					"-Wno-four-char-constants",
					"-Wno-unknown-pragmas",
				);
				WRAPPER_EXTENSION = app;
			};
			name = Default;
		};
		14A9406909875F57001992EB /* Development */ = {
			isa = XCBuildConfiguration;
			buildSettings = {
				COPY_PHASE_STRIP = NO;
				GCC_DYNAMIC_NO_PIC = NO;
				GCC_ENABLE_FIX_AND_CONTINUE = YES;
				GCC_GENERATE_DEBUGGING_SYMBOLS = YES;
				GCC_OPTIMIZATION_LEVEL = 0;
				GCC_TREAT_WARNINGS_AS_ERRORS = YES;
				OTHER_CFLAGS = "";
				OTHER_LDFLAGS = "";
				OTHER_REZFLAGS = "";
				PRODUCT_NAME = "SlimServer Installer";
				SECTORDER_FLAGS = "";
				WARNING_CFLAGS = (
					"-Wmost",
					"-Wno-four-char-constants",
					"-Wno-unknown-pragmas",
				);
				WRAPPER_EXTENSION = app;
				ZERO_LINK = YES;
			};
			name = Development;
		};
		14A9406A09875F57001992EB /* Deployment */ = {
			isa = XCBuildConfiguration;
			buildSettings = {
				COPY_PHASE_STRIP = YES;
				GCC_ENABLE_FIX_AND_CONTINUE = NO;
				GCC_TREAT_WARNINGS_AS_ERRORS = YES;
				OTHER_CFLAGS = "";
				OTHER_LDFLAGS = "";
				OTHER_REZFLAGS = "";
				PRODUCT_NAME = "SlimServer Installer";
				SECTORDER_FLAGS = "";
				WARNING_CFLAGS = (
					"-Wmost",
					"-Wno-four-char-constants",
					"-Wno-unknown-pragmas",
				);
				WRAPPER_EXTENSION = app;
				ZERO_LINK = NO;
			};
			name = Deployment;
		};
		14A9406B09875F57001992EB /* Default */ = {
			isa = XCBuildConfiguration;
			buildSettings = {
				GCC_TREAT_WARNINGS_AS_ERRORS = YES;
				OTHER_CFLAGS = "";
				OTHER_LDFLAGS = "";
				OTHER_REZFLAGS = "";
				PRODUCT_NAME = "SlimServer Installer";
				SECTORDER_FLAGS = "";
				WARNING_CFLAGS = (
					"-Wmost",
					"-Wno-four-char-constants",
					"-Wno-unknown-pragmas",
				);
				WRAPPER_EXTENSION = app;
			};
			name = Default;
		};
		14A9407A09875F57001992EB /* Development */ = {
			isa = XCBuildConfiguration;
			buildSettings = {
				COPY_PHASE_STRIP = NO;
				GCC_DYNAMIC_NO_PIC = NO;
				GCC_ENABLE_FIX_AND_CONTINUE = YES;
				GCC_GENERATE_DEBUGGING_SYMBOLS = YES;
				GCC_OPTIMIZATION_LEVEL = 0;
				GCC_PRECOMPILE_PREFIX_HEADER = YES;
				GCC_PREFIX_HEADER = SlimLauncher_Prefix.h;
				GCC_TREAT_WARNINGS_AS_ERRORS = YES;
				OTHER_CFLAGS = "";
				OTHER_LDFLAGS = "";
				OTHER_REZFLAGS = "";
				PRODUCT_NAME = SlimLauncher;
				REZ_EXECUTABLE = YES;
				SECTORDER_FLAGS = "";
				WARNING_CFLAGS = (
					"-Wmost",
					"-Wno-four-char-constants",
					"-Wno-unknown-pragmas",
				);
				ZERO_LINK = YES;
			};
			name = Development;
		};
		14A9407B09875F57001992EB /* Deployment */ = {
			isa = XCBuildConfiguration;
			buildSettings = {
				COPY_PHASE_STRIP = YES;
				GCC_ENABLE_FIX_AND_CONTINUE = NO;
				GCC_PRECOMPILE_PREFIX_HEADER = YES;
				GCC_PREFIX_HEADER = SlimLauncher_Prefix.h;
				GCC_TREAT_WARNINGS_AS_ERRORS = YES;
				OTHER_CFLAGS = "";
				OTHER_LDFLAGS = "";
				OTHER_REZFLAGS = "";
				PRODUCT_NAME = SlimLauncher;
				REZ_EXECUTABLE = YES;
				SECTORDER_FLAGS = "";
				WARNING_CFLAGS = (
					"-Wmost",
					"-Wno-four-char-constants",
					"-Wno-unknown-pragmas",
				);
				ZERO_LINK = NO;
			};
			name = Deployment;
		};
		14A9407C09875F57001992EB /* Default */ = {
			isa = XCBuildConfiguration;
			buildSettings = {
				GCC_PRECOMPILE_PREFIX_HEADER = YES;
				GCC_PREFIX_HEADER = SlimLauncher_Prefix.h;
				GCC_TREAT_WARNINGS_AS_ERRORS = YES;
				OTHER_CFLAGS = "";
				OTHER_LDFLAGS = "";
				OTHER_REZFLAGS = "";
				PRODUCT_NAME = SlimLauncher;
				REZ_EXECUTABLE = YES;
				SECTORDER_FLAGS = "";
				WARNING_CFLAGS = (
					"-Wmost",
					"-Wno-four-char-constants",
					"-Wno-unknown-pragmas",
				);
			};
			name = Default;
		};
/* End XCBuildConfiguration section */

/* Begin XCConfigurationList section */
		1416136B0982CC9600E949A0 /* Build configuration list for PBXProject "Slim Server" */ = {
			isa = XCConfigurationList;
			buildConfigurations = (
				1416136C0982CC9600E949A0 /* Development */,
				1416136D0982CC9600E949A0 /* Deployment */,
				1416136E0982CC9600E949A0 /* Default */,
			);
			defaultConfigurationIsVisible = 0;
			defaultConfigurationName = Default;
		};
		14A9402209875F57001992EB /* Build configuration list for PBXNativeTarget "SlimServer" */ = {
			isa = XCConfigurationList;
			buildConfigurations = (
				14A9402309875F57001992EB /* Development */,
				14A9402409875F57001992EB /* Deployment */,
				14A9402509875F57001992EB /* Default */,
			);
			defaultConfigurationIsVisible = 0;
			defaultConfigurationName = Default;
		};
		14A9403709875F57001992EB /* Build configuration list for PBXNativeTarget "Slim Launcher" */ = {
			isa = XCConfigurationList;
			buildConfigurations = (
				14A9403809875F57001992EB /* Development */,
				14A9403909875F57001992EB /* Deployment */,
				14A9403A09875F57001992EB /* Default */,
			);
			defaultConfigurationIsVisible = 0;
			defaultConfigurationName = Default;
		};
		14A9404B09875F57001992EB /* Build configuration list for PBXNativeTarget "Slim Pref Tester" */ = {
			isa = XCConfigurationList;
			buildConfigurations = (
				14A9404C09875F57001992EB /* Development */,
				14A9404D09875F57001992EB /* Deployment */,
				14A9404E09875F57001992EB /* Default */,
			);
			defaultConfigurationIsVisible = 0;
			defaultConfigurationName = Default;
		};
		14A9406809875F57001992EB /* Build configuration list for PBXNativeTarget "SlimServer Installer" */ = {
			isa = XCConfigurationList;
			buildConfigurations = (
				14A9406909875F57001992EB /* Development */,
				14A9406A09875F57001992EB /* Deployment */,
				14A9406B09875F57001992EB /* Default */,
			);
			defaultConfigurationIsVisible = 0;
			defaultConfigurationName = Default;
		};
		14A9407909875F57001992EB /* Build configuration list for PBXNativeTarget "SlimLauncher" */ = {
			isa = XCConfigurationList;
			buildConfigurations = (
				14A9407A09875F57001992EB /* Development */,
				14A9407B09875F57001992EB /* Deployment */,
				14A9407C09875F57001992EB /* Default */,
			);
			defaultConfigurationIsVisible = 0;
			defaultConfigurationName = Default;
		};
/* End XCConfigurationList section */
	};
	rootObject = 089C1669FE841209C02AAC07 /* Project object */;
}
